hash: 1f3ecd1c1b0c9ad1a6a6f80fb1169531f14f5c514fdddc05a35438a22ebea37b
updated: 2017-01-31T16:13:01.261522963-08:00
imports:
- name: github.com/coreos-inc/tectonic-licensing
  version: 7a015ea2b0220b5c844d69401181769bef6d18df
  repo: git@github.com:coreos-inc/tectonic-licensing.git
  vcs: git
  subpackages:
  - license
- name: github.com/golang/lint
  version: c7bacac2b21ca01afa1dee0acf64df3ce047c28f
  subpackages:
  - golint
- name: github.com/Sirupsen/logrus
  version: 081307d9bc1364753142d5962fc1d795c742baaf
- name: golang.org/x/sys
  version: d4feaf1a7e61e1d9e79e6c4e76c6349e9cab0a03
  subpackages:
  - unix
- name: gopkg.in/square/go-jose.v2
  version: 296c7f1463ec9b712176dc804dea0173d06dc728
  subpackages:
  - cipher
  - json
testImports: []
