# This file is autogenerated, do not edit; changes may be undone by the next 'dep ensure'.


[[projects]]
  digest = "1:80004fcc5cf64e591486b3e11b406f1e0d17bf85d475d64203c8494f5da4fcd1"
  name = "cloud.google.com/go"
  packages = ["compute/metadata"]
  pruneopts = "NUT"
  revision = "cf81fad90a1a1de334c4fc27e23eb9a4224b627a"
  version = "v0.41.0"

[[projects]]
  digest = "1:3fb854fc35fafced21615a93db3c0e324c8cb1d5a89f39dd1e72db0c4200345a"
  name = "contrib.go.opencensus.io/exporter/ocagent"
  packages = ["."]
  pruneopts = "NUT"
  revision = "bc69a60230000ba2fe80ce3aba578b8cc6ec7587"
  version = "v0.4.11"

[[projects]]
  digest = "1:0e1b77a659461596e0b6ab8187c0672082452135e7d842cab03c89fe35a5b3d9"
  name = "github.com/Azure/azure-sdk-for-go"
  packages = [
    "profiles/latest/dns/mgmt/dns",
    "profiles/latest/resources/mgmt/subscriptions",
    "services/compute/mgmt/2018-10-01/compute",
    "services/dns/mgmt/2017-10-01/dns",
    "services/graphrbac/1.6/graphrbac",
    "services/preview/dns/mgmt/2018-03-01-preview/dns",
    "services/privatedns/mgmt/2018-09-01/privatedns",
    "services/resources/mgmt/2018-05-01/resources",
    "services/resources/mgmt/2018-06-01/subscriptions",
    "version",
  ]
  pruneopts = "NUT"
  revision = "77258e94d84ea36012a72c0e0a1e2faa409c6396"
  version = "v29.0.0"

[[projects]]
  digest = "1:5bdc6288ed7890d169ec6a68e032bbf977449e25159ec57ed92f7533eb260284"
  name = "github.com/Azure/go-autorest"
  packages = [
    "autorest",
    "autorest/adal",
    "autorest/azure",
    "autorest/azure/auth",
    "autorest/azure/cli",
    "autorest/date",
    "autorest/to",
    "autorest/validation",
    "logger",
    "tracing",
  ]
  pruneopts = "NUT"
  revision = "f29a2eccaa178b367df0405778cd85e0af7b4225"
  version = "v12.1.0"

[[projects]]
  digest = "1:5d72bbcc9c8667b11c3dc3cbe681c5a6f71e5096744c0bf7726ab5c6425d5dc4"
  name = "github.com/BurntSushi/toml"
  packages = ["."]
  pruneopts = "NUT"
  revision = "3012a1dbe2e4bd1391d42b32f0577cb7bbc7f005"
  version = "v0.3.1"

[[projects]]
  branch = "go15"
  digest = "1:8dab0033e231d02909f00a501a1f1ac01e63fd267dcb374a5de71b99ba1ee74f"
  name = "github.com/ajeddeloh/go-json"
  packages = ["."]
  pruneopts = "NUT"
  revision = "6a2fe990e08303c82d966297ddb29a58678a4783"

[[projects]]
  digest = "1:1929b21a34400d463a99336f8e2908d2a154dc525c52411a8d99bb519942dc4c"
  name = "github.com/apparentlymart/go-cidr"
  packages = ["cidr"]
  pruneopts = "NUT"
  revision = "b1115bf8e14a60131a196f908223e4506b0ddc35"
  version = "v1.0.0"

[[projects]]
  digest = "1:19c2dd79ebd83f79c358ed8890f7ff9f10060268f9051f39f5ea65c74045b59f"
  name = "github.com/awalterschulze/gographviz"
  packages = [
    ".",
    "ast",
    "internal/errors",
    "internal/lexer",
    "internal/parser",
    "internal/token",
  ]
  pruneopts = "NUT"
  revision = "c84395e536e1a1199093a4e6253d1bee99e4cd2a"
  version = "v2.0"

[[projects]]
  digest = "1:ef55f87a8efa6ed704f2477bd6ca696780ff56340d84cd4fc473b04134a03f1e"
  name = "github.com/aws/aws-sdk-go"
  packages = [
    "aws",
    "aws/arn",
    "aws/awserr",
    "aws/awsutil",
    "aws/client",
    "aws/client/metadata",
    "aws/corehandlers",
    "aws/credentials",
    "aws/credentials/ec2rolecreds",
    "aws/credentials/endpointcreds",
    "aws/credentials/processcreds",
    "aws/credentials/stscreds",
    "aws/csm",
    "aws/defaults",
    "aws/ec2metadata",
    "aws/endpoints",
    "aws/request",
    "aws/session",
    "aws/signer/v4",
    "internal/ini",
    "internal/s3err",
    "internal/sdkio",
    "internal/sdkrand",
    "internal/sdkuri",
    "internal/shareddefaults",
    "private/protocol",
    "private/protocol/ec2query",
    "private/protocol/eventstream",
    "private/protocol/eventstream/eventstreamapi",
    "private/protocol/json/jsonutil",
    "private/protocol/jsonrpc",
    "private/protocol/query",
    "private/protocol/query/queryutil",
    "private/protocol/rest",
    "private/protocol/restxml",
    "private/protocol/xml/xmlutil",
    "service/ec2",
    "service/elb",
    "service/elbv2",
    "service/iam",
    "service/iam/iamiface",
    "service/pricing",
    "service/resourcegroupstaggingapi",
    "service/route53",
    "service/s3",
    "service/s3/s3iface",
    "service/s3/s3manager",
    "service/sts",
  ]
  pruneopts = "NUT"
  revision = "fb5f514796fc4fdc6afdcf5a675a5b2baa714b9f"
  version = "v1.16.14"

[[projects]]
  digest = "1:fdb4ed936abeecb46a8c27dcac83f75c05c87a46d9ec7711411eb785c213fa02"
  name = "github.com/census-instrumentation/opencensus-proto"
  packages = [
    "gen-go/agent/common/v1",
    "gen-go/agent/metrics/v1",
    "gen-go/agent/trace/v1",
    "gen-go/metrics/v1",
    "gen-go/resource/v1",
    "gen-go/trace/v1",
  ]
  pruneopts = "NUT"
  revision = "a105b96453fe85139acc07b68de48f2cbdd71249"
  version = "v0.2.0"

[[projects]]
  digest = "1:613f0e16a97fc2dccc0d3c31b615eb3c8ecc57295b34949d47917ee1dde1476c"
  name = "github.com/containers/image"
  packages = [
    "docker/reference",
    "pkg/sysregistriesv2",
    "types",
  ]
  pruneopts = "NUT"
  revision = "abf32c4ea589cb8e96bdca5a478dba68f11980e5"
  version = "v2.0.0"

[[projects]]
  digest = "1:0ef770954bca104ee99b3b6b7f9b240605ac03517d9f98cbc1893daa03f3c038"
  name = "github.com/coreos/go-semver"
  packages = ["semver"]
  pruneopts = "NUT"
  revision = "8ab6407b697782a06568d4b7f1db25550ec2e4c6"
  version = "v0.2.0"

[[projects]]
  digest = "1:027c348e13b5f924c925aebf0d2932545644c78da3f43cc82327220286084539"
  name = "github.com/coreos/go-systemd"
  packages = ["unit"]
  pruneopts = "NUT"
  revision = "9002847aa1425fb6ac49077c0a630b3b67e0fbfd"
  version = "v18"

[[projects]]
  digest = "1:fb5b2aed0d774e210c1f2c0893e620cb3fa98957d3b925d0378f93b9613eb605"
  name = "github.com/coreos/ignition"
  packages = [
    "config/shared/errors",
    "config/shared/validations",
    "config/util",
    "config/v1",
    "config/v1/types",
    "config/v2_0",
    "config/v2_0/types",
    "config/v2_1",
    "config/v2_1/types",
    "config/v2_2",
    "config/v2_2/types",
    "config/v2_3_experimental/types",
    "config/validate",
    "config/validate/astjson",
    "config/validate/astnode",
    "config/validate/report",
  ]
  pruneopts = "NUT"
  revision = "76107251acd117c6d3e5b4dae2b47f82f944984b"
  version = "v0.26.0"

[[projects]]
  digest = "1:ffe9824d294da03b391f44e1ae8281281b4afc1bdaa9588c9097785e3af10cec"
  name = "github.com/davecgh/go-spew"
  packages = ["spew"]
  pruneopts = "NUT"
  revision = "8991bc29aa16c548c550c7ff78260e27b9ab7c73"
  version = "v1.1.1"

[[projects]]
  digest = "1:7a6852b35eb5bbc184561443762d225116ae630c26a7c4d90546619f1e7d2ad2"
  name = "github.com/dgrijalva/jwt-go"
  packages = ["."]
  pruneopts = "NUT"
  revision = "06ea1031745cb8b3dab3f6a236daf2b0aa468b7e"
  version = "v3.2.0"

[[projects]]
  digest = "1:f9adc21a937e5da643ea14a3488cb7506788876737a5e205394e508627a6eec8"
  name = "github.com/dimchansky/utfbom"
  packages = ["."]
  pruneopts = "NUT"
  revision = "d2133a1ce379ef6fa992b0514a77146c60db9d1c"
  version = "v1.1.0"

[[projects]]
  digest = "1:81466b4218bf6adddac2572a30ac733a9255919bc2f470b4827a317bd4ee1756"
  name = "github.com/ghodss/yaml"
  packages = ["."]
  pruneopts = "NUT"
  revision = "0ca9ea5df5451ffdf184b4428c902747c2c11cd7"
  version = "v1.0.0"

[[projects]]
  digest = "1:8679b8a64f3613e9749c5640c3535c83399b8e69f67ce54d91dc73f6d77373af"
  name = "github.com/gogo/protobuf"
  packages = [
    "proto",
    "sortkeys",
  ]
  pruneopts = "NUT"
  revision = "636bf0302bc95575d69441b25a2603156ffdddf1"
  version = "v1.1.1"

[[projects]]
  branch = "master"
  digest = "1:e2b86e41f3d669fc36b50d31d32d22c8ac656c75aa5ea89717ce7177e134ff2a"
  name = "github.com/golang/glog"
  packages = ["."]
  pruneopts = "NUT"
  revision = "23def4e6c14b4da8ac2ed8007337bc5eb5007998"

[[projects]]
  digest = "1:b60efdeb75d3c0ceed88783ac2495256aba3491a537d0f31401202579fd62a94"
  name = "github.com/golang/mock"
  packages = ["gomock"]
  pruneopts = "NUT"
  revision = "51421b967af1f557f93a59e0057aaf15ca02e29c"
  version = "v1.2.0"

[[projects]]
  digest = "1:27d8aff388ac8ea2d4057097ef4aad2f98a6a8796477213096160b72b6c87cf2"
  name = "github.com/golang/protobuf"
  packages = [
    "jsonpb",
    "proto",
    "protoc-gen-go/descriptor",
    "protoc-gen-go/generator",
    "protoc-gen-go/generator/internal/remap",
    "protoc-gen-go/plugin",
    "ptypes",
    "ptypes/any",
    "ptypes/duration",
    "ptypes/struct",
    "ptypes/timestamp",
    "ptypes/wrappers",
  ]
  pruneopts = "NUT"
  revision = "b5d812f8a3706043e23a9cd5babf2e5423744d30"
  version = "v1.3.1"

[[projects]]
  branch = "master"
  digest = "1:05f95ffdfcf651bdb0f05b40b69e7f5663047f8da75c72d58728acb59b5cc107"
  name = "github.com/google/btree"
  packages = ["."]
  pruneopts = "NUT"
  revision = "4030bb1f1f0c35b30ca7009e9ebd06849dd45306"

[[projects]]
  branch = "master"
  digest = "1:52c5834e2bebac9030c97cc0798ac11c3aa8a39f098aeb419f142533da6cd3cc"
  name = "github.com/google/gofuzz"
  packages = ["."]
  pruneopts = "NUT"
  revision = "24818f796faf91cd76ec7bddd72458fbced7a6c1"

[[projects]]
  digest = "1:a1578f7323eca2b88021fdc9a79a99833d40b12c32a5ea4f284e2fad19ea2657"
  name = "github.com/google/uuid"
  packages = ["."]
  pruneopts = "NUT"
  revision = "d460ce9f8df2e77fb1ba55ca87fafed96c607494"
  version = "v1.0.0"

[[projects]]
  digest = "1:06a7dadb7b760767341ffb6c8d377238d68a1226f2b21b5d497d2e3f6ecf6b4e"
  name = "github.com/googleapis/gnostic"
  packages = [
    "OpenAPIv2",
    "compiler",
    "extensions",
  ]
  pruneopts = "NUT"
  revision = "7c663266750e7d82587642f65e60bc4083f1f84e"
  version = "v0.2.0"

[[projects]]
  branch = "master"
  digest = "1:721fd76934b8bef9c9cb85ac5e4a1b8505347ce384f292eadaecfa1b33cb32e6"
  name = "github.com/gophercloud/gophercloud"
  packages = [
    ".",
    "openstack",
    "openstack/blockstorage/v3/volumes",
    "openstack/common/extensions",
    "openstack/compute/v2/flavors",
    "openstack/compute/v2/images",
    "openstack/compute/v2/servers",
    "openstack/identity/v2/tenants",
    "openstack/identity/v2/tokens",
    "openstack/identity/v3/tokens",
    "openstack/loadbalancer/v2/apiversions",
    "openstack/loadbalancer/v2/l7policies",
    "openstack/loadbalancer/v2/listeners",
    "openstack/loadbalancer/v2/loadbalancers",
    "openstack/loadbalancer/v2/monitors",
    "openstack/loadbalancer/v2/pools",
    "openstack/networking/v2/extensions",
    "openstack/networking/v2/extensions/layer3/floatingips",
    "openstack/networking/v2/extensions/layer3/routers",
    "openstack/networking/v2/extensions/security/groups",
    "openstack/networking/v2/extensions/security/rules",
    "openstack/networking/v2/extensions/subnetpools",
    "openstack/networking/v2/extensions/trunks",
    "openstack/networking/v2/networks",
    "openstack/networking/v2/ports",
    "openstack/networking/v2/subnets",
    "openstack/objectstorage/v1/accounts",
    "openstack/objectstorage/v1/containers",
    "openstack/objectstorage/v1/objects",
    "openstack/utils",
    "pagination",
  ]
  pruneopts = "NUT"
  revision = "157432124aab520975efedb5e54b95287785578d"

[[projects]]
  branch = "master"
  digest = "1:4a14c92687d36a3875744de509bae52334a00ba487eb285b8a57645ec46acc7e"
  name = "github.com/gophercloud/utils"
  packages = ["openstack/clientconfig"]
  pruneopts = "NUT"
  revision = "25f1b77b8c0367b43939dbb20f5dd12e3c9b0053"

[[projects]]
  branch = "master"
  digest = "1:7fdf3223c7372d1ced0b98bf53457c5e89d89aecbad9a77ba9fcc6e01f9e5621"
  name = "github.com/gregjones/httpcache"
  packages = [
    ".",
    "diskcache",
  ]
  pruneopts = "NUT"
  revision = "9cad4c3443a7200dd6400aef47183728de563a38"

[[projects]]
  digest = "1:c9898be5ce1ec9e8c04a85d9b83c18835c9571e36e39b989c9d3c110ad7d1817"
  name = "github.com/grpc-ecosystem/grpc-gateway"
  packages = [
    "internal",
    "runtime",
    "utilities",
  ]
  pruneopts = "NUT"
  revision = "20f268a412e5b342ebfb1a0eef7c3b7bd6c260ea"
  version = "v1.8.5"

[[projects]]
  digest = "1:b42cde0e1f3c816dd57f57f7bbcf05ca40263ad96f168714c130c611fc0856a6"
  name = "github.com/hashicorp/golang-lru"
  packages = [
    ".",
    "simplelru",
  ]
  pruneopts = "NUT"
  revision = "20f1fb78b0740ba8c3cb143a61e86ba5c8669768"
  version = "v0.5.0"

[[projects]]
  digest = "1:9a52adf44086cead3b384e5d0dbf7a1c1cce65e67552ee3383a8561c42a18cd3"
  name = "github.com/imdario/mergo"
  packages = ["."]
  pruneopts = "NUT"
  revision = "9f23e2d6bd2a77f959b2bf6acdbefd708a83a4a4"
  version = "v0.3.6"

[[projects]]
  digest = "1:406338ad39ab2e37b7f4452906442a3dbf0eb3379dd1f06aafb5c07e769a5fbb"
  name = "github.com/inconshreveable/mousetrap"
  packages = ["."]
  pruneopts = "NUT"
  revision = "76626ae9c91c4f2a10f34cad8ce83ea42c93bb75"
  version = "v1.0"

[[projects]]
  digest = "1:1f2aebae7e7c856562355ec0198d8ca2fa222fb05e5b1b66632a1fce39631885"
  name = "github.com/jmespath/go-jmespath"
  packages = ["."]
  pruneopts = "NUT"
  revision = "c2b33e84"

[[projects]]
  digest = "1:8e36686e8b139f8fe240c1d5cf3a145bc675c22ff8e707857cdd3ae17b00d728"
  name = "github.com/json-iterator/go"
  packages = ["."]
  pruneopts = "NUT"
  revision = "1624edc4454b8682399def8740d46db5e4362ba4"
  version = "v1.1.5"

[[projects]]
  branch = "master"
  digest = "1:cf68a79fd02ab0f6942b9567d03d054b6568212fcc22de2a4afdefd096923749"
  name = "github.com/kballard/go-shellquote"
  packages = ["."]
  pruneopts = "NUT"
  revision = "95032a82bc518f77982ea72343cc1ade730072f0"

[[projects]]
  digest = "1:4059c14e87a2de3a434430340521b5feece186c1469eff0834c29a63870de3ed"
  name = "github.com/konsorten/go-windows-terminal-sequences"
  packages = ["."]
  pruneopts = "NUT"
  revision = "5c8c8bd35d3832f5d134ae1e1e375b69a4d25242"
  version = "v1.0.1"

[[projects]]
  digest = "1:47fa0ef6ae6b0387dacb77c7ab8827b4ef621650fd613e43ece61de4cb3f5019"
  name = "github.com/kr/fs"
  packages = ["."]
  pruneopts = "NUT"
  revision = "1455def202f6e05b95cc7bfc7e8ae67ae5141eba"
  version = "v0.1.0"

[[projects]]
  digest = "1:1da9aa83870a429ce7127ced903a0b583012ed934682a5d5acaa12d74b92ebdc"
  name = "github.com/libvirt/libvirt-go"
  packages = ["."]
  pruneopts = "NUT"
  revision = "9c5bdce3c18faad94cb383e7ec42f5122a8c7fa1"
  version = "v4.8.0"

[[projects]]
  digest = "1:08c231ec84231a7e23d67e4b58f975e1423695a32467a362ee55a803f9de8061"
  name = "github.com/mattn/go-colorable"
  packages = ["."]
  pruneopts = "NUT"
  revision = "167de6bfdfba052fa6b2d3664c8f5272e23c9072"
  version = "v0.0.9"

[[projects]]
  digest = "1:bffa444ca07c69c599ae5876bc18b25bfd5fa85b297ca10a25594d284a7e9c5d"
  name = "github.com/mattn/go-isatty"
  packages = ["."]
  pruneopts = "NUT"
  revision = "6ca4dbf54d38eea1a992b3c722a76a5d1c4cb25c"
  version = "v0.0.4"

[[projects]]
  branch = "master"
  digest = "1:bc8ce73a5f7228ab32f6afe2b62b8ac6e1e520bd5d99736d918fec537c53a68a"
  name = "github.com/metal3-io/baremetal-operator"
  packages = [
    "pkg/apis/metal3/v1alpha1",
    "pkg/bmc",
    "pkg/hardware",
  ]
  pruneopts = "NUT"
  revision = "7fa47751bf92fe5efe4d7c3fe4dd75ea980424bc"
  source = "https://github.com/openshift/baremetal-operator"

[[projects]]
  branch = "master"
  digest = "1:7f1f10ab08636d2d0fd260e43a0700a8905588eadd89d4a3eaefac18cce7bd5b"
  name = "github.com/metal3-io/cluster-api-provider-baremetal"
  packages = [
    "pkg/apis",
    "pkg/apis/baremetal/v1alpha1",
  ]
  pruneopts = "NUT"
  revision = "53df0c29f8e20d5ff6a42e95589969b59359eab6"
  source = "https://github.com/openshift/cluster-api-provider-baremetal/pkg/apis"

[[projects]]
  branch = "master"
  digest = "1:063d55b87e200bced5e2be658cc70acafb4c5bbc4afa04d4b82f66298b73d089"
  name = "github.com/mgutz/ansi"
  packages = ["."]
  pruneopts = "NUT"
  revision = "9520e82c474b0a04dd04f8a40959027271bab992"

[[projects]]
  digest = "1:f9f72e583aaacf1d1ac5d6121abd4afd3c690baa9e14e1d009df26bf831ba347"
  name = "github.com/mitchellh/go-homedir"
  packages = ["."]
  pruneopts = "NUT"
  revision = "af06845cf3004701891bf4fdb884bfe4920b3727"
  version = "v1.1.0"

[[projects]]
  digest = "1:2f42fa12d6911c7b7659738758631bec870b7e9b4c6be5444f963cdcfccc191f"
  name = "github.com/modern-go/concurrent"
  packages = ["."]
  pruneopts = "NUT"
  revision = "bacd9c7ef1dd9b15be4a9909b8ac7a4e313eec94"
  version = "1.0.3"

[[projects]]
  digest = "1:c6aca19413b13dc59c220ad7430329e2ec454cc310bc6d8de2c7e2b93c18a0f6"
  name = "github.com/modern-go/reflect2"
  packages = ["."]
  pruneopts = "NUT"
  revision = "4b7aa43c6742a2c18fdef89dd197aaae7dac7ccd"
  version = "1.0.1"

[[projects]]
  digest = "1:e0cc8395ea893c898ff5eb0850f4d9851c1f57c78c232304a026379a47a552d0"
  name = "github.com/opencontainers/go-digest"
  packages = ["."]
  pruneopts = "NUT"
  revision = "279bed98673dd5bef374d3b6e4b09e2af76183bf"
  version = "v1.0.0-rc1"

[[projects]]
  digest = "1:11db38d694c130c800d0aefb502fb02519e514dc53d9804ce51d1ad25ec27db6"
  name = "github.com/opencontainers/image-spec"
  packages = [
    "specs-go",
    "specs-go/v1",
  ]
  pruneopts = "NUT"
  revision = "d60099175f88c47cd379c4738d158884749ed235"
  version = "v1.0.1"

[[projects]]
  branch = "master"
  digest = "1:d0d2bb40f5ac1e8af846d78fa885835f067ff485d07d912e98cf8ca30a88285a"
  name = "github.com/openshift/api"
  packages = [
    "config/v1",
    "operator/v1alpha1",
    "route/v1",
  ]
  pruneopts = "NUT"
  revision = "d2972510af76418506bf0374bc2e73b0b9e538ce"

[[projects]]
  branch = "master"
  digest = "1:a3c12915aaf50c4a16a662609e8e7411e9061a653542e786731dfffc90028f84"
  name = "github.com/openshift/client-go"
  packages = [
    "config/clientset/versioned",
    "config/clientset/versioned/scheme",
    "config/clientset/versioned/typed/config/v1",
    "route/clientset/versioned",
    "route/clientset/versioned/scheme",
    "route/clientset/versioned/typed/route/v1",
  ]
  pruneopts = "NUT"
  revision = "e9678e3b850da36470c5554609c6cd110aace47e"

[[projects]]
  branch = "release-4.2"
  digest = "1:07bb9db889efd40b52622f6fd37e5f9a229400e555e3053fc52c88b0f18f9341"
  name = "github.com/openshift/cloud-credential-operator"
  packages = [
    "pkg/apis/cloudcredential/v1",
    "pkg/aws",
    "version",
  ]
  pruneopts = "NUT"
  revision = "5ed8e486d83ed48e4a34a598e3214257905e3a07"

[[projects]]
  branch = "openshift-4.2-cluster-api-0.1.0"
  digest = "1:e8a9dc53f9d4f267e55c67bb9f63fe5ac41dcfeca84a9ee339f7439d2d1c219f"
  name = "github.com/openshift/cluster-api"
  packages = [
    "pkg/apis/cluster/common",
    "pkg/apis/cluster/v1alpha1",
    "pkg/apis/machine/common",
    "pkg/apis/machine/v1beta1",
  ]
  pruneopts = "NUT"
  revision = "046d74a3bd9143fb650cb894ece0f088a3b26de3"

[[projects]]
  branch = "master"
  digest = "1:b64f317f57589e7b683e4d48415da851914c7ffb8d75cf4cf36d550afadcb6e2"
  name = "github.com/openshift/cluster-api-provider-gcp"
  packages = [
    "pkg/apis",
    "pkg/apis/gcpprovider/v1beta1",
  ]
  pruneopts = "NUT"
  revision = "0cd5daa07e0d829061206e211fec12bd6585e83e"

[[projects]]
  branch = "master"
  digest = "1:901bbe7525b02899e9762fa9a9474d2251de64cd05dceffeb3fddfee86edf8d1"
  name = "github.com/openshift/cluster-api-provider-libvirt"
  packages = [
    "pkg/apis",
    "pkg/apis/libvirtproviderconfig/v1beta1",
  ]
  pruneopts = "NUT"
  revision = "ecea5317a4ab6e24ef65ad4573d0a358e3585931"

[[projects]]
  branch = "master"
  digest = "1:a32828cebfa63f79265d9062005c23f3c737def9e8a956ddd5dc3fd5f4caffe6"
  name = "github.com/openshift/library-go"
  packages = ["pkg/config/clusteroperator/v1helpers"]
  pruneopts = "NUT"
  revision = "4b9f6ceb6598ebd4dd6c9385ef024abf7a18159b"

[[projects]]
  digest = "1:5bfff65eba275066cdf304a0faf91c7709e0f612ebb9760046adf6035d63ef5c"
  name = "github.com/openshift/machine-config-operator"
  packages = [
    "pkg/apis",
    "pkg/apis/machineconfiguration.openshift.io/v1",
  ]
  pruneopts = "NUT"
  revision = "7efcbbbcada2af39a505c7a0305c7b32acec0af3"
  version = "v3.11.0"

[[projects]]
  digest = "1:93b1d84c5fa6d1ea52f4114c37714cddd84d5b78f151b62bb101128dd51399bf"
  name = "github.com/pborman/uuid"
  packages = ["."]
  pruneopts = "NUT"
  revision = "adf5a7427709b9deb95d29d3fa8a2bf9cfd388f1"
  version = "v1.2"

[[projects]]
  branch = "master"
  digest = "1:3bf17a6e6eaa6ad24152148a631d18662f7212e21637c2699bff3369b7f00fa2"
  name = "github.com/petar/GoLLRB"
  packages = ["llrb"]
  pruneopts = "NUT"
  revision = "53be0d36a84c2a886ca057d34b6aa4468df9ccb4"

[[projects]]
  digest = "1:6c6d91dc326ed6778783cff869c49fb2f61303cdd2ebbcf90abe53505793f3b6"
  name = "github.com/peterbourgon/diskv"
  packages = ["."]
  pruneopts = "NUT"
  revision = "5f041e8faa004a95c88a202771f4cc3e991971e6"
  version = "v2.0.1"

[[projects]]
  digest = "1:5cf3f025cbee5951a4ee961de067c8a89fc95a5adabead774f82822efabab121"
  name = "github.com/pkg/errors"
  packages = ["."]
  pruneopts = "NUT"
  revision = "645ef00459ed84a119197bfb8d8205042c6df63d"
  version = "v0.8.0"

[[projects]]
  digest = "1:11a5954c7d1ffda43672b7dff106a4a32d632ae24496d9e52dc7d4e5fb70cde5"
  name = "github.com/pkg/sftp"
  packages = ["."]
  pruneopts = "NUT"
  revision = "a713b07e6d90e1831d7fefcb69f1310edb3783ae"
  version = "v1.10.0"

[[projects]]
  digest = "1:0028cb19b2e4c3112225cd871870f2d9cf49b9b4276531f03438a88e94be86fe"
  name = "github.com/pmezard/go-difflib"
  packages = ["difflib"]
  pruneopts = "NUT"
  revision = "792786c7400a136282c1664665ae0a8db921c6c2"
  version = "v1.0.0"

[[projects]]
  branch = "master"
  digest = "1:7ca2584fa7da0520cd2d1136a10194fe5a5b220bdb215074ab6f7b5ad91115f4"
  name = "github.com/shurcooL/httpfs"
  packages = ["vfsutil"]
  pruneopts = "NUT"
  revision = "809beceb23714880abc4a382a00c05f89d13b1cc"

[[projects]]
  branch = "master"
  digest = "1:43c44ab8b001881225afe48c6aedcf2dd4f93495efd4586d1649c9dc2c7c7eaa"
  name = "github.com/shurcooL/vfsgen"
  packages = ["."]
  pruneopts = "NUT"
  revision = "a97a25d856cadfe6481325baeb35a70d6723ca0c"

[[projects]]
  digest = "1:d848e2bdc690ea54c4b49894b67a05db318a97ee6561879b814c2c1f82f61406"
  name = "github.com/sirupsen/logrus"
  packages = ["."]
  pruneopts = "NUT"
  revision = "bcd833dfe83d3cebad139e4a29ed79cb2318bf95"
  version = "v1.2.0"

[[projects]]
  digest = "1:343d44e06621142ab09ae0c76c1799104cdfddd3ffb445d78b1adf8dc3ffaf3d"
  name = "github.com/spf13/cobra"
  packages = ["."]
  pruneopts = "NUT"
  revision = "ef82de70bb3f60c65fb8eebacbb2d122ef517385"
  version = "v0.0.3"

[[projects]]
  digest = "1:9d8420bbf131d1618bde6530af37c3799340d3762cc47210c1d9532a4c3a2779"
  name = "github.com/spf13/pflag"
  packages = ["."]
  pruneopts = "NUT"
  revision = "298182f68c66c05229eb03ac171abe6e309ee79a"
  version = "v1.0.3"

[[projects]]
  digest = "1:42e8c2456d7ec0f31e182c20022e74324c4da2cb3bd9069ff9b131fe33466308"
  name = "github.com/stretchr/testify"
  packages = ["assert"]
  pruneopts = "NUT"
  revision = "ffdc059bfe9ce6a4e144ba849dbedead332c6053"
  version = "v1.3.0"

[[projects]]
  branch = "master"
  digest = "1:c9b456727ce4101594aabddaa816c80464cd21a1e5fcd145297a902303be0085"
  name = "github.com/vincent-petithory/dataurl"
  packages = ["."]
  pruneopts = "NUT"
  revision = "9a301d65acbb728fcc3ace14f45f511a4cfeea9c"

[[projects]]
  digest = "1:58f2854b50ff8862eb6a347f20dedaac83e1166f4040472e17bc37736841a12f"
  name = "go.opencensus.io"
  packages = [
    ".",
    "internal",
    "internal/tagencoding",
    "metric/metricdata",
    "metric/metricproducer",
    "plugin/ocgrpc",
    "plugin/ochttp",
    "plugin/ochttp/propagation/b3",
    "plugin/ochttp/propagation/tracecontext",
    "resource",
    "stats",
    "stats/internal",
    "stats/view",
    "tag",
    "trace",
    "trace/internal",
    "trace/propagation",
    "trace/tracestate",
  ]
  pruneopts = "NUT"
  revision = "43463a80402d8447b7fce0d2c58edf1687ff0b58"
  version = "v0.19.3"

[[projects]]
  branch = "master"
  digest = "1:91ed6116b126ec7fa7b9f9460356ee6b3005e5ed320b8e85510937f44d3d62d5"
  name = "go4.org"
  packages = ["errorutil"]
  pruneopts = "NUT"
  revision = "417644f6feb5ed3a356ca5d6d8e3a3fac7dfd33f"

[[projects]]
  branch = "master"
  digest = "1:9054d9c2dd8ea3fa2e158afce69d7aa81dfc01813f24222a7fde34654c6db51c"
  name = "golang.org/x/crypto"
  packages = [
    "bcrypt",
    "blowfish",
    "curve25519",
    "ed25519",
    "ed25519/internal/edwards25519",
    "internal/chacha20",
    "internal/subtle",
    "pkcs12",
    "pkcs12/internal/rc2",
    "poly1305",
    "ssh",
    "ssh/agent",
    "ssh/terminal",
  ]
  pruneopts = "NUT"
  revision = "4d3f4d9ffa16a13f451c3b2999e9c49e9750bf06"

[[projects]]
  branch = "master"
  digest = "1:42ed38949b3ccadeb4718632a74ae17ae5b4ea86e79e6ee85db8fea64e73147d"
  name = "golang.org/x/net"
  packages = [
    "context",
    "context/ctxhttp",
    "html",
    "html/atom",
    "html/charset",
    "http/httpguts",
    "http2",
    "http2/hpack",
    "idna",
    "internal/timeseries",
    "trace",
  ]
  pruneopts = "NUT"
  revision = "eb5bcb51f2a31c7d5141d810b70815c05d9c9146"

[[projects]]
  branch = "master"
  digest = "1:4648e14100dfb6fde9b6caa98d3b486721dfdf895cca58e3950240d5ef051f7b"
  name = "golang.org/x/oauth2"
  packages = [
    ".",
    "google",
    "internal",
    "jws",
    "jwt",
  ]
  pruneopts = "NUT"
  revision = "232e45548389bd9357411a6922a07c5fd4068bda"

[[projects]]
  branch = "master"
  digest = "1:75515eedc0dc2cb0b40372008b616fa2841d831c63eedd403285ff286c593295"
  name = "golang.org/x/sync"
  packages = ["semaphore"]
  pruneopts = "NUT"
  revision = "e225da77a7e68af35c70ccbf71af2b83e6acac3c"

[[projects]]
  branch = "master"
  digest = "1:3bcf6eb3757db3e22c41d212f886b86d0f940f86e1af85b13cd31122ac341193"
  name = "golang.org/x/sys"
  packages = [
    "unix",
    "windows",
  ]
  pruneopts = "NUT"
  revision = "9b800f95dbbc54abff0acf7ee32d88ba4e328c89"

[[projects]]
  digest = "1:8a12cbc891b7130d3f660f8a309e5c0b083f831e6ac38cdaa1f12e63c12d6bea"
  name = "golang.org/x/text"
  packages = [
    "collate",
    "collate/build",
    "encoding",
    "encoding/charmap",
    "encoding/htmlindex",
    "encoding/internal",
    "encoding/internal/identifier",
    "encoding/japanese",
    "encoding/korean",
    "encoding/simplifiedchinese",
    "encoding/traditionalchinese",
    "encoding/unicode",
    "internal/colltab",
    "internal/gen",
    "internal/tag",
    "internal/triegen",
    "internal/ucd",
    "internal/utf8internal",
    "language",
    "runes",
    "secure/bidirule",
    "transform",
    "unicode/bidi",
    "unicode/cldr",
    "unicode/norm",
    "unicode/rangetable",
  ]
  pruneopts = "NUT"
  revision = "f21a4dfb5e38f5895301dc265a8def02365cc3d0"
  version = "v0.3.0"

[[projects]]
  branch = "master"
  digest = "1:c9e7a4b4d47c0ed205d257648b0e5b0440880cb728506e318f8ac7cd36270bc4"
  name = "golang.org/x/time"
  packages = ["rate"]
  pruneopts = "NUT"
  revision = "fbb02b2291d28baffd63558aa44b4b56f178d650"

[[projects]]
  digest = "1:67d6a6a6393861a7a4a2f81abad960eb98507ef044ab5c0f196eb4b1fb91f3a0"
  name = "google.golang.org/api"
  packages = [
    "cloudresourcemanager/v1",
    "compute/v1",
    "dns/v1",
    "gensupport",
    "googleapi",
    "googleapi/internal/uritemplates",
    "googleapi/transport",
    "iam/v1",
    "internal",
    "option",
    "storage/v1",
    "support/bundler",
    "transport/http",
    "transport/http/internal/propagation",
  ]
  pruneopts = "NUT"
  revision = "bce707a4d0ea3488942724b3bcc1c8338f38f991"
  version = "v0.3.0"

[[projects]]
  digest = "1:b63b351b57e64ae8aec1af030dc5e74a2676fcda62102f006ae4411fac1b04c8"
  name = "google.golang.org/appengine"
  packages = [
    ".",
    "internal",
    "internal/app_identity",
    "internal/base",
    "internal/datastore",
    "internal/log",
    "internal/modules",
    "internal/remote_api",
    "internal/urlfetch",
    "urlfetch",
  ]
  pruneopts = "NUT"
  revision = "4a4468ece617fc8205e99368fa2200e9d1fad421"
  version = "v1.3.0"

[[projects]]
  branch = "master"
  digest = "1:5dc13cd8c0b417e12d187938d2ccb2348dda90f6d3d4a3d8402a40677a5ac982"
  name = "google.golang.org/genproto"
  packages = [
    "googleapis/api/httpbody",
    "googleapis/rpc/status",
    "protobuf/field_mask",
  ]
  pruneopts = "NUT"
  revision = "64821d5d210748c883cd2b809589555ae4654203"

[[projects]]
  digest = "1:f9fe1989f8278a0976fadf27490720c7708c056a11ab7a7ad3d282ff26f28e9a"
  name = "google.golang.org/grpc"
  packages = [
    ".",
    "balancer",
    "balancer/base",
    "balancer/roundrobin",
    "binarylog/grpc_binarylog_v1",
    "codes",
    "connectivity",
    "credentials",
    "credentials/internal",
    "encoding",
    "encoding/proto",
    "grpclog",
    "internal",
    "internal/backoff",
    "internal/binarylog",
    "internal/channelz",
    "internal/envconfig",
    "internal/grpcrand",
    "internal/grpcsync",
    "internal/syscall",
    "internal/transport",
    "keepalive",
    "metadata",
    "naming",
    "peer",
    "resolver",
    "resolver/dns",
    "resolver/passthrough",
    "stats",
    "status",
    "tap",
  ]
  pruneopts = "NUT"
  revision = "3507fb8e1a5ad030303c106fef3a47c9fdad16ad"
  version = "v1.19.1"

[[projects]]
  digest = "1:acce65b46e283672291c073e642b3cadbb2817d4689a2f8babc5bad08724c99c"
  name = "gopkg.in/AlecAivazis/survey.v1"
  packages = [
    ".",
    "core",
    "terminal",
  ]
  pruneopts = "NUT"
  revision = "3389f2f05f2f02457ea70d0cf93653543d2324e9"
  version = "v1.8.1"

[[projects]]
  digest = "1:2d1fbdc6777e5408cabeb02bf336305e724b925ff4546ded0fa8715a7267922a"
  name = "gopkg.in/inf.v0"
  packages = ["."]
  pruneopts = "NUT"
  revision = "d2d2541c53f18d2a059457998ce2876cc8e67cbf"
  version = "v0.9.1"

[[projects]]
  digest = "1:5e92676b56ce4c69edf9ee1f6343c56f637e30af11b9d8b5edd1b6530f3fbc3d"
  name = "gopkg.in/ini.v1"
  packages = ["."]
  pruneopts = "NUT"
  revision = "6ed8d5f64cd79a498d1f3fab5880cc376ce41bbe"
  version = "v1.41.0"

[[projects]]
  digest = "1:7c95b35057a0ff2e19f707173cc1a947fa43a6eb5c4d300d196ece0334046082"
  name = "gopkg.in/yaml.v2"
  packages = ["."]
  pruneopts = "NUT"
  revision = "5420a8b6744d3b0345ab293f6fcba19c978f1183"
  version = "v2.2.1"

[[projects]]
  digest = "1:4485f6050feae6844efd79bce3f5b35e5ed4a21dd79ef6a2dbbee263531cea09"
  name = "k8s.io/api"
  packages = [
    "admissionregistration/v1alpha1",
    "admissionregistration/v1beta1",
    "apps/v1",
    "apps/v1beta1",
    "apps/v1beta2",
    "authentication/v1",
    "authentication/v1beta1",
    "authorization/v1",
    "authorization/v1beta1",
    "autoscaling/v1",
    "autoscaling/v2beta1",
    "autoscaling/v2beta2",
    "batch/v1",
    "batch/v1beta1",
    "batch/v2alpha1",
    "certificates/v1beta1",
    "coordination/v1beta1",
    "core/v1",
    "events/v1beta1",
    "extensions/v1beta1",
    "networking/v1",
    "policy/v1beta1",
    "rbac/v1",
    "rbac/v1alpha1",
    "rbac/v1beta1",
    "scheduling/v1alpha1",
    "scheduling/v1beta1",
    "settings/v1alpha1",
    "storage/v1",
    "storage/v1alpha1",
    "storage/v1beta1",
  ]
  pruneopts = "NUT"
  revision = "d1dc89ebaebe945edbeff52a79f50c791a59ff87"
  version = "kubernetes-1.12.2"

[[projects]]
  digest = "1:1d9e0a73ae1dc34374ba327cc87a2af9fce547190762d5018bff695238e9175d"
  name = "k8s.io/apimachinery"
  packages = [
    "pkg/api/equality",
    "pkg/api/errors",
    "pkg/api/meta",
    "pkg/api/resource",
    "pkg/apis/meta/internalversion",
    "pkg/apis/meta/v1",
    "pkg/apis/meta/v1/unstructured",
    "pkg/apis/meta/v1/validation",
    "pkg/apis/meta/v1beta1",
    "pkg/conversion",
    "pkg/conversion/queryparams",
    "pkg/fields",
    "pkg/labels",
    "pkg/runtime",
    "pkg/runtime/schema",
    "pkg/runtime/serializer",
    "pkg/runtime/serializer/json",
    "pkg/runtime/serializer/protobuf",
    "pkg/runtime/serializer/recognizer",
    "pkg/runtime/serializer/streaming",
    "pkg/runtime/serializer/versioning",
    "pkg/selection",
    "pkg/types",
    "pkg/util/cache",
    "pkg/util/clock",
    "pkg/util/diff",
    "pkg/util/errors",
    "pkg/util/framer",
    "pkg/util/intstr",
    "pkg/util/json",
    "pkg/util/naming",
    "pkg/util/net",
    "pkg/util/rand",
    "pkg/util/runtime",
    "pkg/util/sets",
    "pkg/util/validation",
    "pkg/util/validation/field",
    "pkg/util/wait",
    "pkg/util/yaml",
    "pkg/version",
    "pkg/watch",
    "third_party/forked/golang/reflect",
  ]
  pruneopts = "NUT"
  revision = "f71dbbc36e126f5a371b85f6cca96bc8c57db2b6"
  version = "kubernetes-1.12.2"

[[projects]]
  digest = "1:08027a07c9a263deb5f51fcc801996e7d453b1ed1318c6c5eb7affd084bff3a9"
  name = "k8s.io/client-go"
  packages = [
    "discovery",
    "kubernetes",
    "kubernetes/scheme",
    "kubernetes/typed/admissionregistration/v1alpha1",
    "kubernetes/typed/admissionregistration/v1beta1",
    "kubernetes/typed/apps/v1",
    "kubernetes/typed/apps/v1beta1",
    "kubernetes/typed/apps/v1beta2",
    "kubernetes/typed/authentication/v1",
    "kubernetes/typed/authentication/v1beta1",
    "kubernetes/typed/authorization/v1",
    "kubernetes/typed/authorization/v1beta1",
    "kubernetes/typed/autoscaling/v1",
    "kubernetes/typed/autoscaling/v2beta1",
    "kubernetes/typed/autoscaling/v2beta2",
    "kubernetes/typed/batch/v1",
    "kubernetes/typed/batch/v1beta1",
    "kubernetes/typed/batch/v2alpha1",
    "kubernetes/typed/certificates/v1beta1",
    "kubernetes/typed/coordination/v1beta1",
    "kubernetes/typed/core/v1",
    "kubernetes/typed/events/v1beta1",
    "kubernetes/typed/extensions/v1beta1",
    "kubernetes/typed/networking/v1",
    "kubernetes/typed/policy/v1beta1",
    "kubernetes/typed/rbac/v1",
    "kubernetes/typed/rbac/v1alpha1",
    "kubernetes/typed/rbac/v1beta1",
    "kubernetes/typed/scheduling/v1alpha1",
    "kubernetes/typed/scheduling/v1beta1",
    "kubernetes/typed/settings/v1alpha1",
    "kubernetes/typed/storage/v1",
    "kubernetes/typed/storage/v1alpha1",
    "kubernetes/typed/storage/v1beta1",
    "pkg/apis/clientauthentication",
    "pkg/apis/clientauthentication/v1alpha1",
    "pkg/apis/clientauthentication/v1beta1",
    "pkg/version",
    "plugin/pkg/client/auth/exec",
    "rest",
    "rest/watch",
    "tools/auth",
    "tools/cache",
    "tools/clientcmd",
    "tools/clientcmd/api",
    "tools/clientcmd/api/latest",
    "tools/clientcmd/api/v1",
    "tools/metrics",
    "tools/pager",
    "tools/reference",
    "tools/watch",
    "transport",
    "util/buffer",
    "util/cert",
    "util/connrotation",
    "util/flowcontrol",
    "util/homedir",
    "util/integer",
    "util/retry",
  ]
  pruneopts = "NUT"
  revision = "1638f8970cefaa404ff3a62950f88b08292b2696"
  version = "v9.0.0"

[[projects]]
  digest = "1:9cc257b3c9ff6a0158c9c661ab6eebda1fe8a4a4453cd5c4044dc9a2ebfb992b"
  name = "k8s.io/klog"
  packages = ["."]
  pruneopts = "NUT"
  revision = "a5bc97fbc634d635061f3146511332c7e313a55a"
  version = "v0.1.0"

[[projects]]
  digest = "1:ff54706d46de40c865b5fcfc4bde1087c02510cd12e0150de8e405ab427d9907"
  name = "k8s.io/utils"
  packages = ["pointer"]
  pruneopts = "NUT"
  revision = "4c3feeb576b06ef8fea769809bd3db5e5e78dc23"

[[projects]]
  branch = "master"
  digest = "1:8f4add5b7f90c1c3399316f70d600bc1a991f889945cd9e0dfa8f605962d0a1a"
  name = "sigs.k8s.io/cluster-api-provider-aws"
  packages = [
    "pkg/apis",
    "pkg/apis/awsproviderconfig/v1beta1",
  ]
  pruneopts = "NUT"
  revision = "cf06d47b6ceedfe48ecead44424245b86a423f4b"
  source = "https://github.com/openshift/cluster-api-provider-aws.git"

[[projects]]
  branch = "master"
  digest = "1:8e05e9c7f560213d44990bf121abf1fc32f9f86449c19e7814dddf8b1cc3da4d"
  name = "sigs.k8s.io/cluster-api-provider-azure"
  packages = [
    "pkg/apis",
    "pkg/apis/azureprovider/v1alpha1",
    "pkg/apis/azureprovider/v1beta1",
  ]
  pruneopts = "NUT"
  revision = "6a50a8c59d8ab8999d93f68e8ebb31821b53552c"
  source = "https://github.com/openshift/cluster-api-provider-azure.git"

[[projects]]
  branch = "master"
  digest = "1:05a7f2cd98fff2057b1455e48893325bf65173ecbbfbcee33b327b02e9117a68"
  name = "sigs.k8s.io/cluster-api-provider-openstack"
  packages = [
    "pkg/apis",
    "pkg/apis/openstackproviderconfig/v1alpha1",
  ]
  pruneopts = "NUT"
  revision = "945cf044115f82be8578f9b0e57de480e3844da6"
  source = "https://github.com/openshift/cluster-api-provider-openstack.git"

[[projects]]
  branch = "release-0.2"
  digest = "1:c4e8f6509ee8cec911985a812ed3f9cc024404acc45ac613fa103f735cf3222a"
  name = "sigs.k8s.io/controller-runtime"
  packages = ["pkg/scheme"]
  pruneopts = "NUT"
  revision = "f60c87ec713cb8da81257228530605457ebf7220"

[[projects]]
  digest = "1:8730e0150dfb2b7e173890c8b9868e7a273082ef8e39f4940e3506a481cf895c"
  name = "sigs.k8s.io/yaml"
  packages = ["."]
  pruneopts = "NUT"
  revision = "fd68e9863619f6ec2fdd8625fe1f02e7c877e480"
  version = "v1.1.0"

[solve-meta]
  analyzer-name = "dep"
  analyzer-version = 1
  input-imports = [
    "github.com/Azure/azure-sdk-for-go/profiles/latest/dns/mgmt/dns",
    "github.com/Azure/azure-sdk-for-go/profiles/latest/resources/mgmt/subscriptions",
    "github.com/Azure/azure-sdk-for-go/services/compute/mgmt/2018-10-01/compute",
    "github.com/Azure/azure-sdk-for-go/services/graphrbac/1.6/graphrbac",
    "github.com/Azure/azure-sdk-for-go/services/preview/dns/mgmt/2018-03-01-preview/dns",
    "github.com/Azure/azure-sdk-for-go/services/privatedns/mgmt/2018-09-01/privatedns",
    "github.com/Azure/azure-sdk-for-go/services/resources/mgmt/2018-05-01/resources",
    "github.com/Azure/go-autorest/autorest",
    "github.com/Azure/go-autorest/autorest/azure",
    "github.com/Azure/go-autorest/autorest/azure/auth",
    "github.com/Azure/go-autorest/autorest/to",
    "github.com/apparentlymart/go-cidr/cidr",
    "github.com/awalterschulze/gographviz",
    "github.com/aws/aws-sdk-go/aws",
    "github.com/aws/aws-sdk-go/aws/arn",
    "github.com/aws/aws-sdk-go/aws/awserr",
    "github.com/aws/aws-sdk-go/aws/credentials",
    "github.com/aws/aws-sdk-go/aws/defaults",
    "github.com/aws/aws-sdk-go/aws/request",
    "github.com/aws/aws-sdk-go/aws/session",
    "github.com/aws/aws-sdk-go/service/ec2",
    "github.com/aws/aws-sdk-go/service/elb",
    "github.com/aws/aws-sdk-go/service/elbv2",
    "github.com/aws/aws-sdk-go/service/iam",
    "github.com/aws/aws-sdk-go/service/pricing",
    "github.com/aws/aws-sdk-go/service/resourcegroupstaggingapi",
    "github.com/aws/aws-sdk-go/service/route53",
    "github.com/aws/aws-sdk-go/service/s3",
    "github.com/aws/aws-sdk-go/service/s3/s3manager",
    "github.com/containers/image/docker/reference",
    "github.com/containers/image/pkg/sysregistriesv2",
    "github.com/coreos/ignition/config/util",
    "github.com/coreos/ignition/config/v2_2/types",
    "github.com/ghodss/yaml",
    "github.com/golang/mock/gomock",
    "github.com/gophercloud/gophercloud",
    "github.com/gophercloud/gophercloud/openstack/blockstorage/v3/volumes",
    "github.com/gophercloud/gophercloud/openstack/common/extensions",
    "github.com/gophercloud/gophercloud/openstack/compute/v2/flavors",
    "github.com/gophercloud/gophercloud/openstack/compute/v2/servers",
    "github.com/gophercloud/gophercloud/openstack/identity/v3/tokens",
    "github.com/gophercloud/gophercloud/openstack/loadbalancer/v2/apiversions",
    "github.com/gophercloud/gophercloud/openstack/loadbalancer/v2/loadbalancers",
    "github.com/gophercloud/gophercloud/openstack/networking/v2/extensions",
    "github.com/gophercloud/gophercloud/openstack/networking/v2/extensions/layer3/floatingips",
    "github.com/gophercloud/gophercloud/openstack/networking/v2/extensions/layer3/routers",
    "github.com/gophercloud/gophercloud/openstack/networking/v2/extensions/security/groups",
    "github.com/gophercloud/gophercloud/openstack/networking/v2/extensions/subnetpools",
    "github.com/gophercloud/gophercloud/openstack/networking/v2/extensions/trunks",
    "github.com/gophercloud/gophercloud/openstack/networking/v2/networks",
    "github.com/gophercloud/gophercloud/openstack/networking/v2/ports",
    "github.com/gophercloud/gophercloud/openstack/networking/v2/subnets",
    "github.com/gophercloud/gophercloud/openstack/objectstorage/v1/containers",
    "github.com/gophercloud/gophercloud/openstack/objectstorage/v1/objects",
    "github.com/gophercloud/utils/openstack/clientconfig",
    "github.com/libvirt/libvirt-go",
    "github.com/metal3-io/baremetal-operator/pkg/apis/metal3/v1alpha1",
    "github.com/metal3-io/baremetal-operator/pkg/bmc",
    "github.com/metal3-io/baremetal-operator/pkg/hardware",
    "github.com/metal3-io/cluster-api-provider-baremetal/pkg/apis",
    "github.com/metal3-io/cluster-api-provider-baremetal/pkg/apis/baremetal/v1alpha1",
    "github.com/openshift/api/config/v1",
    "github.com/openshift/api/operator/v1alpha1",
    "github.com/openshift/client-go/config/clientset/versioned",
    "github.com/openshift/client-go/route/clientset/versioned",
    "github.com/openshift/cloud-credential-operator/pkg/aws",
    "github.com/openshift/cluster-api-provider-gcp/pkg/apis",
    "github.com/openshift/cluster-api-provider-gcp/pkg/apis/gcpprovider/v1beta1",
    "github.com/openshift/cluster-api-provider-libvirt/pkg/apis",
    "github.com/openshift/cluster-api-provider-libvirt/pkg/apis/libvirtproviderconfig/v1beta1",
    "github.com/openshift/cluster-api/pkg/apis/machine/v1beta1",
    "github.com/openshift/library-go/pkg/config/clusteroperator/v1helpers",
    "github.com/openshift/machine-config-operator/pkg/apis/machineconfiguration.openshift.io/v1",
    "github.com/pborman/uuid",
    "github.com/pkg/errors",
    "github.com/pkg/sftp",
    "github.com/shurcooL/vfsgen",
    "github.com/sirupsen/logrus",
    "github.com/spf13/cobra",
    "github.com/stretchr/testify/assert",
    "github.com/vincent-petithory/dataurl",
    "golang.org/x/crypto/bcrypt",
    "golang.org/x/crypto/ssh",
    "golang.org/x/crypto/ssh/agent",
    "golang.org/x/crypto/ssh/terminal",
    "golang.org/x/net/html/charset",
    "golang.org/x/oauth2/google",
    "golang.org/x/sys/unix",
    "google.golang.org/api/cloudresourcemanager/v1",
    "google.golang.org/api/compute/v1",
    "google.golang.org/api/dns/v1",
    "google.golang.org/api/googleapi",
    "google.golang.org/api/iam/v1",
    "google.golang.org/api/option",
    "google.golang.org/api/storage/v1",
    "gopkg.in/AlecAivazis/survey.v1",
    "gopkg.in/ini.v1",
    "k8s.io/api/core/v1",
    "k8s.io/apimachinery/pkg/api/errors",
    "k8s.io/apimachinery/pkg/apis/meta/v1",
    "k8s.io/apimachinery/pkg/apis/meta/v1/unstructured",
    "k8s.io/apimachinery/pkg/fields",
    "k8s.io/apimachinery/pkg/runtime",
    "k8s.io/apimachinery/pkg/runtime/serializer",
    "k8s.io/apimachinery/pkg/util/errors",
    "k8s.io/apimachinery/pkg/util/rand",
    "k8s.io/apimachinery/pkg/util/sets",
    "k8s.io/apimachinery/pkg/util/validation",
    "k8s.io/apimachinery/pkg/util/validation/field",
    "k8s.io/apimachinery/pkg/util/wait",
    "k8s.io/apimachinery/pkg/watch",
    "k8s.io/client-go/kubernetes",
    "k8s.io/client-go/rest",
    "k8s.io/client-go/tools/cache",
    "k8s.io/client-go/tools/clientcmd",
    "k8s.io/client-go/tools/clientcmd/api/v1",
    "k8s.io/client-go/tools/watch",
    "k8s.io/utils/pointer",
    "sigs.k8s.io/cluster-api-provider-aws/pkg/apis",
    "sigs.k8s.io/cluster-api-provider-aws/pkg/apis/awsproviderconfig/v1beta1",
    "sigs.k8s.io/cluster-api-provider-azure/pkg/apis",
    "sigs.k8s.io/cluster-api-provider-azure/pkg/apis/azureprovider/v1beta1",
    "sigs.k8s.io/cluster-api-provider-openstack/pkg/apis",
    "sigs.k8s.io/cluster-api-provider-openstack/pkg/apis/openstackproviderconfig/v1alpha1",
  ]
  solver-name = "gps-cdcl"
  solver-version = 1
