# This file is autogenerated, do not edit; changes may be undone by the next 'dep ensure'.


[[projects]]
  digest = "1:aa65b4877ac225076b4362885e9122fdf6a8728f735749c24f1aeabcad9bdaba"
  name = "cloud.google.com/go"
  packages = [
    "compute/metadata",
    "internal",
  ]
  pruneopts = "NUT"
  revision = "3b1ae45394a234c385be014e9a488f2bb6eef821"

[[projects]]
  digest = "1:0f04209a212e67d641f36a9a9ef99b1a8e3371cd839f15bccf9a177ef93c3b03"
  name = "github.com/Azure/go-autorest"
  packages = [
    "autorest",
    "autorest/azure",
    "autorest/date",
  ]
  pruneopts = "NUT"
  revision = "d7c034a8af24eda120dd6460bfcd6d9ed14e43ca"
  version = "v7.2.3"

[[projects]]
  digest = "1:975b8fd9f8bf97cfdbc6a6af823172e4315b8e0b1d99f7651472f4fe9ff61cbe"
  name = "github.com/PuerkitoBio/purell"
  packages = ["."]
  pruneopts = "NUT"
  revision = "8a290539e2e8629dbc4e6bad948158f790ec31f4"
  version = "v1.0.0"

[[projects]]
  digest = "1:8098cd40cd09879efbf12e33bcd51ead4a66006ac802cd563a66c4f3373b9727"
  name = "github.com/PuerkitoBio/urlesc"
  packages = ["."]
  pruneopts = "NUT"
  revision = "5bd2802263f21d8788851d5305584c82a5c75d7e"

[[projects]]
  digest = "1:75d40fa0c338f4c56056a3985e91fa371e8fcd0293e45b80afa7debecaf56012"
  name = "github.com/beorn7/perks"
  packages = ["quantile"]
  pruneopts = "NUT"
  revision = "3ac7bf7a47d159a033b107610db8a1b6575507a4"

[[projects]]
  digest = "1:620bade21ddf8256869717861431d52650c7e40bc56bdcd3d5ec3da63e7573b0"
  name = "github.com/davecgh/go-spew"
  packages = ["spew"]
  pruneopts = "NUT"
  revision = "5215b55f46b2b919f50a1df0eaa5886afe4e3b3d"

[[projects]]
  digest = "1:fff28a0718d58de6fcf391a8f7122e1c7b28b253290c8d85bb04b11a0e66162e"
  name = "github.com/dgrijalva/jwt-go"
  packages = ["."]
  pruneopts = "NUT"
  revision = "01aeca54ebda6e0fbfafd0a524d234159c05ec20"

[[projects]]
  digest = "1:b2499f1a17c35f4dcc051ebc0cbd350a2a3ded5e4656e6111dcfb823b0957a84"
  name = "github.com/docker/distribution"
  packages = [
    "digest",
    "reference",
  ]
  pruneopts = "NUT"
  revision = "cd27f179f2c10c5d300e6d09025b538c475b0d51"

[[projects]]
  digest = "1:f02c3d7fb5b3b87fc22bb822ba81aa55207dfed951f2d48fd47c961a5db9cb59"
  name = "github.com/docker/engine-api"
  packages = [
    "types",
    "types/blkiodev",
    "types/container",
    "types/filters",
    "types/network",
    "types/registry",
    "types/strslice",
    "types/versions",
  ]
  pruneopts = "NUT"
  revision = "dea108d3aa0c67d7162a3fd8aa65f38a430019fd"

[[projects]]
  digest = "1:557bc1ea003afa9a1d4036c01c027cc09eb95d1c3e9ba2d621308c1b899fb068"
  name = "github.com/docker/go-connections"
  packages = ["nat"]
  pruneopts = "NUT"
  revision = "f549a9393d05688dff0992ef3efd8bbe6c628aeb"

[[projects]]
  digest = "1:5b49e5b8f96c4bb3d7f85e2410890c008a7a633192b64924ff0603e6246293e9"
  name = "github.com/docker/go-units"
  packages = ["."]
  pruneopts = "NUT"
  revision = "e30f1e79f3cd72542f2026ceec18d3bd67ab859c"

[[projects]]
  digest = "1:6ea3fb0af5a25598466db91ce2f66dbd479dbc667ca3b828f19bc2a6fdffbc71"
  name = "github.com/emicklei/go-restful"
  packages = [
    ".",
    "log",
  ]
  pruneopts = "NUT"
  revision = "ff4f55a206334ef123e4f79bbf348980da81ca46"

[[projects]]
  digest = "1:27e00683ae7700cf7b286011dcd6ace672d542d236590dcc51bd10669cfb3366"
  name = "github.com/emicklei/go-restful-swagger12"
  packages = ["."]
  pruneopts = "NUT"
  revision = "dcef7f55730566d41eae5db10e7d6981829720f6"
  version = "1.0.1"

[[projects]]
  digest = "1:f0f9924706ad645471cdb966245cceab9fdc355d940a397c5aa0f4fb5e9de307"
  name = "github.com/evanphx/json-patch"
  packages = ["."]
  pruneopts = "NUT"
  revision = "ba18e35c5c1b36ef6334cad706eb681153d2d379"

[[projects]]
  branch = "master"
  digest = "1:857c01c483190325e4e4c967db37ace964b32cb3024f1d2d3890f2e56b5d7ce7"
  name = "github.com/exponent-io/jsonpath"
  packages = ["."]
  pruneopts = "NUT"
  revision = "d6023ce2651d8eafb5c75bb0c7167536102ec9f5"

[[projects]]
  digest = "1:fcd865894ce87bcf6499e5d2db3526679e3ab1ae454f48070ebaf983efd20665"
  name = "github.com/fatih/camelcase"
  packages = ["."]
  pruneopts = "NUT"
  revision = "f6a740d52f961c60348ebb109adde9f4635d7540"

[[projects]]
  digest = "1:abfe129dc92b16fbf0cc9d6336096a2823151756f62072a700eb10754141b38e"
  name = "github.com/ghodss/yaml"
  packages = ["."]
  pruneopts = "NUT"
  revision = "73d445a93680fa1a78ae23a5839bad48f32ba1ee"

[[projects]]
  digest = "1:77f03b803ab40eaf17c8f418280e09838825106179563856ef235e4e93fc5745"
  name = "github.com/go-openapi/analysis"
  packages = ["."]
  pruneopts = "NUT"
  revision = "b44dc874b601d9e4e2f6e19140e794ba24bead3b"

[[projects]]
  digest = "1:e90c60f901104f83cdcad5961d752541a0cd6a0bd996d7fd920bfe8f8c39f241"
  name = "github.com/go-openapi/jsonpointer"
  packages = ["."]
  pruneopts = "NUT"
  revision = "46af16f9f7b149af66e5d1bd010e3574dc06de98"

[[projects]]
  digest = "1:98abd61947ff5c7c6fcfec5473d02a4821ed3a2dd99a4fbfdb7925b0dd745546"
  name = "github.com/go-openapi/jsonreference"
  packages = ["."]
  pruneopts = "NUT"
  revision = "13c6e3589ad90f49bd3e3bbe2c2cb3d7a4142272"

[[projects]]
  digest = "1:b3af6eb86673f9f8238f4e49be062788d32eb5b0b34d8e4cf432d131b3ece74f"
  name = "github.com/go-openapi/loads"
  packages = ["."]
  pruneopts = "NUT"
  revision = "18441dfa706d924a39a030ee2c3b1d8d81917b38"

[[projects]]
  digest = "1:9a247af322a3c4780ad9ba3517f517d93925dee18a7e420209f786f5110b1a28"
  name = "github.com/go-openapi/spec"
  packages = ["."]
  pruneopts = "NUT"
  revision = "6aced65f8501fe1217321abf0749d354824ba2ff"

[[projects]]
  digest = "1:4f5899c71c18d685e67cb365438b433f9d3e0c39f4c865f3d4fe80459b12ffd7"
  name = "github.com/go-openapi/swag"
  packages = ["."]
  pruneopts = "NUT"
  revision = "1d0bd113de87027671077d3c71eb3ac5d7dbba72"

[[projects]]
  digest = "1:a6afc27b2a73a5506832f3c5a1c19a30772cb69e7bd1ced4639eb36a55db224f"
  name = "github.com/gogo/protobuf"
  packages = [
    "proto",
    "sortkeys",
  ]
  pruneopts = "NUT"
  revision = "c0656edd0d9eab7c66d1eb0c568f9039345796f7"

[[projects]]
  digest = "1:78b8040ece2ff622580def2708b9eb0b2857711b6744c475439bf337e9c677ea"
  name = "github.com/golang/glog"
  packages = ["."]
  pruneopts = "NUT"
  revision = "44145f04b68cf362d9c4df2182967c2275eaefed"

[[projects]]
  digest = "1:7672c206322f45b33fac1ae2cb899263533ce0adcc6481d207725560208ec84e"
  name = "github.com/golang/groupcache"
  packages = ["lru"]
  pruneopts = "NUT"
  revision = "02826c3e79038b59d737d3b1c0a1d937f71a4433"

[[projects]]
  digest = "1:4db1c5a2f866e5af769da91c5ff668cb0a3e76568ea855ff6c8ce7b4bb83efe4"
  name = "github.com/golang/protobuf"
  packages = ["proto"]
  pruneopts = "NUT"
  revision = "4bd1920723d7b7c925de087aa32e2187708897f7"

[[projects]]
  digest = "1:f9425215dccf1c63f659ec781ca46bc81804341821d0cd8d2459c5b58f8bd067"
  name = "github.com/google/gofuzz"
  packages = ["."]
  pruneopts = "NUT"
  revision = "44d81051d367757e1c7c6a5a86423ece9afcf63c"

[[projects]]
  digest = "1:475b179287e8afdcd352014b2c2500e67decdf63e66125e2129286873453e1cd"
  name = "github.com/hashicorp/golang-lru"
  packages = [
    ".",
    "simplelru",
  ]
  pruneopts = "NUT"
  revision = "a0d98a5f288019575c6d1f4bb1573fef2d1fcdc4"

[[projects]]
  branch = "master"
  digest = "1:b7f860847a1d71f925ba9385ed95f1ebc0abfeb418a78e219ab61f48fdfeffad"
  name = "github.com/howeyc/gopass"
  packages = ["."]
  pruneopts = "NUT"
  revision = "bf9dde6d0d2c004a008c27aaee91170c786f6db8"

[[projects]]
  digest = "1:8f5fa95e43ab4a43056b7b65ec1614b4440f33bbfef2fa0a4d4707aedcb1a023"
  name = "github.com/imdario/mergo"
  packages = ["."]
  pruneopts = "NUT"
  revision = "6633656539c1639d9d78127b7d47c622b5d7b6dc"

[[projects]]
  digest = "1:406338ad39ab2e37b7f4452906442a3dbf0eb3379dd1f06aafb5c07e769a5fbb"
  name = "github.com/inconshreveable/mousetrap"
  packages = ["."]
  pruneopts = "NUT"
  revision = "76626ae9c91c4f2a10f34cad8ce83ea42c93bb75"
  version = "v1.0"

[[projects]]
  digest = "1:d06f0cc2de030b66daff28951df4c31baedae772e5d4269297cfc74bf7a92c85"
  name = "github.com/juju/ratelimit"
  packages = ["."]
  pruneopts = "NUT"
  revision = "5b9ff866471762aa2ab2dced63c9fb6f53921342"
  version = "1.0"

[[projects]]
  digest = "1:f9d15bd15966e80ec044ed83df29c267b87fbf646765939ee37e48287061e71b"
  name = "github.com/mailru/easyjson"
  packages = [
    "buffer",
    "jlexer",
    "jwriter",
  ]
  pruneopts = "NUT"
  revision = "d5b7844b561a7bc640052f1b935f7b800330d7e0"

[[projects]]
  digest = "1:f1bb94f5fab2a670687ec7a30a9160b0193d147ae82d5650231c01b2b3a8d0db"
  name = "github.com/matttproud/golang_protobuf_extensions"
  packages = ["pbutil"]
  pruneopts = "NUT"
  revision = "fc2b8d3a73c4867e51861bbdd5ae3c1f0869dd6a"

[[projects]]
  digest = "1:9072181164e616e422cbfbe48ca9ac249a4d76301ca0876c9f56b937cf214a2f"
  name = "github.com/pborman/uuid"
  packages = ["."]
  pruneopts = "NUT"
  revision = "ca53cad383cad2479bbba7f7a1a05797ec1386e4"

[[projects]]
  digest = "1:8226c26c81c73c8f56c675e10f11254dd9afe9470c186fb5a116965e09607e33"
  name = "github.com/prometheus/client_golang"
  packages = ["prometheus"]
  pruneopts = "NUT"
  revision = "e7e903064f5e9eb5da98208bae10b475d4db0f8c"

[[projects]]
  digest = "1:9fe8945a11a9f588a9d306b4741cad634da9015a704271b9506810e2cc77fa17"
  name = "github.com/prometheus/client_model"
  packages = ["go"]
  pruneopts = "NUT"
  revision = "fa8ad6fec33561be4280a8f0514318c79d7f6cb6"

[[projects]]
  digest = "1:65f12bb82877d6e049a41b5feec5f79f11e3e0ea5748f677d68f206ac408c403"
  name = "github.com/prometheus/common"
  packages = [
    "expfmt",
    "internal/bitbucket.org/ww/goautoneg",
    "model",
  ]
  pruneopts = "NUT"
  revision = "13ba4ddd0caa9c28ca7b7bffe1dfa9ed8d5ef207"

[[projects]]
  digest = "1:6289bdad6cb0bc988631332a560688ac29a47a3f901b54a976d804a4dcbbab72"
  name = "github.com/prometheus/procfs"
  packages = [
    ".",
    "xfs",
  ]
  pruneopts = "NUT"
  revision = "65c1f6f8f0fc1e2185eb9863a3bc751496404259"

[[projects]]
  digest = "1:cc7c51e1d12905a4e05981ee6222570cf5050ae5d7043876d0374d5eebdd897d"
  name = "github.com/spf13/cobra"
  packages = ["."]
  pruneopts = "NUT"
  revision = "f62e98d28ab7ad31d707ba837a966378465c7b57"

[[projects]]
  digest = "1:ed545897e7363038a3e467e8b24c12e7f540f6a114c08a7dca7746a3fe291358"
  name = "github.com/spf13/pflag"
  packages = ["."]
  pruneopts = "NUT"
  revision = "9ff6c6923cfffbcd502984b8e0c80539a94968b7"

[[projects]]
  digest = "1:6f841ce38da42c2cb2fa1c16d801942b354800eacb2a7bdf02b4fe24a151f7b8"
  name = "github.com/ugorji/go"
  packages = ["codec"]
  pruneopts = "NUT"
  revision = "ded73eae5db7e7a0ef6f55aace87a2873c5d2b74"

[[projects]]
  digest = "1:9606ce8905fdfdd29f63fa7301b439d3fbaebccd19ee1c175ac41a1dc55008ad"
  name = "golang.org/x/crypto"
  packages = ["ssh/terminal"]
  pruneopts = "NUT"
  revision = "0fe963104e9d1877082f8fb38f816fcd97eb1d10"

[[projects]]
  digest = "1:aaf3c234ddf45f30e37dc726583793250d3c8d08793ef848322f2622d26c93ac"
  name = "golang.org/x/net"
  packages = [
    "context",
    "context/ctxhttp",
    "http2",
    "http2/hpack",
    "idna",
    "lex/httplex",
  ]
  pruneopts = "NUT"
  revision = "f2499483f923065a842d38eb4c7f1927e6fc6e6d"

[[projects]]
  digest = "1:da311e132160fec8dfc9e659915b8f942e5563c27bbf3c45d2c9e67a1434ef65"
  name = "golang.org/x/oauth2"
  packages = [
    ".",
    "google",
    "internal",
    "jws",
    "jwt",
  ]
  pruneopts = "NUT"
  revision = "a6bd8cefa1811bd24b86f8902872e4e8225f74c4"

[[projects]]
  digest = "1:20e0a8d05d6f97fadd3cbd16e55ce66dc8191800f58fe6bda35cdb671384eb98"
  name = "golang.org/x/sys"
  packages = ["unix"]
  pruneopts = "NUT"
  revision = "8f0908ab3b2457e2e15403d3697c9ef5cb4b57a9"

[[projects]]
  digest = "1:3e576cf9d908efd98f37ffa685e4938e87cbec623b4944aa0c56bbbbe0ca8f2b"
  name = "golang.org/x/text"
  packages = [
    "cases",
    "encoding",
    "encoding/internal",
    "encoding/internal/identifier",
    "encoding/unicode",
    "internal/gen",
    "internal/tag",
    "internal/triegen",
    "internal/ucd",
    "internal/utf8internal",
    "language",
    "runes",
    "secure/bidirule",
    "secure/precis",
    "transform",
    "unicode/bidi",
    "unicode/cldr",
    "unicode/norm",
    "unicode/rangetable",
    "width",
  ]
  pruneopts = "NUT"
  revision = "2910a502d2bf9e43193af9d68ca516529614eed3"

[[projects]]
  digest = "1:1b7dbca08b033384169fcfbc0835f5f0a36b790e9d1e8e076669959901dedf10"
  name = "google.golang.org/appengine"
  packages = [
    ".",
    "internal",
    "internal/app_identity",
    "internal/base",
    "internal/datastore",
    "internal/log",
    "internal/modules",
    "internal/remote_api",
    "internal/urlfetch",
    "urlfetch",
  ]
  pruneopts = "NUT"
  revision = "12d5545dc1cfa6047a286d5e853841b6471f4c19"

[[projects]]
  digest = "1:ef72505cf098abdd34efeea032103377bec06abb61d8a06f002d5d296a4b1185"
  name = "gopkg.in/inf.v0"
  packages = ["."]
  pruneopts = "NUT"
  revision = "3887ee99ecf07df5b447e9b00d9c0b2adaa9f3e4"
  version = "v0.9.0"

[[projects]]
  digest = "1:302ad18387350c3d9792da66de666f76d2ca8c62c47dd6b9434269c7cfa18971"
  name = "gopkg.in/yaml.v2"
  packages = ["."]
  pruneopts = "NUT"
  revision = "53feefa2559fb8dfa8d81baad31be332c97d6c77"

[[projects]]
  digest = "1:10a78d0be666fa3ec3aa2e63c0c2dc4fa83edfbdde0a35d290c482db3874b40e"
  name = "k8s.io/apimachinery"
  packages = [
    "pkg/api/equality",
    "pkg/api/errors",
    "pkg/api/meta",
    "pkg/api/resource",
    "pkg/api/validation",
    "pkg/apimachinery",
    "pkg/apimachinery/announced",
    "pkg/apimachinery/registered",
    "pkg/apis/meta/v1",
    "pkg/apis/meta/v1/unstructured",
    "pkg/apis/meta/v1/validation",
    "pkg/apis/meta/v1alpha1",
    "pkg/conversion",
    "pkg/conversion/queryparams",
    "pkg/conversion/unstructured",
    "pkg/fields",
    "pkg/labels",
    "pkg/openapi",
    "pkg/runtime",
    "pkg/runtime/schema",
    "pkg/runtime/serializer",
    "pkg/runtime/serializer/json",
    "pkg/runtime/serializer/protobuf",
    "pkg/runtime/serializer/recognizer",
    "pkg/runtime/serializer/streaming",
    "pkg/runtime/serializer/versioning",
    "pkg/selection",
    "pkg/types",
    "pkg/util/cache",
    "pkg/util/clock",
    "pkg/util/diff",
    "pkg/util/errors",
    "pkg/util/framer",
    "pkg/util/intstr",
    "pkg/util/json",
    "pkg/util/mergepatch",
    "pkg/util/net",
    "pkg/util/rand",
    "pkg/util/runtime",
    "pkg/util/sets",
    "pkg/util/strategicpatch",
    "pkg/util/uuid",
    "pkg/util/validation",
    "pkg/util/validation/field",
    "pkg/util/wait",
    "pkg/util/yaml",
    "pkg/version",
    "pkg/watch",
    "third_party/forked/golang/json",
    "third_party/forked/golang/reflect",
  ]
  pruneopts = "NUT"
  revision = "abe34e4f5b4413c282a83011892cbeea5b32223b"

[[projects]]
  branch = "release-1.7"
  digest = "1:debba4fc1eef2f9c6b43b0c6cce8478471fd2339bb8cf87bcb0badf6928d9f2d"
  name = "k8s.io/apiserver"
  packages = [
    "pkg/apis/audit",
    "pkg/authentication/authenticator",
    "pkg/authentication/serviceaccount",
    "pkg/authentication/user",
    "pkg/endpoints/request",
    "pkg/features",
    "pkg/util/feature",
    "pkg/util/flag",
  ]
  pruneopts = "NUT"
  revision = "16d918e3cba143f774f09a6bd7bd1f5e314335e3"

[[projects]]
  digest = "1:cad77f31c88f0f95f790a4d5783b0f7a15154a80329becdef3b7f1205c01b9f2"
  name = "k8s.io/client-go"
  packages = [
    "discovery",
    "dynamic",
    "kubernetes",
    "kubernetes/scheme",
    "kubernetes/typed/admissionregistration/v1alpha1",
    "kubernetes/typed/apps/v1beta1",
    "kubernetes/typed/authentication/v1",
    "kubernetes/typed/authentication/v1beta1",
    "kubernetes/typed/authorization/v1",
    "kubernetes/typed/authorization/v1beta1",
    "kubernetes/typed/autoscaling/v1",
    "kubernetes/typed/autoscaling/v2alpha1",
    "kubernetes/typed/batch/v1",
    "kubernetes/typed/batch/v2alpha1",
    "kubernetes/typed/certificates/v1beta1",
    "kubernetes/typed/core/v1",
    "kubernetes/typed/extensions/v1beta1",
    "kubernetes/typed/networking/v1",
    "kubernetes/typed/policy/v1beta1",
    "kubernetes/typed/rbac/v1alpha1",
    "kubernetes/typed/rbac/v1beta1",
    "kubernetes/typed/settings/v1alpha1",
    "kubernetes/typed/storage/v1",
    "kubernetes/typed/storage/v1beta1",
    "pkg/api",
    "pkg/api/v1",
    "pkg/api/v1/ref",
    "pkg/apis/admissionregistration",
    "pkg/apis/admissionregistration/v1alpha1",
    "pkg/apis/apps",
    "pkg/apis/apps/v1beta1",
    "pkg/apis/authentication",
    "pkg/apis/authentication/v1",
    "pkg/apis/authentication/v1beta1",
    "pkg/apis/authorization",
    "pkg/apis/authorization/v1",
    "pkg/apis/authorization/v1beta1",
    "pkg/apis/autoscaling",
    "pkg/apis/autoscaling/v1",
    "pkg/apis/autoscaling/v2alpha1",
    "pkg/apis/batch",
    "pkg/apis/batch/v1",
    "pkg/apis/batch/v2alpha1",
    "pkg/apis/certificates",
    "pkg/apis/certificates/v1beta1",
    "pkg/apis/extensions",
    "pkg/apis/extensions/v1beta1",
    "pkg/apis/networking",
    "pkg/apis/networking/v1",
    "pkg/apis/policy",
    "pkg/apis/policy/v1beta1",
    "pkg/apis/rbac",
    "pkg/apis/rbac/v1alpha1",
    "pkg/apis/rbac/v1beta1",
    "pkg/apis/settings",
    "pkg/apis/settings/v1alpha1",
    "pkg/apis/storage",
    "pkg/apis/storage/v1",
    "pkg/apis/storage/v1beta1",
    "pkg/util",
    "pkg/util/parsers",
    "pkg/version",
    "plugin/pkg/client/auth",
    "plugin/pkg/client/auth/azure",
    "plugin/pkg/client/auth/gcp",
    "plugin/pkg/client/auth/oidc",
    "rest",
    "rest/watch",
    "third_party/forked/golang/template",
    "tools/auth",
    "tools/cache",
    "tools/clientcmd",
    "tools/clientcmd/api",
    "tools/clientcmd/api/latest",
    "tools/clientcmd/api/v1",
    "tools/metrics",
    "tools/record",
    "transport",
    "util/cert",
    "util/flowcontrol",
    "util/homedir",
    "util/integer",
    "util/jsonpath",
    "util/workqueue",
  ]
  pruneopts = "NUT"
  revision = "df46f7f13b3da19b90b8b4f0d18b8adc6fbf28dc"
  version = "v4.0.0-beta.0"

[[projects]]
  digest = "1:6b2e4d40f4e78acbbdfe656b846a9f68e4c4db2239d219c3ad97535172ed8fb4"
  name = "k8s.io/kubernetes"
  packages = [
    "cmd/kubeadm/app/apis/kubeadm",
    "federation/apis/federation",
    "federation/apis/federation/install",
    "federation/apis/federation/v1beta1",
    "federation/client/clientset_generated/federation_internalclientset",
    "federation/client/clientset_generated/federation_internalclientset/scheme",
    "federation/client/clientset_generated/federation_internalclientset/typed/autoscaling/internalversion",
    "federation/client/clientset_generated/federation_internalclientset/typed/batch/internalversion",
    "federation/client/clientset_generated/federation_internalclientset/typed/core/internalversion",
    "federation/client/clientset_generated/federation_internalclientset/typed/extensions/internalversion",
    "federation/client/clientset_generated/federation_internalclientset/typed/federation/internalversion",
    "pkg/api",
    "pkg/api/events",
    "pkg/api/helper",
    "pkg/api/helper/qos",
    "pkg/api/install",
    "pkg/api/pod",
    "pkg/api/ref",
    "pkg/api/resource",
    "pkg/api/service",
    "pkg/api/util",
    "pkg/api/v1",
    "pkg/api/v1/helper",
    "pkg/api/v1/helper/qos",
    "pkg/api/v1/pod",
    "pkg/api/v1/ref",
    "pkg/api/validation",
    "pkg/apis/admissionregistration",
    "pkg/apis/admissionregistration/install",
    "pkg/apis/admissionregistration/v1alpha1",
    "pkg/apis/apps",
    "pkg/apis/apps/install",
    "pkg/apis/apps/v1beta1",
    "pkg/apis/authentication",
    "pkg/apis/authentication/install",
    "pkg/apis/authentication/v1",
    "pkg/apis/authentication/v1beta1",
    "pkg/apis/authorization",
    "pkg/apis/authorization/install",
    "pkg/apis/authorization/v1",
    "pkg/apis/authorization/v1beta1",
    "pkg/apis/autoscaling",
    "pkg/apis/autoscaling/install",
    "pkg/apis/autoscaling/v1",
    "pkg/apis/autoscaling/v2alpha1",
    "pkg/apis/batch",
    "pkg/apis/batch/install",
    "pkg/apis/batch/v1",
    "pkg/apis/batch/v2alpha1",
    "pkg/apis/certificates",
    "pkg/apis/certificates/install",
    "pkg/apis/certificates/v1beta1",
    "pkg/apis/componentconfig",
    "pkg/apis/componentconfig/install",
    "pkg/apis/componentconfig/v1alpha1",
    "pkg/apis/extensions",
    "pkg/apis/extensions/install",
    "pkg/apis/extensions/v1beta1",
    "pkg/apis/networking",
    "pkg/apis/networking/install",
    "pkg/apis/networking/v1",
    "pkg/apis/policy",
    "pkg/apis/policy/install",
    "pkg/apis/policy/v1beta1",
    "pkg/apis/rbac",
    "pkg/apis/rbac/install",
    "pkg/apis/rbac/v1alpha1",
    "pkg/apis/rbac/v1beta1",
    "pkg/apis/settings",
    "pkg/apis/settings/install",
    "pkg/apis/settings/v1alpha1",
    "pkg/apis/storage",
    "pkg/apis/storage/install",
    "pkg/apis/storage/util",
    "pkg/apis/storage/v1",
    "pkg/apis/storage/v1beta1",
    "pkg/capabilities",
    "pkg/client/clientset_generated/clientset",
    "pkg/client/clientset_generated/clientset/scheme",
    "pkg/client/clientset_generated/clientset/typed/admissionregistration/v1alpha1",
    "pkg/client/clientset_generated/clientset/typed/apps/v1beta1",
    "pkg/client/clientset_generated/clientset/typed/authentication/v1",
    "pkg/client/clientset_generated/clientset/typed/authentication/v1beta1",
    "pkg/client/clientset_generated/clientset/typed/authorization/v1",
    "pkg/client/clientset_generated/clientset/typed/authorization/v1beta1",
    "pkg/client/clientset_generated/clientset/typed/autoscaling/v1",
    "pkg/client/clientset_generated/clientset/typed/autoscaling/v2alpha1",
    "pkg/client/clientset_generated/clientset/typed/batch/v1",
    "pkg/client/clientset_generated/clientset/typed/batch/v2alpha1",
    "pkg/client/clientset_generated/clientset/typed/certificates/v1beta1",
    "pkg/client/clientset_generated/clientset/typed/core/v1",
    "pkg/client/clientset_generated/clientset/typed/extensions/v1beta1",
    "pkg/client/clientset_generated/clientset/typed/networking/v1",
    "pkg/client/clientset_generated/clientset/typed/policy/v1beta1",
    "pkg/client/clientset_generated/clientset/typed/rbac/v1alpha1",
    "pkg/client/clientset_generated/clientset/typed/rbac/v1beta1",
    "pkg/client/clientset_generated/clientset/typed/settings/v1alpha1",
    "pkg/client/clientset_generated/clientset/typed/storage/v1",
    "pkg/client/clientset_generated/clientset/typed/storage/v1beta1",
    "pkg/client/clientset_generated/internalclientset",
    "pkg/client/clientset_generated/internalclientset/scheme",
    "pkg/client/clientset_generated/internalclientset/typed/admissionregistration/internalversion",
    "pkg/client/clientset_generated/internalclientset/typed/apps/internalversion",
    "pkg/client/clientset_generated/internalclientset/typed/authentication/internalversion",
    "pkg/client/clientset_generated/internalclientset/typed/authorization/internalversion",
    "pkg/client/clientset_generated/internalclientset/typed/autoscaling/internalversion",
    "pkg/client/clientset_generated/internalclientset/typed/batch/internalversion",
    "pkg/client/clientset_generated/internalclientset/typed/certificates/internalversion",
    "pkg/client/clientset_generated/internalclientset/typed/core/internalversion",
    "pkg/client/clientset_generated/internalclientset/typed/extensions/internalversion",
    "pkg/client/clientset_generated/internalclientset/typed/networking/internalversion",
    "pkg/client/clientset_generated/internalclientset/typed/policy/internalversion",
    "pkg/client/clientset_generated/internalclientset/typed/rbac/internalversion",
    "pkg/client/clientset_generated/internalclientset/typed/settings/internalversion",
    "pkg/client/clientset_generated/internalclientset/typed/storage/internalversion",
    "pkg/client/informers/informers_generated/externalversions/apps/v1beta1",
    "pkg/client/informers/informers_generated/externalversions/core/v1",
    "pkg/client/informers/informers_generated/externalversions/extensions/v1beta1",
    "pkg/client/informers/informers_generated/externalversions/internalinterfaces",
    "pkg/client/leaderelection/resourcelock",
    "pkg/client/listers/apps/v1beta1",
    "pkg/client/listers/core/v1",
    "pkg/client/listers/extensions/v1beta1",
    "pkg/client/retry",
    "pkg/client/unversioned",
    "pkg/controller",
    "pkg/controller/daemon",
    "pkg/controller/daemon/util",
    "pkg/controller/deployment/util",
    "pkg/credentialprovider",
    "pkg/features",
    "pkg/fieldpath",
    "pkg/kubectl",
    "pkg/kubectl/cmd/util",
    "pkg/kubectl/cmd/util/openapi",
    "pkg/kubectl/plugins",
    "pkg/kubectl/resource",
    "pkg/kubectl/util",
    "pkg/kubelet/apis",
    "pkg/kubelet/qos",
    "pkg/kubelet/types",
    "pkg/master/ports",
    "pkg/printers",
    "pkg/printers/internalversion",
    "pkg/registry/rbac/validation",
    "pkg/security/apparmor",
    "pkg/serviceaccount",
    "pkg/util",
    "pkg/util/exec",
    "pkg/util/hash",
    "pkg/util/labels",
    "pkg/util/metrics",
    "pkg/util/mount",
    "pkg/util/net/sets",
    "pkg/util/node",
    "pkg/util/parsers",
    "pkg/util/slice",
    "pkg/version",
    "pkg/volume/util",
    "plugin/pkg/scheduler/algorithm",
    "plugin/pkg/scheduler/algorithm/predicates",
    "plugin/pkg/scheduler/algorithm/priorities/util",
    "plugin/pkg/scheduler/api",
    "plugin/pkg/scheduler/schedulercache",
    "plugin/pkg/scheduler/util",
  ]
  pruneopts = "NUT"
  revision = "d3ada0119e776222f11ec7945e6d860061339aad"
  version = "v1.7.0"

[[projects]]
  digest = "1:ad9115537c88429538df5839659c53a7eb8410e799b65bc64f0a37fc1542dd49"
  name = "k8s.io/metrics"
  packages = [
    "pkg/apis/metrics",
    "pkg/apis/metrics/v1alpha1",
    "pkg/client/clientset_generated/clientset",
    "pkg/client/clientset_generated/clientset/scheme",
    "pkg/client/clientset_generated/clientset/typed/metrics/v1alpha1",
  ]
  pruneopts = "NUT"
  revision = "02cccda7258b5d9709c19dd7413ccb15e15d03ce"
  version = "kubernetes-1.7.10"

[[projects]]
  digest = "1:2385d1bef8989a5f919a71efee3f337df3f0ad7b29ee23204b5614aad3e3f577"
  name = "vbom.ml/util"
  packages = ["sortorder"]
  pruneopts = "NUT"
  revision = "db5cfe13f5cc80a4990d98e2e1b0707a4d1a5394"

[solve-meta]
  analyzer-name = "dep"
  analyzer-version = 1
  input-imports = [
    "k8s.io/apimachinery/pkg/apis/meta/v1",
    "k8s.io/apimachinery/pkg/apis/meta/v1/unstructured",
    "k8s.io/apimachinery/pkg/util/errors",
    "k8s.io/client-go/kubernetes",
    "k8s.io/client-go/pkg/api/v1",
    "k8s.io/client-go/tools/clientcmd",
    "k8s.io/kubernetes/pkg/kubectl/cmd/util",
    "k8s.io/kubernetes/pkg/kubectl/resource",
  ]
  solver-name = "gps-cdcl"
  solver-version = 1
