# This file is autogenerated, do not edit; changes may be undone by the next 'dep ensure'.


[[projects]]
  digest = "1:c7931499c1ea384e8ddb3d48cb60ecda4136eb84ca8db0b358c5781f5863b9d5"
  name = "cloud.google.com/go"
  packages = [
    "compute/metadata",
    "iam",
    "internal",
    "internal/optional",
    "internal/trace",
    "internal/version",
    "storage",
  ]
  pruneopts = "NUT"
  revision = "0ebda48a7f143b1cce9eb37a8c1106ac762a3430"
  version = "v0.34.0"

[[projects]]
  digest = "1:be9d0b336f649700193093405150f5255553fa4d8388da24361148ce24497914"
  name = "github.com/Azure/azure-sdk-for-go"
  packages = [
    "profiles/2017-03-09/resources/mgmt/resources",
    "profiles/2017-03-09/storage/mgmt/storage",
    "services/resources/mgmt/2016-02-01/resources",
    "services/storage/mgmt/2016-01-01/storage",
    "storage",
    "version",
  ]
  pruneopts = "NUT"
  revision = "v21.3.0"

[[projects]]
  digest = "1:93d8f081b040ce5e96f773682a6931f798da7a0ae3aa877d668b75f93c35fbd9"
  name = "github.com/Azure/go-autorest"
  packages = [
    "autorest",
    "autorest/adal",
    "autorest/azure",
    "autorest/azure/cli",
    "autorest/date",
    "autorest/to",
    "autorest/validation",
    "logger",
    "version",
  ]
  pruneopts = "NUT"
  revision = "v10.15.4"

[[projects]]
  branch = "master"
  digest = "1:b2644fc631c849dc4122f7a33b4462eb9aa5aad165fa6de5fd2a167a46ed6f14"
  name = "github.com/Azure/go-ntlmssp"
  packages = ["."]
  pruneopts = "NUT"
  revision = "4a21cbd618b459155f8b8ee7f4491cd54f5efa77"

[[projects]]
  digest = "1:04e92cbfbbf1a8ff3da2d1b2f74e60e3162fd65954011abfa8d9ab2da5d3e974"
  name = "github.com/ChrisTrenkamp/goxpath"
  packages = [
    ".",
    "internal/execxp",
    "internal/lexer",
    "internal/parser",
    "internal/parser/findutil",
    "internal/parser/intfns",
    "internal/parser/pathexpr",
    "internal/xconst",
    "internal/xsort",
    "tree",
    "tree/xmltree",
    "tree/xmltree/xmlbuilder",
    "tree/xmltree/xmlele",
    "tree/xmltree/xmlnode",
  ]
  pruneopts = "NUT"
  revision = "2ad3b31cf4a21db70fc0cacd0e0120eaae566f98"
  version = "v1.0-alpha3"

[[projects]]
  digest = "1:a1b2cc5ad53b08fbfb4dfe962a2e145325acb4b874ea44beb02d4b5b158c2079"
  name = "github.com/Unknwon/com"
  packages = ["."]
  pruneopts = "NUT"
  revision = "28b053d5a2923b87ce8c5a08f3af779894a72758"
  version = "v1"

[[projects]]
  digest = "1:8bd40ec66a32437126e8ff3080f26b11ca5926917daa01eba1285d0b059416bc"
  name = "github.com/agext/levenshtein"
  packages = ["."]
  pruneopts = "NUT"
  revision = "5f10fee965225ac1eecdc234c09daf5cd9e7f7b6"
  version = "v1.2.1"

[[projects]]
  digest = "1:5900d22a5ed777cba097b39fc2d7cdc7ab80bc15199e50ac5f2a33baaf32419a"
  name = "github.com/aliyun/alibaba-cloud-sdk-go"
  packages = [
    "sdk",
    "sdk/auth",
    "sdk/auth/credentials",
    "sdk/auth/credentials/provider",
    "sdk/auth/signers",
    "sdk/endpoints",
    "sdk/errors",
    "sdk/requests",
    "sdk/responses",
    "sdk/utils",
    "services/location",
    "services/sts",
  ]
  pruneopts = "NUT"
  revision = "6e358769c32a85804dc3d4e6c8c14875338aa97a"

[[projects]]
  digest = "1:c3dc66929476c4784c2313f07c38d444745391d31a3c068a45a570b0d7f41175"
  name = "github.com/aliyun/aliyun-oss-go-sdk"
  packages = ["oss"]
  pruneopts = "NUT"
  revision = "6fcc597ee2b483ef0526e719f4129c8c3f2fc7aa"
  version = "v2.0.3"

[[projects]]
  digest = "1:3d21ba90c050e0d07f6516d97b24e61bd7f61b70eefa32a2c1970f094c2d41bb"
  name = "github.com/aliyun/aliyun-tablestore-go-sdk"
  packages = [
    "tablestore",
    "tablestore/otsprotocol",
    "tablestore/search",
  ]
  pruneopts = "NUT"
  revision = "01f5370d1104a018920faf699dc0aa0d14c62fa2"
  version = "v4.1.3"

[[projects]]
  digest = "1:ef98942770803ae37c4787ad6bf70e401c99834dfba5e3034b97ba7c24e66c10"
  name = "github.com/apparentlymart/go-cidr"
  packages = ["cidr"]
  pruneopts = "NUT"
  revision = "2bd8b58cf4275aeb086ade613de226773e29e853"

[[projects]]
  digest = "1:ca4ebf76293ee2653f577bf737fbcbd90b07abb54c58cf786c02411413e5fa15"
  name = "github.com/apparentlymart/go-textseg"
  packages = ["textseg"]
  pruneopts = "NUT"
  revision = "fb01f485ebef760e5ee06d55e1b07534dda2d295"
  version = "v1.0.0"

[[projects]]
  branch = "master"
  digest = "1:8fc037b5238b59e5d87a2287748aba369a55d44e442a85081909c283f6dd9d71"
  name = "github.com/armon/circbuf"
  packages = ["."]
  pruneopts = "NUT"
  revision = "bbbad097214e2918d8543d5201d12bfd7bca254d"

[[projects]]
  digest = "1:e5ca3dcabf1452b51be600af6e2ce0a93a94978ae231af802cf9736bdbd835cb"
  name = "github.com/armon/go-radix"
  packages = ["."]
  pruneopts = "NUT"
  revision = "1a2de0c21c94309923825da3df33a4381872c795"
  version = "v1.0.0"

[[projects]]
  digest = "1:c1cbd994ab213c81351c143585370a5b10d8533139dac4a5f43541b54416fcbb"
  name = "github.com/aws/aws-sdk-go"
  packages = [
    "aws",
    "aws/arn",
    "aws/awserr",
    "aws/awsutil",
    "aws/client",
    "aws/client/metadata",
    "aws/corehandlers",
    "aws/credentials",
    "aws/credentials/ec2rolecreds",
    "aws/credentials/endpointcreds",
    "aws/credentials/processcreds",
    "aws/credentials/stscreds",
    "aws/crr",
    "aws/csm",
    "aws/defaults",
    "aws/ec2metadata",
    "aws/endpoints",
    "aws/request",
    "aws/session",
    "aws/signer/v4",
    "internal/ini",
    "internal/s3err",
    "internal/sdkio",
    "internal/sdkrand",
    "internal/sdkuri",
    "internal/shareddefaults",
    "private/protocol",
    "private/protocol/eventstream",
    "private/protocol/eventstream/eventstreamapi",
    "private/protocol/json/jsonutil",
    "private/protocol/jsonrpc",
    "private/protocol/query",
    "private/protocol/query/queryutil",
    "private/protocol/rest",
    "private/protocol/restxml",
    "private/protocol/xml/xmlutil",
    "service/dynamodb",
    "service/iam",
    "service/s3",
    "service/sts",
    "service/sts/stsiface",
  ]
  pruneopts = "NUT"
  revision = "7bbe2931d53d4675411814423d8960d7082a8847"
  version = "v1.22.0"

[[projects]]
  branch = "master"
  digest = "1:37011b20a70e205b93ebea5287e1afa5618db54bf3998c36ff5a8e4b146a170a"
  name = "github.com/bgentry/go-netrc"
  packages = ["netrc"]
  pruneopts = "NUT"
  revision = "9fd32a8b3d3d3f9d43c341bfe098430e07609480"

[[projects]]
  digest = "1:aef384a4c419ec6504905842b9c70c6a800d95db9eb7543f54c061f4e3aee23b"
  name = "github.com/bgentry/speakeasy"
  packages = ["."]
  pruneopts = "NUT"
  revision = "4aabc24848ce5fd31929f7d1e4ea74d3709c14cd"
  version = "v0.1.0"

[[projects]]
  digest = "1:aba270497eb2d49f5cba6f4162d524b9a1195a24cbce8be20bf56a0051f47deb"
  name = "github.com/blang/semver"
  packages = ["."]
  pruneopts = "NUT"
  revision = "4a1e882c79dcf4ec00d2e29fac74b9c8938d5052"

[[projects]]
  digest = "1:2352f40df77dec05ec853c63c0226a31343490412528e0345a86e46cece28b15"
  name = "github.com/bmatcuk/doublestar"
  packages = ["."]
  pruneopts = "NUT"
  revision = "2437321e1473408f122a95f65df3d8841fec4fba"
  version = "v1.1.5"

[[projects]]
  digest = "1:5bc013fc648abaa0bd7c78af20ae3c1a8a46c7a540a381f27d0038754c99d413"
  name = "github.com/chzyer/readline"
  packages = ["."]
  pruneopts = "NUT"
  revision = "c914be64f07d9998f52bf0d598ec26d457168c0f"

[[projects]]
  digest = "1:3c7504bc78e0c2ef08ed10fc8d649aba643c7052d5d527f62732ad03ba39556a"
  name = "github.com/coreos/etcd"
  packages = [
    "auth/authpb",
    "client",
    "clientv3",
    "clientv3/concurrency",
    "etcdserver/api/v3rpc/rpctypes",
    "etcdserver/etcdserverpb",
    "mvcc/mvccpb",
    "pkg/pathutil",
    "pkg/srv",
    "pkg/tlsutil",
    "pkg/transport",
    "pkg/types",
    "version",
  ]
  pruneopts = "NUT"
  revision = "6930e471ed55ef89641a658b9fcb777295d5055b"

[[projects]]
  digest = "1:0ef770954bca104ee99b3b6b7f9b240605ac03517d9f98cbc1893daa03f3c038"
  name = "github.com/coreos/go-semver"
  packages = ["semver"]
  pruneopts = "NUT"
  revision = "8ab6407b697782a06568d4b7f1db25550ec2e4c6"
  version = "v0.2.0"

[[projects]]
  digest = "1:a2c1d0e43bd3baaa071d1b9ed72c27d78169b2b269f71c105ac4ba34b1be4a39"
  name = "github.com/davecgh/go-spew"
  packages = ["spew"]
  pruneopts = "NUT"
  revision = "346938d642f2ec3594ed81d874461961cd0faa76"
  version = "v1.1.0"

[[projects]]
  digest = "1:7a6852b35eb5bbc184561443762d225116ae630c26a7c4d90546619f1e7d2ad2"
  name = "github.com/dgrijalva/jwt-go"
  packages = ["."]
  pruneopts = "NUT"
  revision = "06ea1031745cb8b3dab3f6a236daf2b0aa468b7e"
  version = "v3.2.0"

[[projects]]
  branch = "master"
  digest = "1:f9adc21a937e5da643ea14a3488cb7506788876737a5e205394e508627a6eec8"
  name = "github.com/dimchansky/utfbom"
  packages = ["."]
  pruneopts = "NUT"
  revision = "d2133a1ce379ef6fa992b0514a77146c60db9d1c"

[[projects]]
  digest = "1:73523214424821cb767652975a7612403d1f512396bb0e5d9461fbe122d88d13"
  name = "github.com/dylanmei/iso8601"
  packages = ["."]
  pruneopts = "NUT"
  revision = "2075bf119b58e5576c6ed9f867b8f3d17f2e54d4"
  version = "v0.1.0"

[[projects]]
  digest = "1:ade392a843b2035effb4b4a2efa2c3bab3eb29b992e98bacf9c898b0ecb54e45"
  name = "github.com/fatih/color"
  packages = ["."]
  pruneopts = "NUT"
  revision = "5b77d2a35fb0ede96d138fc9a99f5c9b6aef11b4"
  version = "v1.7.0"

[[projects]]
  digest = "1:75950432f44481024ba8aad85092a077420e09529762d1979cb958d84b8ab1b0"
  name = "github.com/golang/protobuf"
  packages = [
    "proto",
    "protoc-gen-go/descriptor",
    "ptypes",
    "ptypes/any",
    "ptypes/duration",
    "ptypes/timestamp",
  ]
  pruneopts = "NUT"
  revision = "6c65a5562fc06764971b7c5d05c76c75e84bdbf7"
  version = "v1.3.2"

[[projects]]
  digest = "1:7f114b78210bf5b75f307fc97cff293633c835bab1e0ea8a744a44b39c042dfe"
  name = "github.com/golang/snappy"
  packages = ["."]
  pruneopts = "NUT"
  revision = "2a8bb927dd31d8daada140a5d09578521ce5c36a"
  version = "v0.0.1"

[[projects]]
  digest = "1:2e3c336fc7fde5c984d2841455a658a6d626450b1754a854b3b32e7a8f49a07a"
  name = "github.com/google/go-cmp"
  packages = [
    "cmp",
    "cmp/internal/diff",
    "cmp/internal/function",
    "cmp/internal/value",
  ]
  pruneopts = "NUT"
  revision = "3af367b6b30c263d47e8895973edcca9a49cf029"
  version = "v0.2.0"

[[projects]]
  digest = "1:a63cff6b5d8b95638bfe300385d93b2a6d9d687734b863da8e09dc834510a690"
  name = "github.com/google/go-querystring"
  packages = ["query"]
  pruneopts = "NUT"
  revision = "44c6ddd0a2342c386950e880b658017258da92fc"
  version = "v1.0.0"

[[projects]]
  digest = "1:ab3ec1fe3e39bac4b3ab63390767766622be35b7cab03f47f787f9ec60522a53"
  name = "github.com/google/uuid"
  packages = ["."]
  pruneopts = "NUT"
  revision = "0cd6bf5da1e1c83f8b45653022c74f71af0538a4"
  version = "v1.1.1"

[[projects]]
  digest = "1:fb9f5147a9d6fc69057d05b0739bcd79562c55db143c3bdacfe1c9c6129461f6"
  name = "github.com/googleapis/gax-go"
  packages = ["."]
  pruneopts = "NUT"
  revision = "b001040cd31805261cbd978842099e326dfa857b"
  version = "v2.0.2"

[[projects]]
  digest = "1:9bfc39387480629db1ae6e972abfa5de0aa4ed48fc5914a559b27133326704dd"
  name = "github.com/gophercloud/gophercloud"
  packages = [
    ".",
    "internal",
    "openstack",
    "openstack/blockstorage/extensions/volumeactions",
    "openstack/blockstorage/v1/volumes",
    "openstack/blockstorage/v2/snapshots",
    "openstack/blockstorage/v2/volumes",
    "openstack/blockstorage/v3/snapshots",
    "openstack/blockstorage/v3/volumes",
    "openstack/compute/v2/extensions/attachinterfaces",
    "openstack/compute/v2/extensions/availabilityzones",
    "openstack/compute/v2/extensions/bootfromvolume",
    "openstack/compute/v2/extensions/floatingips",
    "openstack/compute/v2/extensions/keypairs",
    "openstack/compute/v2/extensions/schedulerhints",
    "openstack/compute/v2/extensions/secgroups",
    "openstack/compute/v2/extensions/servergroups",
    "openstack/compute/v2/extensions/startstop",
    "openstack/compute/v2/extensions/tenantnetworks",
    "openstack/compute/v2/extensions/volumeattach",
    "openstack/compute/v2/flavors",
    "openstack/compute/v2/images",
    "openstack/compute/v2/servers",
    "openstack/containerinfra/v1/clusters",
    "openstack/containerinfra/v1/clustertemplates",
    "openstack/db/v1/configurations",
    "openstack/db/v1/databases",
    "openstack/db/v1/datastores",
    "openstack/db/v1/instances",
    "openstack/db/v1/users",
    "openstack/dns/v2/recordsets",
    "openstack/dns/v2/zones",
    "openstack/identity/v2/tenants",
    "openstack/identity/v2/tokens",
    "openstack/identity/v3/endpoints",
    "openstack/identity/v3/groups",
    "openstack/identity/v3/projects",
    "openstack/identity/v3/roles",
    "openstack/identity/v3/services",
    "openstack/identity/v3/tokens",
    "openstack/identity/v3/users",
    "openstack/imageservice/v2/imagedata",
    "openstack/imageservice/v2/images",
    "openstack/networking/v2/extensions/attributestags",
    "openstack/networking/v2/extensions/external",
    "openstack/networking/v2/extensions/extradhcpopts",
    "openstack/networking/v2/extensions/fwaas/firewalls",
    "openstack/networking/v2/extensions/fwaas/policies",
    "openstack/networking/v2/extensions/fwaas/routerinsertion",
    "openstack/networking/v2/extensions/fwaas/rules",
    "openstack/networking/v2/extensions/layer3/addressscopes",
    "openstack/networking/v2/extensions/layer3/floatingips",
    "openstack/networking/v2/extensions/layer3/routers",
    "openstack/networking/v2/extensions/lbaas/members",
    "openstack/networking/v2/extensions/lbaas/monitors",
    "openstack/networking/v2/extensions/lbaas/pools",
    "openstack/networking/v2/extensions/lbaas/vips",
    "openstack/networking/v2/extensions/lbaas_v2/l7policies",
    "openstack/networking/v2/extensions/lbaas_v2/listeners",
    "openstack/networking/v2/extensions/lbaas_v2/loadbalancers",
    "openstack/networking/v2/extensions/lbaas_v2/monitors",
    "openstack/networking/v2/extensions/lbaas_v2/pools",
    "openstack/networking/v2/extensions/provider",
    "openstack/networking/v2/extensions/security/groups",
    "openstack/networking/v2/extensions/security/rules",
    "openstack/networking/v2/extensions/subnetpools",
    "openstack/networking/v2/extensions/trunks",
    "openstack/networking/v2/extensions/vlantransparent",
    "openstack/networking/v2/extensions/vpnaas/endpointgroups",
    "openstack/networking/v2/extensions/vpnaas/ikepolicies",
    "openstack/networking/v2/extensions/vpnaas/ipsecpolicies",
    "openstack/networking/v2/extensions/vpnaas/services",
    "openstack/networking/v2/extensions/vpnaas/siteconnections",
    "openstack/networking/v2/networks",
    "openstack/networking/v2/ports",
    "openstack/networking/v2/subnets",
    "openstack/objectstorage/v1/accounts",
    "openstack/objectstorage/v1/containers",
    "openstack/objectstorage/v1/objects",
    "openstack/objectstorage/v1/swauth",
    "openstack/sharedfilesystems/v2/errors",
    "openstack/sharedfilesystems/v2/messages",
    "openstack/sharedfilesystems/v2/securityservices",
    "openstack/sharedfilesystems/v2/sharenetworks",
    "openstack/sharedfilesystems/v2/shares",
    "openstack/sharedfilesystems/v2/snapshots",
    "openstack/utils",
    "pagination",
  ]
  pruneopts = "NUT"
  revision = "bc37892e196848d7d56ba0db974ba1d7d5c43b2a"

[[projects]]
  digest = "1:4a14c92687d36a3875744de509bae52334a00ba487eb285b8a57645ec46acc7e"
  name = "github.com/gophercloud/utils"
  packages = ["openstack/clientconfig"]
  pruneopts = "NUT"
  revision = "fbb6ab446f0167dfa4d25b8eb0c0d2f873924516"

[[projects]]
  digest = "1:df21c2ff4fa960870ca75c87a68810a6f02b245b4de81528fd02ce99d1b35953"
  name = "github.com/hashicorp/aws-sdk-go-base"
  packages = ["."]
  pruneopts = "NUT"
  revision = "51281492b48141180c0d50b814d73b7d438872db"
  version = "v0.3.0"

[[projects]]
  digest = "1:37877ecd3c3caa4dcf50975a009563beeb7525670c43d618edaa9cea62a17766"
  name = "github.com/hashicorp/consul"
  packages = ["api"]
  pruneopts = "NUT"
  revision = "610f3c86a089817b5bd5729a3b8c2db33a9ae2b0"

[[projects]]
  digest = "1:f0d9d74edbd40fdeada436d5ac9cb5197407899af3fef85ff0137077ffe8ae19"
  name = "github.com/hashicorp/errwrap"
  packages = ["."]
  pruneopts = "NUT"
  revision = "8a6fb523712970c966eefc6b39ed2c5e74880354"
  version = "v1.0.0"

[[projects]]
  digest = "1:c630867cfd9109f3f346f9c1575001c0ffd8ca377fe4bd16231ce0f58923bee1"
  name = "github.com/hashicorp/go-azure-helpers"
  packages = ["authentication"]
  pruneopts = "NUT"
  revision = "166dfd221bb20c95f9db5be961c647a67646831e"

[[projects]]
  digest = "1:abc9bb3c024dcf91a5f9dfb5213b5524e654c615a3379b88b9e5fcc72a2e564f"
  name = "github.com/hashicorp/go-cleanhttp"
  packages = ["."]
  pruneopts = "NUT"
  revision = "06c9ea3a335b7443026f8124b22619524420291b"

[[projects]]
  digest = "1:c5c2f853fba13335d051942fd5b8dd7e9765cb732b8854d57b5dd2decd3bc919"
  name = "github.com/hashicorp/go-getter"
  packages = [
    ".",
    "helper/url",
  ]
  pruneopts = "NUT"
  revision = "7009632e33a298df49bd8e29c49d8303c7aa8735"
  version = "v1.4.0"

[[projects]]
  branch = "master"
  digest = "1:26159b03ea04b155cb70d071c32bf599f0519548f8724be87df85fe8fd0a33a3"
  name = "github.com/hashicorp/go-hclog"
  packages = ["."]
  pruneopts = "NUT"
  revision = "61d530d6c27f994fb6c83b80f99a69c54125ec8a"

[[projects]]
  digest = "1:2ed138049ab373f696db2081ca48f15c5abdf20893803612a284f2bdce2bf443"
  name = "github.com/hashicorp/go-multierror"
  packages = ["."]
  pruneopts = "NUT"
  revision = "886a7fbe3eb1c874d46f623bfa70af45f425b3d1"
  version = "v1.0.0"

[[projects]]
  digest = "1:980fd2c6afd6c268284d46dd66671771184a4002f6d516492cc596d2ca003543"
  name = "github.com/hashicorp/go-plugin"
  packages = [
    ".",
    "internal/plugin",
  ]
  pruneopts = "NUT"
  revision = "a1bc61569a26c0f65865932c0d55743b0567c494"

[[projects]]
  digest = "1:6b405a8f146477e21c717a7848215ffeeb416d7670d07d2c2117bc88a071156b"
  name = "github.com/hashicorp/go-retryablehttp"
  packages = ["."]
  pruneopts = "NUT"
  revision = "v0.5.2"

[[projects]]
  branch = "master"
  digest = "1:cdb5ce76cd7af19e3d2d5ba9b6458a2ee804f0d376711215dd3df5f51100d423"
  name = "github.com/hashicorp/go-rootcerts"
  packages = ["."]
  pruneopts = "NUT"
  revision = "6bb64b370b90e7ef1fa532be9e591a81c3493e00"

[[projects]]
  digest = "1:fbab03227343a0285fc74a68dd2ff46cda7edecbbe5a3e98d2cecd00cc67b217"
  name = "github.com/hashicorp/go-safetemp"
  packages = ["."]
  pruneopts = "NUT"
  revision = "c9a55de4fe06c920a71964b53cfe3dd293a3c743"
  version = "v1.0.0"

[[projects]]
  digest = "1:c7caa5a29056e5f77fd0caf6f4df8ac37fefe93e15d94c2db567d48290575194"
  name = "github.com/hashicorp/go-slug"
  packages = ["."]
  pruneopts = "NUT"
  revision = "v0.3.0"

[[projects]]
  digest = "1:8d30d9b5de0ac64c8fa46a4b50cda851e83bc8d732c80186b0c3c92adb363a5d"
  name = "github.com/hashicorp/go-tfe"
  packages = ["."]
  pruneopts = "NUT"
  revision = "v0.3.16"

[[projects]]
  digest = "1:d8009a14523264dcff937ddfee657a561b06a8e4c989bd93454ea7818ed8b8f5"
  name = "github.com/hashicorp/go-uuid"
  packages = ["."]
  pruneopts = "NUT"
  revision = "36289988d83ca270bc07c234c36f364b0dd9c9a7"

[[projects]]
  digest = "1:c7d9de42b661ba85788f5f631cbac165795a2ff7dc1c59a4241d6228b129c3e4"
  name = "github.com/hashicorp/go-version"
  packages = ["."]
  pruneopts = "NUT"
  revision = "v1.1.0"

[[projects]]
  digest = "1:67474f760e9ac3799f740db2c489e6423a4cde45520673ec123ac831ad849cb8"
  name = "github.com/hashicorp/golang-lru"
  packages = ["simplelru"]
  pruneopts = "NUT"
  revision = "7087cb70de9f7a8bc0a10c375cb0d2280a8edf9c"
  version = "v0.5.1"

[[projects]]
  digest = "1:3d18c5b6e5e5a145ffb384c6d7c4048d8aba7c4be37458a67047957b1cba265b"
  name = "github.com/hashicorp/hcl"
  packages = [
    ".",
    "hcl/ast",
    "hcl/parser",
    "hcl/printer",
    "hcl/scanner",
    "hcl/strconv",
    "hcl/token",
    "json/parser",
    "json/scanner",
    "json/token",
  ]
  pruneopts = "NUT"
  revision = "a4b07c25de5ff55ad3b8936cea69a79a3d95a855"

[[projects]]
  digest = "1:cdf1f8c312226b003dd0151cc44c006196ad468cfe3a86aea44c090a757a25d5"
  name = "github.com/hashicorp/hcl2"
  packages = [
    "ext/dynblock",
    "ext/typeexpr",
    "gohcl",
    "hcl",
    "hcl/hclsyntax",
    "hcl/json",
    "hcldec",
    "hcled",
    "hclparse",
    "hclwrite",
  ]
  pruneopts = "NUT"
  revision = "0c888d1241f6523caa75fd64dfcf8d3b610c77f9"

[[projects]]
  branch = "master"
  digest = "1:0ba5dadb581f036a9d1e7a6fa9101ace3291334c86c1a6965adc43de64b2df3e"
  name = "github.com/hashicorp/hil"
  packages = [
    ".",
    "ast",
    "parser",
    "scanner",
  ]
  pruneopts = "NUT"
  revision = "fa9f258a92500514cc8e9c67020487709df92432"

[[projects]]
  digest = "1:9e12c5649c4b1a47e113593d61acf2eb131dad59fea70a05111a89fa4aead0ee"
  name = "github.com/hashicorp/logutils"
  packages = ["."]
  pruneopts = "NUT"
  revision = "a335183dfd075f638afcc820c90591ca3c97eba6"
  version = "v1.0.0"

[[projects]]
  digest = "1:633ec43c62d2e769678c78d7104b352c52b6f42ff1b754c70645621120e65a59"
  name = "github.com/hashicorp/serf"
  packages = ["coordinate"]
  pruneopts = "NUT"
  revision = "c20a0b1b1ea9eb8168bcdec0116688fa9254e449"

[[projects]]
  digest = "1:b7306029eb731c9fe63968b238c5165d10779b27cc9a632aaeab956fbd91bbb9"
  name = "github.com/hashicorp/terraform"
  packages = [
    "addrs",
    "backend",
    "backend/atlas",
    "backend/init",
    "backend/local",
    "backend/remote",
    "backend/remote-state/artifactory",
    "backend/remote-state/azure",
    "backend/remote-state/consul",
    "backend/remote-state/etcdv2",
    "backend/remote-state/etcdv3",
    "backend/remote-state/gcs",
    "backend/remote-state/http",
    "backend/remote-state/inmem",
    "backend/remote-state/manta",
    "backend/remote-state/oss",
    "backend/remote-state/pg",
    "backend/remote-state/s3",
    "backend/remote-state/swift",
    "builtin/providers/terraform",
    "builtin/provisioners/chef",
    "builtin/provisioners/file",
    "builtin/provisioners/habitat",
    "builtin/provisioners/local-exec",
    "builtin/provisioners/puppet",
    "builtin/provisioners/puppet/bolt",
    "builtin/provisioners/remote-exec",
    "builtin/provisioners/salt-masterless",
    "command",
    "command/cliconfig",
    "command/clistate",
    "command/format",
    "command/jsonconfig",
    "command/jsonplan",
    "command/jsonprovider",
    "command/jsonstate",
    "command/webbrowser",
    "communicator",
    "communicator/remote",
    "communicator/shared",
    "communicator/ssh",
    "communicator/winrm",
    "config",
    "configs",
    "configs/configload",
    "configs/configschema",
    "configs/configupgrade",
    "configs/hcl2shim",
    "dag",
    "flatmap",
    "helper/acctest",
    "helper/config",
    "helper/customdiff",
    "helper/didyoumean",
    "helper/encryption",
    "helper/experiment",
    "helper/hashcode",
    "helper/hilmapstructure",
    "helper/logging",
    "helper/mutexkv",
    "helper/pathorcontents",
    "helper/plugin",
    "helper/resource",
    "helper/schema",
    "helper/slowmessage",
    "helper/structure",
    "helper/validation",
    "helper/wrappedreadline",
    "helper/wrappedstreams",
    "httpclient",
    "internal/earlyconfig",
    "internal/initwd",
    "internal/modsdir",
    "internal/tfplugin5",
    "lang",
    "lang/blocktoattr",
    "lang/funcs",
    "moduledeps",
    "plans",
    "plans/internal/planproto",
    "plans/objchange",
    "plans/planfile",
    "plugin",
    "plugin/convert",
    "plugin/discovery",
    "providers",
    "provisioners",
    "registry",
    "registry/regsrc",
    "registry/response",
    "repl",
    "state",
    "state/remote",
    "states",
    "states/statefile",
    "states/statemgr",
    "svchost",
    "svchost/auth",
    "svchost/disco",
    "terraform",
    "tfdiags",
    "version",
  ]
  pruneopts = "NUT"
  revision = "abec0acf40d8e31ac612a244cf3886fb3bcce0bb"
  version = "v0.12.9"

[[projects]]
  branch = "master"
  digest = "1:edadaf345cfd25b5e3284ed7e602f910e4c617e80dcb2a355e6c8cd9ece51ab9"
  name = "github.com/hashicorp/terraform-config-inspect"
  packages = ["tfconfig"]
  pruneopts = "NUT"
  revision = "8022a2663a706bf2f36bfaf7968a9234f9e5a571"

[[projects]]
  digest = "1:5695ac87d980fafd6440c8ad570eb518e4eded627e37b12b484807720619aff0"
  name = "github.com/hashicorp/vault"
  packages = [
    "helper/compressutil",
    "helper/jsonutil",
    "helper/pgpkeys",
  ]
  pruneopts = "NUT"
  revision = "0082501623c0b704b87b1fbc84c2d725994bac54"
  version = "v1.1.2"

[[projects]]
  branch = "master"
  digest = "1:8deb0c5545c824dfeb0ac77ab8eb67a3d541eab76df5c85ce93064ef02d44cd0"
  name = "github.com/hashicorp/yamux"
  packages = ["."]
  pruneopts = "NUT"
  revision = "2f1d1f20f75d5404f53b9edf6b53ed5505508675"

[[projects]]
  digest = "1:1f2aebae7e7c856562355ec0198d8ca2fa222fb05e5b1b66632a1fce39631885"
  name = "github.com/jmespath/go-jmespath"
  packages = ["."]
  pruneopts = "NUT"
  revision = "c2b33e8439af944379acbdd9c3a5fe0bc44bd8a5"

[[projects]]
  digest = "1:32ee30744e4b027390dd8534afde21e5a32b9dc27ecebb0c7aa89d0c13e39e81"
  name = "github.com/joyent/triton-go"
  packages = [
    ".",
    "authentication",
    "client",
    "errors",
    "storage",
  ]
  pruneopts = "NUT"
  revision = "d8f9c031492688b4b62b7fd29b1edd9897400c4e"
  version = "1.1.1"

[[projects]]
  digest = "1:92f6419f388bd31a433b1388910f15a882c9980e383e89ebf8fb2524583707ac"
  name = "github.com/json-iterator/go"
  packages = ["."]
  pruneopts = "NUT"
  revision = "27518f6661eba504be5a7a9a9f6d9460d892ade3"
  version = "v1.1.7"

[[projects]]
  digest = "1:2e0b4ec428490f13242b7aa9b2cfa6b6c6ef5598d90a5736a4cd522d233ef963"
  name = "github.com/kardianos/osext"
  packages = ["."]
  pruneopts = "NUT"
  revision = "c2c54e542fb797ad986b31721e1baedf214ca413"

[[projects]]
  branch = "master"
  digest = "1:f107e0dd4f6c7c21f2db6d818b5520855672e7e803b57c177ec288f49c8754e6"
  name = "github.com/keybase/go-crypto"
  packages = [
    "brainpool",
    "cast5",
    "curve25519",
    "ed25519",
    "ed25519/internal/edwards25519",
    "openpgp",
    "openpgp/armor",
    "openpgp/ecdh",
    "openpgp/elgamal",
    "openpgp/errors",
    "openpgp/packet",
    "openpgp/s2k",
    "rsa",
  ]
  pruneopts = "NUT"
  revision = "b785b22cc75714432d7ebf0b554dfafaff608671"

[[projects]]
  digest = "1:3493089e5754b1471b97e783de2fb38f5bd4b68728d09046ec4a1e7e6ec48574"
  name = "github.com/lib/pq"
  packages = [
    ".",
    "oid",
    "scram",
  ]
  pruneopts = "NUT"
  revision = "bc6a3c0594130b1e34005880bc600b6d3f49fa7f"
  version = "v1.1.1"

[[projects]]
  digest = "1:d5e9c95731e57287855e6de103947e8142689e886f43a5e367a24a87902f0cd5"
  name = "github.com/lusis/go-artifactory"
  packages = ["src/artifactory.v401"]
  pruneopts = "NUT"
  revision = "7e4ce345df825841661d1b3ffbb1327083d4a22f"

[[projects]]
  digest = "1:13ada91f079028d1b4ca88e10a16439dcfa6541d26ed2e61e770f56d06301933"
  name = "github.com/marstr/guid"
  packages = ["."]
  pruneopts = "NUT"
  revision = "8bd9a64bf37eb297b492a4101fb28e80ac0b290f"
  version = "v1.1.0"

[[projects]]
  branch = "master"
  digest = "1:a7c1ab68a6cdeffcb148dc0d8b92c897f034aa38f58b69eab9bc6e77645b26fb"
  name = "github.com/masterzen/simplexml"
  packages = ["dom"]
  pruneopts = "NUT"
  revision = "4572e39b1ab9fe03ee513ce6fc7e289e98482190"

[[projects]]
  branch = "master"
  digest = "1:eaeb847e92b41f1f3adeb22faf505a7f89176b34593317b5903bf574bf473312"
  name = "github.com/masterzen/winrm"
  packages = [
    ".",
    "soap",
  ]
  pruneopts = "NUT"
  revision = "a196a4ff2a86e262d40284f34b6d5bf328d22d29"

[[projects]]
  digest = "1:08c231ec84231a7e23d67e4b58f975e1423695a32467a362ee55a803f9de8061"
  name = "github.com/mattn/go-colorable"
  packages = ["."]
  pruneopts = "NUT"
  revision = "167de6bfdfba052fa6b2d3664c8f5272e23c9072"
  version = "v0.0.9"

[[projects]]
  digest = "1:bffa444ca07c69c599ae5876bc18b25bfd5fa85b297ca10a25594d284a7e9c5d"
  name = "github.com/mattn/go-isatty"
  packages = ["."]
  pruneopts = "NUT"
  revision = "6ca4dbf54d38eea1a992b3c722a76a5d1c4cb25c"
  version = "v0.0.4"

[[projects]]
  digest = "1:874dbb1944c970cb6c5c683cc947b7a849b5fb2e6bdce41b1f95b3187916ed4b"
  name = "github.com/mitchellh/cli"
  packages = ["."]
  pruneopts = "NUT"
  revision = "3d22a244be8aa6fb16ac24af0e195c08b7d973aa"
  version = "v1.0.0"

[[projects]]
  branch = "master"
  digest = "1:58ed95018a7eb9f94125846e7cf1f12843c0d46308e9a7a6a58e895270da5b99"
  name = "github.com/mitchellh/colorstring"
  packages = ["."]
  pruneopts = "NUT"
  revision = "8631ce90f28644f54aeedcb3e389a85174e067d1"

[[projects]]
  digest = "1:1e5a8bf6fb005f1808852ad1a4bedb7b4b3291af90dec12c4c9e4a955a42c9b2"
  name = "github.com/mitchellh/copystructure"
  packages = ["."]
  pruneopts = "NUT"
  revision = "d23ffcb85de31694d6ccaa23ccb4a03e55c1303f"

[[projects]]
  branch = "master"
  digest = "1:f9f72e583aaacf1d1ac5d6121abd4afd3c690baa9e14e1d009df26bf831ba347"
  name = "github.com/mitchellh/go-homedir"
  packages = ["."]
  pruneopts = "NUT"
  revision = "af06845cf3004701891bf4fdb884bfe4920b3727"

[[projects]]
  branch = "master"
  digest = "1:f202ed5030198dd75b951732f403846323ed4ba17c84f61db6f98988c9343f32"
  name = "github.com/mitchellh/go-linereader"
  packages = ["."]
  pruneopts = "NUT"
  revision = "07bab5fdd9580500aea6ada0e09df4aa28e68abd"

[[projects]]
  digest = "1:18b773b92ac82a451c1276bd2776c1e55ce057ee202691ab33c8d6690efcc048"
  name = "github.com/mitchellh/go-testing-interface"
  packages = ["."]
  pruneopts = "NUT"
  revision = "6d0b8010fcc857872e42fc6c931227569016843c"
  version = "v1.0.0"

[[projects]]
  digest = "1:9f63926f52745d1f9d6053f8fbbb3bd3983c2c97c0565957e682b8d2f7aad3af"
  name = "github.com/mitchellh/go-wordwrap"
  packages = ["."]
  pruneopts = "NUT"
  revision = "ad45545899c7b13c020ea92b2072220eefad42b8"

[[projects]]
  digest = "1:59305c5c54f085432aaef93b1aa3dd4ae6b6dd62dc01a37bcbec60810e7b9aef"
  name = "github.com/mitchellh/hashstructure"
  packages = ["."]
  pruneopts = "NUT"
  revision = "6b17d669fac5e2f71c16658d781ec3fdd3802b69"

[[projects]]
  digest = "1:c7fe3a5aad0ae944376d50572fb8249580562d4331b9a1c0a9da9610336688aa"
  name = "github.com/mitchellh/mapstructure"
  packages = ["."]
  pruneopts = "NUT"
  revision = "53818660ed4955e899c0bcafa97299a388bd7c8e"

[[projects]]
  digest = "1:d68175c0e86986e7a61ca701fbcddbd173d5bd30890547056dab8a91a65b8398"
  name = "github.com/mitchellh/panicwrap"
  packages = ["."]
  pruneopts = "NUT"
  revision = "ba9e1a65e0f7975f055d50a2c0201c50d941c24c"

[[projects]]
  digest = "1:44e35ced240c6d8316dc8d604a73774ab052d40ebe636fd8f2ba5934f6329034"
  name = "github.com/mitchellh/reflectwalk"
  packages = ["."]
  pruneopts = "NUT"
  revision = "63d60e9d0dbc60cf9164e6510889b0db6683d98c"

[[projects]]
  digest = "1:2f42fa12d6911c7b7659738758631bec870b7e9b4c6be5444f963cdcfccc191f"
  name = "github.com/modern-go/concurrent"
  packages = ["."]
  pruneopts = "NUT"
  revision = "bacd9c7ef1dd9b15be4a9909b8ac7a4e313eec94"
  version = "1.0.3"

[[projects]]
  digest = "1:c6aca19413b13dc59c220ad7430329e2ec454cc310bc6d8de2c7e2b93c18a0f6"
  name = "github.com/modern-go/reflect2"
  packages = ["."]
  pruneopts = "NUT"
  revision = "4b7aa43c6742a2c18fdef89dd197aaae7dac7ccd"
  version = "1.0.1"

[[projects]]
  branch = "master"
  digest = "1:16bbae9910129be5a18b951eabacd54414d3faea094dfab92bb3c84884d46b11"
  name = "github.com/nu7hatch/gouuid"
  packages = ["."]
  pruneopts = "NUT"
  revision = "179d4d0c4d8d407a32af483c2354df1d2c91e6c3"

[[projects]]
  digest = "1:3b517122f3aad1ecce45a630ea912b3092b4729f25532a911d0cb2935a1f9352"
  name = "github.com/oklog/run"
  packages = ["."]
  pruneopts = "NUT"
  revision = "4dadeb3030eda0273a12382bb2348ffc7c9d1a39"
  version = "v1.0.0"

[[projects]]
  digest = "1:b001460ea94194a5d9961274289ff5b64af7eeb724c474ce6188a4eb33bd2a0f"
  name = "github.com/packer-community/winrmcp"
  packages = ["winrmcp"]
  pruneopts = "NUT"
  revision = "81144009af586de8e7729b829266f09dd0d59701"

[[projects]]
  digest = "1:1bf95fa61209ea03139b5708ea26a364209f99a4fb70990a2697070588c156ab"
  name = "github.com/pierrec/lz4"
  packages = [
    ".",
    "internal/xxh32",
  ]
  pruneopts = "NUT"
  revision = "d705d4371bfccdf47f10e45584e896026c83616f"
  version = "v2.2.3"

[[projects]]
  branch = "master"
  digest = "1:3c47bdd19ee30cc18546c0003a69a08908e86b2ea3e435be78e337575271e83b"
  name = "github.com/pkg/browser"
  packages = ["."]
  pruneopts = "NUT"
  revision = "0a3d74bf9ce488f035cf5bc36f753a711bc74334"

[[projects]]
  branch = "master"
  digest = "1:75386ee8a7a1b23cef8dc0d18f689834706742fd18c3046b6d7186a4e9c18c37"
  name = "github.com/pkg/errors"
  packages = ["."]
  pruneopts = "NUT"
  revision = "059132a15dd08d6704c67711dae0cf35ab991756"

[[projects]]
  digest = "1:c359cc663b8180bc03e78ee9faea32b4e519b21c21ad168b3699c477c440a095"
  name = "github.com/posener/complete"
  packages = [
    ".",
    "cmd",
    "cmd/install",
    "match",
  ]
  pruneopts = "NUT"
  revision = "3ef9b31a6a0613ae832e7ecf208374027c3b2343"
  version = "v1.2.1"

[[projects]]
  digest = "1:6bc0652ea6e39e22ccd522458b8bdd8665bf23bdc5a20eec90056e4dc7e273ca"
  name = "github.com/satori/go.uuid"
  packages = ["."]
  pruneopts = "NUT"
  revision = "f58768cc1a7a7e77a3bd49e98cdd21419399b6a3"
  version = "v1.2.0"

[[projects]]
  digest = "1:6792bb72ea0e7112157d02e4e175cd421b43d004a853f56316a19beca6e0c074"
  name = "github.com/spf13/afero"
  packages = [
    ".",
    "mem",
  ]
  pruneopts = "NUT"
  revision = "588a75ec4f32903aa5e39a2619ba6a4631e28424"
  version = "v1.2.2"

[[projects]]
  digest = "1:58752107b48e9f8925373932d47e6b8368b1398f8847ed0990d4739b469b61d5"
  name = "github.com/svanharmelen/jsonapi"
  packages = ["."]
  pruneopts = "NUT"
  revision = "46d3ced0434461be12e555852e2f1a9ed382e139"
  version = "1.0.0"

[[projects]]
  digest = "1:5aa2efca6b6848b845fd05b5898762c343844d50ee3f65e62efa6cf8ec1d8ad0"
  name = "github.com/terraform-providers/terraform-provider-openstack"
  packages = ["openstack"]
  pruneopts = "NUT"
  revision = "v1.15.0"

[[projects]]
  digest = "1:6f841ce38da42c2cb2fa1c16d801942b354800eacb2a7bdf02b4fe24a151f7b8"
  name = "github.com/ugorji/go"
  packages = ["codec"]
  pruneopts = "NUT"
  revision = "ded73eae5db7e7a0ef6f55aace87a2873c5d2b74"

[[projects]]
  digest = "1:5f252b001e9573efb54ffae53b96bb5bfa4963afec4f35d607121ebb4a4dff81"
  name = "github.com/ulikunitz/xz"
  packages = [
    ".",
    "internal/hash",
    "internal/xlog",
    "lzma",
  ]
  pruneopts = "NUT"
  revision = "590df8077fbcb06ad62d7714da06c00e5dd2316d"
  version = "v0.5.5"

[[projects]]
  digest = "1:7b53b0dc47189877f83010e487f64ea26eea397e0846fce2068a0f7f8bae275f"
  name = "github.com/vmihailenco/msgpack"
  packages = [
    ".",
    "codes",
  ]
  pruneopts = "NUT"
  revision = "c2fc210f30a2aca9db880cc017a92c169c999253"
  version = "v4.0.4"

[[projects]]
  digest = "1:3148cb3478c26a92b4c1a18abb9428234b281e278af6267840721a24b6cbc6a3"
  name = "github.com/xanzy/ssh-agent"
  packages = ["."]
  pruneopts = "NUT"
  revision = "640f0ab560aeb89d523bb6ac322b1244d5c3796c"
  version = "v0.2.0"

[[projects]]
  digest = "1:26298362c8fb8e4afbd904f69fabf524efa3e8c00718ff5cf71ba633174ca051"
  name = "github.com/xlab/treeprint"
  packages = ["."]
  pruneopts = "NUT"
  revision = "1d6e342255576c977e946a2384fc487a22d3fceb"

[[projects]]
  digest = "1:930282caabe5c7a76835159409d95ebe42bbd25b6bb14e2f31eb57e2c5d703a0"
  name = "github.com/zclconf/go-cty"
  packages = [
    "cty",
    "cty/convert",
    "cty/function",
    "cty/function/stdlib",
    "cty/gocty",
    "cty/json",
    "cty/msgpack",
    "cty/set",
  ]
  pruneopts = "NUT"
  revision = "01e2a242a65eb6f8ee372ddcea68c111fd4da15e"
  version = "v1.1.0"

[[projects]]
  digest = "1:5d9f365c4be0f02ad29f31b0cf9269de56586f92c86459c6e4e09a1dc9ad4cc6"
  name = "github.com/zclconf/go-cty-yaml"
  packages = ["."]
  pruneopts = "NUT"
  revision = "bc34c981dadb5ed30af852693e3aba8fb6546f42"
  version = "v1.0.1"

[[projects]]
  digest = "1:be22c606f46c88c1055ae313e8d61f6dfa94a7ebdde57cda16b75cffef585b7c"
  name = "go.opencensus.io"
  packages = [
    ".",
    "internal",
    "internal/tagencoding",
    "metric/metricdata",
    "metric/metricproducer",
    "plugin/ochttp",
    "plugin/ochttp/propagation/b3",
    "resource",
    "stats",
    "stats/internal",
    "stats/view",
    "tag",
    "trace",
    "trace/internal",
    "trace/propagation",
    "trace/tracestate",
  ]
  pruneopts = "NUT"
  revision = "43463a80402d8447b7fce0d2c58edf1687ff0b58"
  version = "v0.19.3"

[[projects]]
  branch = "master"
  digest = "1:78c7ccec72ed2c3a3f9e53b4e01fe79c7748400ce3f1ef12b32246fbf2667dba"
  name = "golang.org/x/crypto"
  packages = [
    "bcrypt",
    "blowfish",
    "cast5",
    "curve25519",
    "ed25519",
    "ed25519/internal/edwards25519",
    "internal/chacha20",
    "internal/subtle",
    "md4",
    "openpgp",
    "openpgp/armor",
    "openpgp/elgamal",
    "openpgp/errors",
    "openpgp/packet",
    "openpgp/s2k",
    "pkcs12",
    "pkcs12/internal/rc2",
    "poly1305",
    "ssh",
    "ssh/agent",
    "ssh/knownhosts",
  ]
  pruneopts = "NUT"
  revision = "505ab145d0a99da450461ae2c1a9f6cd10d1f447"

[[projects]]
  digest = "1:1519760444b90c560eb01373869bc66fd539e6fe1bf77af22047c43edc40ab35"
  name = "golang.org/x/oauth2"
  packages = [
    ".",
    "google",
    "internal",
    "jws",
    "jwt",
  ]
  pruneopts = "NUT"
  revision = "0f29369cfe4552d0e4bcddc57cc75f4d7e672a33"

[[projects]]
  branch = "master"
  digest = "1:d504c2e2a9d57c644347bac08e4e883399a158510e260d21b8ab6b8ea5ef63d5"
  name = "golang.org/x/sys"
  packages = [
    "unix",
    "windows",
  ]
  pruneopts = "NUT"
  revision = "70b957f3b65e069b4930ea94e2721eefa0f8f695"

[[projects]]
  digest = "1:a95288ef1ef4dfad6cba7fe30843e1683f71bc28c912ca1ba3f6a539d44db739"
  name = "golang.org/x/text"
  packages = [
    "internal/gen",
    "internal/tag",
    "internal/triegen",
    "internal/ucd",
    "language",
    "transform",
    "unicode/cldr",
    "unicode/norm",
  ]
  pruneopts = "NUT"
  revision = "f21a4dfb5e38f5895301dc265a8def02365cc3d0"
  version = "v0.3.0"

[[projects]]
  branch = "master"
  digest = "1:9fdc2b55e8e0fafe4b41884091e51e77344f7dc511c5acedcfd98200003bff90"
  name = "golang.org/x/time"
  packages = ["rate"]
  pruneopts = "NUT"
  revision = "9d24e82272b4f38b78bc8cff74fa936d31ccd8ef"

[[projects]]
  branch = "master"
  digest = "1:23d9fc277640dc6c36702437a57f0ee033b9f7c9f05a7a425abc7df28f6dd259"
  name = "google.golang.org/api"
  packages = [
    "gensupport",
    "googleapi",
    "googleapi/internal/uritemplates",
    "googleapi/transport",
    "internal",
    "iterator",
    "option",
    "storage/v1",
    "transport/http",
    "transport/http/internal/propagation",
  ]
  pruneopts = "NUT"
  revision = "1a5ef82f9af45ef51c486291ef2b0a16d82fdb95"

[[projects]]
  digest = "1:170cb5f3e7126fae20b3d54f8b157281c75c2b7e2cb85e6b31cb7889c3fedd9c"
  name = "google.golang.org/appengine"
  packages = [
    ".",
    "datastore",
    "internal",
    "internal/app_identity",
    "internal/base",
    "internal/datastore",
    "internal/log",
    "internal/modules",
    "internal/remote_api",
    "internal/urlfetch",
    "urlfetch",
  ]
  pruneopts = "NUT"
  revision = "4a4468ece617fc8205e99368fa2200e9d1fad421"
  version = "v1.3.0"

[[projects]]
  branch = "master"
  digest = "1:a7d48ca460ca1b4f6ccd8c95502443afa05df88aee84de7dbeb667a8754e8fa6"
  name = "google.golang.org/genproto"
  packages = [
    "googleapis/api/annotations",
    "googleapis/iam/v1",
    "googleapis/rpc/code",
    "googleapis/rpc/status",
  ]
  pruneopts = "NUT"
  revision = "bd91e49a0898e27abb88c339b432fa53d7497ac0"

[[projects]]
  digest = "1:272384931065d060f2609528ccdbb637612122300ad7f87a3fd7417a470be5d6"
  name = "google.golang.org/grpc"
  packages = [
    ".",
    "balancer",
    "balancer/base",
    "balancer/roundrobin",
    "binarylog/grpc_binarylog_v1",
    "codes",
    "connectivity",
    "credentials",
    "credentials/internal",
    "encoding",
    "encoding/proto",
    "grpclog",
    "health",
    "health/grpc_health_v1",
    "internal",
    "internal/backoff",
    "internal/binarylog",
    "internal/channelz",
    "internal/envconfig",
    "internal/grpcrand",
    "internal/grpcsync",
    "internal/syscall",
    "internal/transport",
    "keepalive",
    "metadata",
    "naming",
    "peer",
    "resolver",
    "resolver/dns",
    "resolver/passthrough",
    "stats",
    "status",
    "tap",
    "test/bufconn",
  ]
  pruneopts = "NUT"
  revision = "df014850f6dee74ba2fc94874043a9f3f75fbfd8"
  version = "v1.17.0"

[[projects]]
  digest = "1:da15133e1193889c14bbb0a5f84666423ef7b7a55945adf7f39183335e60efcb"
  name = "gopkg.in/ini.v1"
  packages = ["."]
  pruneopts = "NUT"
  revision = "700781759788472518f4ea52321519b066061a7b"
  version = "v1.48.0"

[[projects]]
  digest = "1:18108594151654e9e696b27b181b953f9a90b16bf14d253dd1b397b025a1487f"
  name = "gopkg.in/yaml.v2"
  packages = ["."]
  pruneopts = "NUT"
  revision = "51d6538a90f86fe93ac480b35f37b2be17fef232"
  version = "v2.2.2"

[solve-meta]
  analyzer-name = "dep"
  analyzer-version = 1
  input-imports = [
    "github.com/hashicorp/go-plugin",
    "github.com/hashicorp/logutils",
    "github.com/hashicorp/terraform/command",
    "github.com/hashicorp/terraform/helper/acctest",
    "github.com/hashicorp/terraform/helper/customdiff",
    "github.com/hashicorp/terraform/helper/encryption",
    "github.com/hashicorp/terraform/helper/logging",
    "github.com/hashicorp/terraform/helper/resource",
    "github.com/hashicorp/terraform/helper/schema",
    "github.com/hashicorp/terraform/states/statefile",
    "github.com/mitchellh/cli",
    "github.com/pkg/errors",
  ]
  solver-name = "gps-cdcl"
  solver-version = 1
