# This file is autogenerated, do not edit; changes may be undone by the next 'dep ensure'.


[[projects]]
  digest = "1:a3543d1bfafd9d2f5b44e2d6bdbfbfaf18b235fd430e5426439280a57e04c73e"
  name = "cloud.google.com/go"
  packages = [
    ".",
    "bigtable",
    "bigtable/internal/option",
    "compute/metadata",
    "iam",
    "internal",
    "internal/optional",
    "internal/trace",
    "internal/version",
    "longrunning",
    "longrunning/autogen",
    "storage",
  ]
  pruneopts = "NUT"
  revision = "e5804108aed715c49f731aab1a847f063fb23681"
  version = "v0.50.0"

[[projects]]
  digest = "1:3fb854fc35fafced21615a93db3c0e324c8cb1d5a89f39dd1e72db0c4200345a"
  name = "contrib.go.opencensus.io/exporter/ocagent"
  packages = ["."]
  pruneopts = "NUT"
  revision = "dcb33c7f3b7cfe67e8a2cea10207ede1b7c40764"
  version = "v0.4.12"

[[projects]]
  digest = "1:333b70d8f9e795a0361d5ddf743d9832e48a590f97b426545ebfb296eb25feaa"
  name = "github.com/Azure/azure-sdk-for-go"
  packages = [
    "profiles/2017-03-09/resources/mgmt/resources",
    "services/apimanagement/mgmt/2018-01-01/apimanagement",
    "services/appinsights/mgmt/2015-05-01/insights",
    "services/automation/mgmt/2015-10-31/automation",
    "services/batch/mgmt/2018-12-01/batch",
    "services/cdn/mgmt/2017-10-12/cdn",
    "services/cognitiveservices/mgmt/2017-04-18/cognitiveservices",
    "services/compute/mgmt/2018-06-01/compute",
    "services/containerinstance/mgmt/2018-10-01/containerinstance",
    "services/containerregistry/mgmt/2017-10-01/containerregistry",
    "services/containerservice/mgmt/2019-02-01/containerservice",
    "services/cosmos-db/mgmt/2015-04-08/documentdb",
    "services/databricks/mgmt/2018-04-01/databricks",
    "services/datafactory/mgmt/2018-06-01/datafactory",
    "services/datalake/analytics/mgmt/2016-11-01/account",
    "services/datalake/store/2016-11-01/filesystem",
    "services/datalake/store/mgmt/2016-11-01/account",
    "services/devtestlabs/mgmt/2016-05-15/dtl",
    "services/eventhub/mgmt/2017-04-01/eventhub",
    "services/graphrbac/1.6/graphrbac",
    "services/keyvault/2016-10-01/keyvault",
    "services/keyvault/mgmt/2018-02-14/keyvault",
    "services/logic/mgmt/2016-06-01/logic",
    "services/mariadb/mgmt/2018-06-01/mariadb",
    "services/mediaservices/mgmt/2018-07-01/media",
    "services/mysql/mgmt/2017-12-01/mysql",
    "services/network/mgmt/2018-12-01/network",
    "services/notificationhubs/mgmt/2017-04-01/notificationhubs",
    "services/postgresql/mgmt/2017-12-01/postgresql",
    "services/preview/authorization/mgmt/2018-01-01-preview/authorization",
    "services/preview/devspaces/mgmt/2018-06-01-preview/devspaces",
    "services/preview/dns/mgmt/2018-03-01-preview/dns",
    "services/preview/eventgrid/mgmt/2018-09-15-preview/eventgrid",
    "services/preview/hdinsight/mgmt/2018-06-01-preview/hdinsight",
    "services/preview/iothub/mgmt/2018-12-01-preview/devices",
    "services/preview/monitor/mgmt/2018-03-01/insights",
    "services/preview/msi/mgmt/2015-08-31-preview/msi",
    "services/preview/operationalinsights/mgmt/2015-11-01-preview/operationalinsights",
    "services/preview/operationsmanagement/mgmt/2015-11-01-preview/operationsmanagement",
    "services/preview/resources/mgmt/2018-03-01-preview/managementgroups",
    "services/preview/security/mgmt/v1.0/security",
    "services/preview/signalr/mgmt/2018-03-01-preview/signalr",
    "services/preview/sql/mgmt/2015-05-01-preview/sql",
    "services/preview/sql/mgmt/2017-10-01-preview/sql",
    "services/privatedns/mgmt/2018-09-01/privatedns",
    "services/recoveryservices/mgmt/2016-06-01/recoveryservices",
    "services/recoveryservices/mgmt/2017-07-01/backup",
    "services/redis/mgmt/2018-03-01/redis",
    "services/relay/mgmt/2017-04-01/relay",
    "services/resources/mgmt/2016-02-01/resources",
    "services/resources/mgmt/2016-06-01/subscriptions",
    "services/resources/mgmt/2016-09-01/locks",
    "services/resources/mgmt/2018-05-01/policy",
    "services/resources/mgmt/2018-05-01/resources",
    "services/scheduler/mgmt/2016-03-01/scheduler",
    "services/search/mgmt/2015-08-19/search",
    "services/servicebus/mgmt/2017-04-01/servicebus",
    "services/servicefabric/mgmt/2018-02-01/servicefabric",
    "services/storage/mgmt/2018-02-01/storage",
    "services/streamanalytics/mgmt/2016-03-01/streamanalytics",
    "services/trafficmanager/mgmt/2018-04-01/trafficmanager",
    "services/web/mgmt/2018-02-01/web",
    "storage",
    "version",
  ]
  pruneopts = "NUT"
  revision = "f0ff339f1297d3374fc36bcbfc7d1bbba045d992"
  version = "v26.7.0"

[[projects]]
  digest = "1:90c9fd5fc13d2dc42520c321202481506f660e58ec9e2c546d2cc5304d7bba78"
  name = "github.com/Azure/go-autorest"
  packages = [
    "autorest",
    "autorest/adal",
    "autorest/azure",
    "autorest/azure/cli",
    "autorest/date",
    "autorest/to",
    "autorest/validation",
    "logger",
    "tracing",
  ]
  pruneopts = "NUT"
  revision = "562d3769ef2f0f56bc52749babd3e88367e28588"
  version = "v11.9.0"

[[projects]]
  digest = "1:5d72bbcc9c8667b11c3dc3cbe681c5a6f71e5096744c0bf7726ab5c6425d5dc4"
  name = "github.com/BurntSushi/toml"
  packages = ["."]
  pruneopts = "NUT"
  revision = "3012a1dbe2e4bd1391d42b32f0577cb7bbc7f005"
  version = "v0.3.1"

[[projects]]
  digest = "1:074551979ff3363545bf927dd9cbe2ddca50ef2efecac993f667e917929ddc5a"
  name = "github.com/Unknwon/com"
  packages = ["."]
  pruneopts = "NUT"
  revision = "41959bdd855fb7db467f78865d5f9044507df1cd"
  version = "v2"

[[projects]]
  digest = "1:8bd40ec66a32437126e8ff3080f26b11ca5926917daa01eba1285d0b059416bc"
  name = "github.com/agext/levenshtein"
  packages = ["."]
  pruneopts = "NUT"
  revision = "0ded9c86537917af2ff89bc9c78de6bd58477894"
  version = "v1.2.2"

[[projects]]
  digest = "1:aef9339f69dda1ca77fdb2fd83cf64c3f5087c1f00f69719eaa14679f5321512"
  name = "github.com/apparentlymart/go-cidr"
  packages = ["cidr"]
  pruneopts = "NUT"
  revision = "c0fb5fbe0acb592411e2db59add389a43260ad44"
  version = "v1.0.1"

[[projects]]
  digest = "1:ca4ebf76293ee2653f577bf737fbcbd90b07abb54c58cf786c02411413e5fa15"
  name = "github.com/apparentlymart/go-textseg"
  packages = ["textseg"]
  pruneopts = "NUT"
  revision = "fb01f485ebef760e5ee06d55e1b07534dda2d295"
  version = "v1.0.0"

[[projects]]
  digest = "1:e5ca3dcabf1452b51be600af6e2ce0a93a94978ae231af802cf9736bdbd835cb"
  name = "github.com/armon/go-radix"
  packages = ["."]
  pruneopts = "NUT"
  revision = "1a2de0c21c94309923825da3df33a4381872c795"
  version = "v1.0.0"

[[projects]]
  digest = "1:b64410231651b7912fc7cbfed95cba05c5c61af1cc8c676e2accc79ea6c1d6ef"
  name = "github.com/aws/aws-sdk-go"
  packages = [
    "aws",
    "aws/arn",
    "aws/awserr",
    "aws/awsutil",
    "aws/client",
    "aws/client/metadata",
    "aws/corehandlers",
    "aws/credentials",
    "aws/credentials/ec2rolecreds",
    "aws/credentials/endpointcreds",
    "aws/credentials/processcreds",
    "aws/credentials/stscreds",
    "aws/crr",
    "aws/csm",
    "aws/defaults",
    "aws/ec2metadata",
    "aws/endpoints",
    "aws/request",
    "aws/session",
    "aws/signer/v4",
    "internal/ini",
    "internal/s3err",
    "internal/sdkio",
    "internal/sdkrand",
    "internal/sdkuri",
    "internal/shareddefaults",
    "private/protocol",
    "private/protocol/ec2query",
    "private/protocol/eventstream",
    "private/protocol/eventstream/eventstreamapi",
    "private/protocol/json/jsonutil",
    "private/protocol/jsonrpc",
    "private/protocol/query",
    "private/protocol/query/queryutil",
    "private/protocol/rest",
    "private/protocol/restjson",
    "private/protocol/restxml",
    "private/protocol/xml/xmlutil",
    "private/signer/v2",
    "service/acm",
    "service/acmpca",
    "service/apigateway",
    "service/apigatewayv2",
    "service/applicationautoscaling",
    "service/appmesh",
    "service/appsync",
    "service/athena",
    "service/autoscaling",
    "service/backup",
    "service/batch",
    "service/budgets",
    "service/cloud9",
    "service/cloudformation",
    "service/cloudfront",
    "service/cloudhsmv2",
    "service/cloudsearch",
    "service/cloudtrail",
    "service/cloudwatch",
    "service/cloudwatchevents",
    "service/cloudwatchlogs",
    "service/codebuild",
    "service/codecommit",
    "service/codedeploy",
    "service/codepipeline",
    "service/cognitoidentity",
    "service/cognitoidentityprovider",
    "service/configservice",
    "service/costandusagereportservice",
    "service/databasemigrationservice",
    "service/datapipeline",
    "service/datasync",
    "service/dax",
    "service/devicefarm",
    "service/directconnect",
    "service/directoryservice",
    "service/dlm",
    "service/docdb",
    "service/dynamodb",
    "service/ec2",
    "service/ecr",
    "service/ecs",
    "service/efs",
    "service/eks",
    "service/elasticache",
    "service/elasticbeanstalk",
    "service/elasticsearchservice",
    "service/elastictranscoder",
    "service/elb",
    "service/elbv2",
    "service/emr",
    "service/firehose",
    "service/fms",
    "service/fsx",
    "service/gamelift",
    "service/glacier",
    "service/globalaccelerator",
    "service/glue",
    "service/guardduty",
    "service/iam",
    "service/inspector",
    "service/iot",
    "service/kafka",
    "service/kinesis",
    "service/kinesisanalytics",
    "service/kinesisanalyticsv2",
    "service/kinesisvideo",
    "service/kms",
    "service/lambda",
    "service/lexmodelbuildingservice",
    "service/licensemanager",
    "service/lightsail",
    "service/macie",
    "service/managedblockchain",
    "service/mediaconnect",
    "service/mediaconvert",
    "service/medialive",
    "service/mediapackage",
    "service/mediastore",
    "service/mediastoredata",
    "service/mq",
    "service/neptune",
    "service/opsworks",
    "service/organizations",
    "service/pinpoint",
    "service/pricing",
    "service/quicksight",
    "service/ram",
    "service/rds",
    "service/redshift",
    "service/resourcegroups",
    "service/route53",
    "service/route53resolver",
    "service/s3",
    "service/s3control",
    "service/sagemaker",
    "service/secretsmanager",
    "service/securityhub",
    "service/serverlessapplicationrepository",
    "service/servicecatalog",
    "service/servicediscovery",
    "service/ses",
    "service/sfn",
    "service/shield",
    "service/simpledb",
    "service/sns",
    "service/sqs",
    "service/ssm",
    "service/storagegateway",
    "service/sts",
    "service/swf",
    "service/transfer",
    "service/waf",
    "service/wafregional",
    "service/worklink",
    "service/workspaces",
    "service/xray",
  ]
  pruneopts = "NUT"
  revision = "bdd9cf7816bd404510114e712564cf76683b8355"
  version = "v1.19.26"

[[projects]]
  digest = "1:15e3271f463f2f40d98bf426aabb86941fc66b10272ccfdfebe548683e37acb1"
  name = "github.com/beevik/etree"
  packages = ["."]
  pruneopts = "NUT"
  revision = "8aee6516be3b1163bb6450c35c50e4969e3a3aa8"
  version = "v1.1.0"

[[projects]]
  branch = "master"
  digest = "1:37011b20a70e205b93ebea5287e1afa5618db54bf3998c36ff5a8e4b146a170a"
  name = "github.com/bgentry/go-netrc"
  packages = ["netrc"]
  pruneopts = "NUT"
  revision = "9fd32a8b3d3d3f9d43c341bfe098430e07609480"

[[projects]]
  digest = "1:aef384a4c419ec6504905842b9c70c6a800d95db9eb7543f54c061f4e3aee23b"
  name = "github.com/bgentry/speakeasy"
  packages = ["."]
  pruneopts = "NUT"
  revision = "4aabc24848ce5fd31929f7d1e4ea74d3709c14cd"
  version = "v0.1.0"

[[projects]]
  branch = "master"
  digest = "1:04873dc5e06932b750eac24a1d90eabae58249df63bed6823e77b62a0160a297"
  name = "github.com/c4milo/gotoolkit"
  packages = ["."]
  pruneopts = "NUT"
  revision = "67483a18c17a2caeadb77375f967390f9ee50c95"

[[projects]]
  digest = "1:8f5acd4d4462b5136af644d25101f0968a7a94ee90fcb2059cec5b7cc42e0b20"
  name = "github.com/census-instrumentation/opencensus-proto"
  packages = [
    "gen-go/agent/common/v1",
    "gen-go/agent/metrics/v1",
    "gen-go/agent/trace/v1",
    "gen-go/metrics/v1",
    "gen-go/resource/v1",
    "gen-go/trace/v1",
  ]
  pruneopts = "NUT"
  revision = "d89fa54de508111353cb0b06403c00569be780d8"
  version = "v0.2.1"

[[projects]]
  digest = "1:05ffeeed3f0f05520de0679f6aa3219ffee69cfd6d9fb6c194879d4c818ad670"
  name = "github.com/coreos/go-semver"
  packages = ["semver"]
  pruneopts = "NUT"
  revision = "e214231b295a8ea9479f11b70b35d5acf3556d9b"
  version = "v0.3.0"

[[projects]]
  digest = "1:027c348e13b5f924c925aebf0d2932545644c78da3f43cc82327220286084539"
  name = "github.com/coreos/go-systemd"
  packages = ["unit"]
  pruneopts = "NUT"
  revision = "2d78030078ef61b3cae27f42ad6d0e46db51b339"
  version = "v22.0.0"

[[projects]]
  digest = "1:2b500565ed2c456d1b9349de3932052e603ef87da81f318fa57812ecf88ad29f"
  name = "github.com/coreos/ignition"
  packages = [
    "config/errors",
    "config/v2_1/types",
    "config/validate/report",
  ]
  pruneopts = "NUT"
  revision = "bd3876b8f1d627625fe266a0e35256ba05e664e3"
  version = "v0.23.0"

[[projects]]
  digest = "1:ffe9824d294da03b391f44e1ae8281281b4afc1bdaa9588c9097785e3af10cec"
  name = "github.com/davecgh/go-spew"
  packages = ["spew"]
  pruneopts = "NUT"
  revision = "8991bc29aa16c548c550c7ff78260e27b9ab7c73"
  version = "v1.1.1"

[[projects]]
  digest = "1:7a6852b35eb5bbc184561443762d225116ae630c26a7c4d90546619f1e7d2ad2"
  name = "github.com/dgrijalva/jwt-go"
  packages = ["."]
  pruneopts = "NUT"
  revision = "06ea1031745cb8b3dab3f6a236daf2b0aa468b7e"
  version = "v3.2.0"

[[projects]]
  digest = "1:f9adc21a937e5da643ea14a3488cb7506788876737a5e205394e508627a6eec8"
  name = "github.com/dimchansky/utfbom"
  packages = ["."]
  pruneopts = "NUT"
  revision = "d2133a1ce379ef6fa992b0514a77146c60db9d1c"
  version = "v1.1.0"

[[projects]]
  digest = "1:151f72934298019168adb99a7d17dfa203a65eb49af5da41429775284ea8ce3f"
  name = "github.com/dmacvicar/terraform-provider-libvirt"
  packages = [
    "libvirt",
    "libvirt/helper/suppress",
  ]
  pruneopts = "NUT"
  revision = "40b0cda5333a29dd9f33d1cfdc206bfad3a8af96"

[[projects]]
  branch = "master"
  digest = "1:cef5e4d24f51278e8b20ec39cce914785eef810bcac75c412d88a8672298dd33"
  name = "github.com/dustinkirkland/golang-petname"
  packages = ["."]
  pruneopts = "NUT"
  revision = "8e5a1ed0cff0384869564ec1c086c6467a025667"

[[projects]]
  digest = "1:ade392a843b2035effb4b4a2efa2c3bab3eb29b992e98bacf9c898b0ecb54e45"
  name = "github.com/fatih/color"
  packages = ["."]
  pruneopts = "NUT"
  revision = "5b77d2a35fb0ede96d138fc9a99f5c9b6aef11b4"
  version = "v1.7.0"

[[projects]]
  branch = "master"
  digest = "1:09c0a5767800a5cf29bb7dade4c3bcaa1fb43ddebad68d2fa98d037cf0f06a3b"
  name = "github.com/gammazero/deque"
  packages = ["."]
  pruneopts = "NUT"
  revision = "46e4ffb7a622d58ccd5c73a7401afac7d5a8edee"

[[projects]]
  branch = "master"
  digest = "1:7670d3ab008e6c75e1f4e18c1bd6b9bfdc3f9440f181ecc9dd793b3bcebd0283"
  name = "github.com/gammazero/workerpool"
  packages = ["."]
  pruneopts = "NUT"
  revision = "79f70a4b5331e25f3eca6f3cb8c6f582c697fda2"

[[projects]]
  digest = "1:2b0e6c0bea11257c646616ebd6a62be0ef2b6a0fd8210ac3caeaf57ee136123b"
  name = "github.com/gogo/protobuf"
  packages = [
    "proto",
    "sortkeys",
  ]
  pruneopts = "NUT"
  revision = "5628607bb4c51c3157aacc3a50f0ab707582b805"
  version = "v1.3.1"

[[projects]]
  digest = "1:6b3d0f402c88b60e78bca3ee8332a79f02e6964d2b4a44092620f1448e16cbb6"
  name = "github.com/golang/protobuf"
  packages = [
    "descriptor",
    "jsonpb",
    "proto",
    "protoc-gen-go",
    "protoc-gen-go/descriptor",
    "protoc-gen-go/generator",
    "protoc-gen-go/generator/internal/remap",
    "protoc-gen-go/grpc",
    "protoc-gen-go/plugin",
    "ptypes",
    "ptypes/any",
    "ptypes/duration",
    "ptypes/empty",
    "ptypes/struct",
    "ptypes/timestamp",
    "ptypes/wrappers",
  ]
  pruneopts = "NUT"
  revision = "6c65a5562fc06764971b7c5d05c76c75e84bdbf7"
  version = "v1.3.2"

[[projects]]
  digest = "1:05f95ffdfcf651bdb0f05b40b69e7f5663047f8da75c72d58728acb59b5cc107"
  name = "github.com/google/btree"
  packages = ["."]
  pruneopts = "NUT"
  revision = "4030bb1f1f0c35b30ca7009e9ebd06849dd45306"
  version = "v1.0.0"

[[projects]]
  digest = "1:1d1cbf539d9ac35eb3148129f96be5537f1a1330cadcc7e3a83b4e72a59672a3"
  name = "github.com/google/go-cmp"
  packages = [
    "cmp",
    "cmp/internal/diff",
    "cmp/internal/flags",
    "cmp/internal/function",
    "cmp/internal/value",
  ]
  pruneopts = "NUT"
  revision = "2d0692c2e9617365a95b295612ac0d4415ba4627"
  version = "v0.3.1"

[[projects]]
  digest = "1:52c5834e2bebac9030c97cc0798ac11c3aa8a39f098aeb419f142533da6cd3cc"
  name = "github.com/google/gofuzz"
  packages = ["."]
  pruneopts = "NUT"
  revision = "f140a6486e521aad38f5917de355cbf147cc0496"
  version = "v1.0.0"

[[projects]]
  digest = "1:ab3ec1fe3e39bac4b3ab63390767766622be35b7cab03f47f787f9ec60522a53"
  name = "github.com/google/uuid"
  packages = ["."]
  pruneopts = "NUT"
  revision = "0cd6bf5da1e1c83f8b45653022c74f71af0538a4"
  version = "v1.1.1"

[[projects]]
  digest = "1:4b76f3e067eed897a45242383a2aa4d0a2fdbf73a8d00c03167dba80c43630b1"
  name = "github.com/googleapis/gax-go"
  packages = ["v2"]
  pruneopts = "NUT"
  revision = "bd5b16380fd03dc758d11cef74ba2e3bc8b0e8c2"
  version = "v2.0.5"

[[projects]]
  digest = "1:ce9cf77f57551c62d4af395cc26c4aaac7a4b901cd8ccff5981b4867ae7c68b8"
  name = "github.com/gophercloud/gophercloud"
  packages = [
    ".",
    "internal",
    "openstack",
    "openstack/baremetal/noauth",
    "openstack/baremetal/v1/allocations",
    "openstack/baremetal/v1/drivers",
    "openstack/baremetal/v1/nodes",
    "openstack/baremetal/v1/ports",
    "openstack/baremetalintrospection/noauth",
    "openstack/baremetalintrospection/v1/introspection",
    "openstack/blockstorage/extensions/volumeactions",
    "openstack/blockstorage/v1/volumes",
    "openstack/blockstorage/v2/snapshots",
    "openstack/blockstorage/v2/volumes",
    "openstack/blockstorage/v3/snapshots",
    "openstack/blockstorage/v3/volumes",
    "openstack/compute/v2/extensions/attachinterfaces",
    "openstack/compute/v2/extensions/availabilityzones",
    "openstack/compute/v2/extensions/bootfromvolume",
    "openstack/compute/v2/extensions/floatingips",
    "openstack/compute/v2/extensions/keypairs",
    "openstack/compute/v2/extensions/schedulerhints",
    "openstack/compute/v2/extensions/secgroups",
    "openstack/compute/v2/extensions/servergroups",
    "openstack/compute/v2/extensions/startstop",
    "openstack/compute/v2/extensions/tenantnetworks",
    "openstack/compute/v2/extensions/volumeattach",
    "openstack/compute/v2/flavors",
    "openstack/compute/v2/images",
    "openstack/compute/v2/servers",
    "openstack/containerinfra/v1/clusters",
    "openstack/containerinfra/v1/clustertemplates",
    "openstack/db/v1/configurations",
    "openstack/db/v1/databases",
    "openstack/db/v1/datastores",
    "openstack/db/v1/instances",
    "openstack/db/v1/users",
    "openstack/dns/v2/recordsets",
    "openstack/dns/v2/zones",
    "openstack/identity/v2/tenants",
    "openstack/identity/v2/tokens",
    "openstack/identity/v3/applicationcredentials",
    "openstack/identity/v3/endpoints",
    "openstack/identity/v3/groups",
    "openstack/identity/v3/projects",
    "openstack/identity/v3/roles",
    "openstack/identity/v3/services",
    "openstack/identity/v3/tokens",
    "openstack/identity/v3/users",
    "openstack/imageservice/v2/imagedata",
    "openstack/imageservice/v2/images",
    "openstack/networking/v2/extensions/attributestags",
    "openstack/networking/v2/extensions/dns",
    "openstack/networking/v2/extensions/external",
    "openstack/networking/v2/extensions/extradhcpopts",
    "openstack/networking/v2/extensions/fwaas/firewalls",
    "openstack/networking/v2/extensions/fwaas/policies",
    "openstack/networking/v2/extensions/fwaas/routerinsertion",
    "openstack/networking/v2/extensions/fwaas/rules",
    "openstack/networking/v2/extensions/layer3/addressscopes",
    "openstack/networking/v2/extensions/layer3/floatingips",
    "openstack/networking/v2/extensions/layer3/routers",
    "openstack/networking/v2/extensions/lbaas/members",
    "openstack/networking/v2/extensions/lbaas/monitors",
    "openstack/networking/v2/extensions/lbaas/pools",
    "openstack/networking/v2/extensions/lbaas/vips",
    "openstack/networking/v2/extensions/lbaas_v2/l7policies",
    "openstack/networking/v2/extensions/lbaas_v2/listeners",
    "openstack/networking/v2/extensions/lbaas_v2/loadbalancers",
    "openstack/networking/v2/extensions/lbaas_v2/monitors",
    "openstack/networking/v2/extensions/lbaas_v2/pools",
    "openstack/networking/v2/extensions/mtu",
    "openstack/networking/v2/extensions/portsbinding",
    "openstack/networking/v2/extensions/portsecurity",
    "openstack/networking/v2/extensions/provider",
    "openstack/networking/v2/extensions/security/groups",
    "openstack/networking/v2/extensions/security/rules",
    "openstack/networking/v2/extensions/subnetpools",
    "openstack/networking/v2/extensions/trunks",
    "openstack/networking/v2/extensions/vlantransparent",
    "openstack/networking/v2/extensions/vpnaas/endpointgroups",
    "openstack/networking/v2/extensions/vpnaas/ikepolicies",
    "openstack/networking/v2/extensions/vpnaas/ipsecpolicies",
    "openstack/networking/v2/extensions/vpnaas/services",
    "openstack/networking/v2/extensions/vpnaas/siteconnections",
    "openstack/networking/v2/networks",
    "openstack/networking/v2/ports",
    "openstack/networking/v2/subnets",
    "openstack/objectstorage/v1/accounts",
    "openstack/objectstorage/v1/containers",
    "openstack/objectstorage/v1/objects",
    "openstack/objectstorage/v1/swauth",
    "openstack/sharedfilesystems/apiversions",
    "openstack/sharedfilesystems/v2/availabilityzones",
    "openstack/sharedfilesystems/v2/errors",
    "openstack/sharedfilesystems/v2/messages",
    "openstack/sharedfilesystems/v2/securityservices",
    "openstack/sharedfilesystems/v2/sharenetworks",
    "openstack/sharedfilesystems/v2/shares",
    "openstack/sharedfilesystems/v2/snapshots",
    "openstack/utils",
    "pagination",
  ]
  pruneopts = "NUT"
  revision = "7892efa714f10951c5483a28c7471d8051b12975"

[[projects]]
  branch = "master"
  digest = "1:47554fffd0e2725dbac7b0953da31fb5e2b6c694ba87945c1d71111405f20472"
  name = "github.com/gophercloud/utils"
  packages = [
    "env",
    "openstack/baremetal/v1/nodes",
    "openstack/clientconfig",
  ]
  pruneopts = "NUT"
  revision = "4533a07bd4928c54878134528d0dcdd27ff32bcb"

[[projects]]
  digest = "1:e9c0bf861ea69dd6de1ff7ac2a0485e84743e163853ca973177fba7a50d1b769"
  name = "github.com/grpc-ecosystem/grpc-gateway"
  packages = [
    "internal",
    "runtime",
    "utilities",
  ]
  pruneopts = "NUT"
  revision = "f7120437bb4f6c71f7f5076ad65a45310de2c009"
  version = "v1.12.1"

[[projects]]
  digest = "1:f405aa7f292676d5b584286c51a3c13cf34ed76c2d48089e8250d695103c78a7"
  name = "github.com/hashicorp/aws-sdk-go-base"
  packages = ["."]
  pruneopts = "NUT"
  revision = "2e4587652bab11ee84eed98b9ceb1872719e2f74"
  version = "v0.4.0"

[[projects]]
  digest = "1:f0d9d74edbd40fdeada436d5ac9cb5197407899af3fef85ff0137077ffe8ae19"
  name = "github.com/hashicorp/errwrap"
  packages = ["."]
  pruneopts = "NUT"
  revision = "8a6fb523712970c966eefc6b39ed2c5e74880354"
  version = "v1.0.0"

[[projects]]
  digest = "1:69e3c21f79805083c8422ca2a8e6297bcb537e04d3a00f707979adff8b7b5577"
  name = "github.com/hashicorp/go-azure-helpers"
  packages = [
    "authentication",
    "resourceproviders",
    "response",
    "storage",
  ]
  pruneopts = "NUT"
  revision = "5e51ac013932f1c9434224349e74d77be738739c"
  version = "v0.4.1"

[[projects]]
  digest = "1:fff05cb0c34d2decaeb27bb6ab6b73a6947c3009d725160070da55f9511fd410"
  name = "github.com/hashicorp/go-cleanhttp"
  packages = ["."]
  pruneopts = "NUT"
  revision = "eda1e5db218aad1db63ca4642c8906b26bcf2744"
  version = "v0.5.1"

[[projects]]
  digest = "1:c5c2f853fba13335d051942fd5b8dd7e9765cb732b8854d57b5dd2decd3bc919"
  name = "github.com/hashicorp/go-getter"
  packages = [
    ".",
    "helper/url",
  ]
  pruneopts = "NUT"
  revision = "7009632e33a298df49bd8e29c49d8303c7aa8735"
  version = "v1.4.0"

[[projects]]
  digest = "1:2ed138049ab373f696db2081ca48f15c5abdf20893803612a284f2bdce2bf443"
  name = "github.com/hashicorp/go-multierror"
  packages = ["."]
  pruneopts = "NUT"
  revision = "886a7fbe3eb1c874d46f623bfa70af45f425b3d1"
  version = "v1.0.0"

[[projects]]
  digest = "1:fbab03227343a0285fc74a68dd2ff46cda7edecbbe5a3e98d2cecd00cc67b217"
  name = "github.com/hashicorp/go-safetemp"
  packages = ["."]
  pruneopts = "NUT"
  revision = "c9a55de4fe06c920a71964b53cfe3dd293a3c743"
  version = "v1.0.0"

[[projects]]
  digest = "1:6876abc0847343a3e222ebd074431ff7102ce215087c797be0562e9e21e24db4"
  name = "github.com/hashicorp/go-uuid"
  packages = ["."]
  pruneopts = "NUT"
  revision = "4f571afc59f3043a65f8fe6bf46d887b10a01d43"
  version = "v1.0.1"

[[projects]]
  digest = "1:53a4ebb0e1eb24a4644a3eec9457ba6ead5476a9ea5af43bf2c8b8b1a8ce47f2"
  name = "github.com/hashicorp/go-version"
  packages = ["."]
  pruneopts = "NUT"
  revision = "ac23dc3fea5d1a983c43f6a0f6e2c13f0195d8bd"
  version = "v1.2.0"

[[projects]]
  digest = "1:7fae9ec96d10b2afce0da23c378c8b3389319b7f92fa092f2621bba3078cfb4b"
  name = "github.com/hashicorp/golang-lru"
  packages = ["simplelru"]
  pruneopts = "NUT"
  revision = "7f827b33c0f158ec5dfbba01bb0b14a4541fd81d"
  version = "v0.5.3"

[[projects]]
  branch = "master"
  digest = "1:5f272c2da0c899308f314ead3f22460489d921c6062351e09a915d9300bf66d4"
  name = "github.com/hashicorp/hcl2"
  packages = [
    "ext/dynblock",
    "ext/typeexpr",
    "gohcl",
    "hcl",
    "hcl/hclsyntax",
    "hcl/json",
    "hcldec",
    "hclparse",
    "hclwrite",
  ]
  pruneopts = "NUT"
  revision = "fb75b3253c80b3bc7ca99c4bfa2ad6743841b1af"

[[projects]]
  branch = "master"
  digest = "1:7a0c75c83ef1377300a29045c4e7a833b3b6074324e517273fc6a8e2b35d11d6"
  name = "github.com/hashicorp/hil"
  packages = ["ast"]
  pruneopts = "NUT"
  revision = "97b3a9cdfa9349086cfad7ea2fe3165bfe3cbf63"

[[projects]]
  digest = "1:806b9d8344f2b576e7f53415015e39f446356488fe1af6da025aefa172b07be1"
  name = "github.com/hashicorp/terraform-plugin-sdk"
  packages = [
    "helper/hashcode",
    "helper/schema",
    "httpclient",
    "internal/addrs",
    "internal/configs",
    "internal/configs/configschema",
    "internal/configs/hcl2shim",
    "internal/dag",
    "internal/helper/didyoumean",
    "internal/httpclient",
    "internal/lang",
    "internal/lang/blocktoattr",
    "internal/lang/funcs",
    "internal/moduledeps",
    "internal/plans",
    "internal/plans/objchange",
    "internal/plugin/discovery",
    "internal/providers",
    "internal/provisioners",
    "internal/registry",
    "internal/registry/regsrc",
    "internal/registry/response",
    "internal/states",
    "internal/states/statefile",
    "internal/svchost",
    "internal/svchost/auth",
    "internal/svchost/disco",
    "internal/tfdiags",
    "internal/version",
    "meta",
    "terraform",
  ]
  pruneopts = "NUT"
  revision = "cff43270c4ac655105e5c5f69cad3b5227473dc3"
  version = "v1.2.0"

[[projects]]
  branch = "master"
  digest = "1:9bc407eae22bd7c83c55e60ef7965a1e11f77f20b65637d907ea2eae8a158cf2"
  name = "github.com/hashicorp/terraform-svchost"
  packages = [
    ".",
    "auth",
    "disco",
  ]
  pruneopts = "NUT"
  revision = "d2e4933b91362709122c21cd14b6b51cf6e5bfca"

[[projects]]
  digest = "1:2f3840740b71b2798a9c85f191367530771debdd812900c4a088ac1f3e31b20e"
  name = "github.com/hooklift/iso9660"
  packages = ["."]
  pruneopts = "NUT"
  revision = "d6245ab24065917ac16be2ff10ddd3934f41fe54"
  version = "v1.0.0"

[[projects]]
  digest = "1:07ee12b8c2a0a982657fdd2f31d6c8cede7c995f01708c6a580c589722682e8e"
  name = "github.com/jen20/awspolicyequivalence"
  packages = ["."]
  pruneopts = "NUT"
  revision = "8b377d2e0fe02b0b097741f61b33c029af6afd7f"
  version = "v1.1.0"

[[projects]]
  digest = "1:1f2aebae7e7c856562355ec0198d8ca2fa222fb05e5b1b66632a1fce39631885"
  name = "github.com/jmespath/go-jmespath"
  packages = ["."]
  pruneopts = "NUT"
  revision = "c2b33e84"

[[projects]]
  digest = "1:2aee2c81817d3334cf3e85e99ffe9515315b4cb35e90b45ae2164c3b68fd7dcf"
  name = "github.com/jstemmer/go-junit-report"
  packages = [
    ".",
    "formatter",
    "parser",
  ]
  pruneopts = "NUT"
  revision = "cc1f095d5cc5eca2844f5c5ea7bb37f6b9bf6cac"
  version = "v0.9.1"

[[projects]]
  digest = "1:92819c3dc15d822e470ba6ddddc4b3790a8bb902f65e273f7ad5a1b288e39a60"
  name = "github.com/kubernetes-sigs/aws-iam-authenticator"
  packages = [
    "pkg/arn",
    "pkg/token",
  ]
  pruneopts = "NUT"
  revision = "b4db1968bf8e9de634dc3e31baffc6dc3b000ee6"
  version = "0.4.0-alpha"

[[projects]]
  digest = "1:4867980b6d9fb8270c9bbb68fb5fc7501a0335aa97df8089b6db8b299b72ba2e"
  name = "github.com/libvirt/libvirt-go-xml"
  packages = ["."]
  pruneopts = "NUT"
  revision = "2c302463a160f2c97cc1e1c2056490d71f1afbda"
  version = "v5.10.0"

[[projects]]
  digest = "1:13ada91f079028d1b4ca88e10a16439dcfa6541d26ed2e61e770f56d06301933"
  name = "github.com/marstr/guid"
  packages = ["."]
  pruneopts = "NUT"
  revision = "8bd9a64bf37eb297b492a4101fb28e80ac0b290f"
  version = "v1.1.0"

[[projects]]
  digest = "1:08c231ec84231a7e23d67e4b58f975e1423695a32467a362ee55a803f9de8061"
  name = "github.com/mattn/go-colorable"
  packages = ["."]
  pruneopts = "NUT"
  revision = "167de6bfdfba052fa6b2d3664c8f5272e23c9072"
  version = "v0.0.9"

[[projects]]
  digest = "1:046ef248b5b3f2a9f547e93a9d18d319b2a906b92720a037452a888d48818e2d"
  name = "github.com/mattn/go-isatty"
  packages = ["."]
  pruneopts = "NUT"
  revision = "31745d66dd679ac0ac4f8d3ecff168fce6170c6a"
  version = "v0.0.11"

[[projects]]
  digest = "1:874dbb1944c970cb6c5c683cc947b7a849b5fb2e6bdce41b1f95b3187916ed4b"
  name = "github.com/mitchellh/cli"
  packages = ["."]
  pruneopts = "NUT"
  revision = "3d22a244be8aa6fb16ac24af0e195c08b7d973aa"
  version = "v1.0.0"

[[projects]]
  digest = "1:1e5a8bf6fb005f1808852ad1a4bedb7b4b3291af90dec12c4c9e4a955a42c9b2"
  name = "github.com/mitchellh/copystructure"
  packages = ["."]
  pruneopts = "NUT"
  revision = "9a1b6f44e8da0e0e374624fb0a825a231b00c537"
  version = "v1.0.0"

[[projects]]
  digest = "1:f9f72e583aaacf1d1ac5d6121abd4afd3c690baa9e14e1d009df26bf831ba347"
  name = "github.com/mitchellh/go-homedir"
  packages = ["."]
  pruneopts = "NUT"
  revision = "af06845cf3004701891bf4fdb884bfe4920b3727"
  version = "v1.1.0"

[[projects]]
  digest = "1:18b773b92ac82a451c1276bd2776c1e55ce057ee202691ab33c8d6690efcc048"
  name = "github.com/mitchellh/go-testing-interface"
  packages = ["."]
  pruneopts = "NUT"
  revision = "6d0b8010fcc857872e42fc6c931227569016843c"
  version = "v1.0.0"

[[projects]]
  digest = "1:9f63926f52745d1f9d6053f8fbbb3bd3983c2c97c0565957e682b8d2f7aad3af"
  name = "github.com/mitchellh/go-wordwrap"
  packages = ["."]
  pruneopts = "NUT"
  revision = "9e67c67572bc5dd02aef930e2b0ae3c02a4b5a5c"
  version = "v1.0.0"

[[projects]]
  digest = "1:e34decedbcec12332c5836d16a6838f864e0b43c5b4f9aa9d9a85101015f87c2"
  name = "github.com/mitchellh/hashstructure"
  packages = ["."]
  pruneopts = "NUT"
  revision = "a38c50148365edc8df43c1580c48fb2b3a1e9cd7"
  version = "v1.0.0"

[[projects]]
  digest = "1:a45ae66dea4c899d79fceb116accfa1892105c251f0dcd9a217ddc276b42ec68"
  name = "github.com/mitchellh/mapstructure"
  packages = ["."]
  pruneopts = "NUT"
  revision = "3536a929edddb9a5b34bd6861dc4a9647cb459fe"
  version = "v1.1.2"

[[projects]]
  digest = "1:de5aa10ee325755709ed1ac09c2d56cd6753e8bbca8fceac64a9aec99b1fab19"
  name = "github.com/mitchellh/packer"
  packages = ["common/uuid"]
  pruneopts = "NUT"
  revision = "324581ac9ce8d1e0558b33eea9d4f9d6d5a16002"
  version = "v1.5.1"

[[projects]]
  digest = "1:bb676c5bf47f2159355d464cec0aba0af54140789768e5b1a74dbb68452c5aee"
  name = "github.com/mitchellh/reflectwalk"
  packages = ["."]
  pruneopts = "NUT"
  revision = "3e2c75dfad4fbf904b58782a80fd595c760ad185"
  version = "v1.0.1"

[[projects]]
  digest = "1:1eff973395a151e9891824835c4ec093376340198a3b084f9bbcf56e5f9ce211"
  name = "github.com/openshift-metal3/terraform-provider-ironic"
  packages = ["ironic"]
  pruneopts = "NUT"
  revision = "3d098385ad5f7ecc72d760013aa7ea0c22992787"
  version = "v0.1.9"

[[projects]]
  branch = "master"
  digest = "1:89da0f0574bc94cfd0ac8b59af67bf76cdd110d503df2721006b9f0492394333"
  name = "github.com/petar/GoLLRB"
  packages = ["llrb"]
  pruneopts = "NUT"
  revision = "33fb24c13b99c46c93183c291836c573ac382536"

[[projects]]
  digest = "1:e1b94bd98c62fc2f905621fc6ba8209b7004e4513a1dfecb12a3de56ec2bb519"
  name = "github.com/peterbourgon/diskv"
  packages = ["."]
  pruneopts = "NUT"
  revision = "0be1b92a6df0e4f5cb0a5d15fb7f643d0ad93ce6"
  version = "v3.0.0"

[[projects]]
  digest = "1:6b8897b9b37c5f4e4e3b4a5c62ef30e593f4452e2b2a2e404e692b5cceeb185f"
  name = "github.com/posener/complete"
  packages = [
    ".",
    "cmd",
    "cmd/install",
  ]
  pruneopts = "NUT"
  revision = "05b68ffc813dd10c420993cb1cf927b346c057b8"
  version = "v1.2.3"

[[projects]]
  digest = "1:6bc0652ea6e39e22ccd522458b8bdd8665bf23bdc5a20eec90056e4dc7e273ca"
  name = "github.com/satori/go.uuid"
  packages = ["."]
  pruneopts = "NUT"
  revision = "f58768cc1a7a7e77a3bd49e98cdd21419399b6a3"
  version = "v1.2.0"

[[projects]]
  digest = "1:6bc0652ea6e39e22ccd522458b8bdd8665bf23bdc5a20eec90056e4dc7e273ca"
  name = "github.com/satori/uuid"
  packages = ["."]
  pruneopts = "NUT"
  revision = "f58768cc1a7a7e77a3bd49e98cdd21419399b6a3"
  version = "v1.2.0"

[[projects]]
  digest = "1:6792bb72ea0e7112157d02e4e175cd421b43d004a853f56316a19beca6e0c074"
  name = "github.com/spf13/afero"
  packages = [
    ".",
    "mem",
  ]
  pruneopts = "NUT"
  revision = "588a75ec4f32903aa5e39a2619ba6a4631e28424"
  version = "v1.2.2"

[[projects]]
  digest = "1:0f6efe738d146ef35fb620a80d0b807c9cd14526eb8381534d977e38de61ee7c"
  name = "github.com/stoewer/go-strcase"
  packages = ["."]
  pruneopts = "NUT"
  revision = "d9b4e2dadb4cfa0a445c8aa31d39ea0d1aa18281"
  version = "v1.1.0"

[[projects]]
  digest = "1:79b615b7115a6a52c5eea9ecfc2f69d275aa8fceb387327229b3620a23870e93"
  name = "github.com/terraform-providers/terraform-provider-aws"
  packages = ["aws"]
  pruneopts = "NUT"
  revision = "4b894dbf13f642f43dce2bb13bdf70e93e75babe"
  version = "v2.10.0"

[[projects]]
  digest = "1:77c5b7f4c70deba9a2c9137d68d1050bc1e80722aaabe05d7dc667a477c53a2f"
  name = "github.com/terraform-providers/terraform-provider-azurerm"
  packages = [
    "azurerm",
    "azurerm/helpers/azure",
    "azurerm/helpers/kubernetes",
    "azurerm/helpers/response",
    "azurerm/helpers/set",
    "azurerm/helpers/suppress",
    "azurerm/helpers/tf",
    "azurerm/helpers/validate",
    "azurerm/utils",
    "version",
  ]
  pruneopts = "NUT"
  revision = "353dcb46113c920cb3fa4c73b76784534f863493"
  version = "v1.29.0"

[[projects]]
  digest = "1:2daa3bddc630ead813a47149cdc429816c43f9423a7d6e2aeff7ca794b072548"
  name = "github.com/terraform-providers/terraform-provider-google"
  packages = [
    "google",
    "version",
  ]
  pruneopts = "NUT"
  revision = "5550fc28ca27d695adb88dfde2478deb6ac4e111"
  version = "v2.8.0"

[[projects]]
  branch = "disk_cache"
  digest = "1:054839689ba9e8f5d85efc7ae6a2a2ac41adbb2a26385ef9242ead9cc3c4be19"
  name = "github.com/terraform-providers/terraform-provider-ignition"
  packages = ["ignition"]
  pruneopts = "NUT"
  revision = "18ce0b36dae1c3d14e4303ff89dd2e658c380758"
  source = "https://github.com/abhinavdahiya/terraform-provider-ignition"

[[projects]]
  digest = "1:4c7f363689c6c0afb8d87f9ef7cf0fb141eb46799927d8d44e44c59418f4147f"
  name = "github.com/terraform-providers/terraform-provider-local"
  packages = ["local"]
  pruneopts = "NUT"
  revision = "10f182931fdf51397d2bf3e78633276ba59e6eff"
  version = "v1.4.0"

[[projects]]
  digest = "1:f3ae869d0de02432e1d3f96e898624db97a9f3fcb5adcb18bf84e2a3cfe45e5f"
  name = "github.com/terraform-providers/terraform-provider-openstack"
  packages = ["openstack"]
  pruneopts = "NUT"
  revision = "b1406b8e4894faad993aff786f0bb50bfec8e281"

[[projects]]
  digest = "1:78e59ab5b47b5a67a7f570a0dcbf98612b259dd940df8a6e3b33f264ae1b5e06"
  name = "github.com/terraform-providers/terraform-provider-random"
  packages = ["random"]
  pruneopts = "NUT"
  revision = "83518d96ae4fa513e7732284bec0bfe29fb92648"
  version = "v2.2.1"

[[projects]]
  digest = "1:5f252b001e9573efb54ffae53b96bb5bfa4963afec4f35d607121ebb4a4dff81"
  name = "github.com/ulikunitz/xz"
  packages = [
    ".",
    "internal/hash",
    "internal/xlog",
    "lzma",
  ]
  pruneopts = "NUT"
  revision = "6f934d456d51e742b4eeab20d925a827ef22320a"
  version = "v0.5.6"

[[projects]]
  branch = "master"
  digest = "1:fb494fc1edc8ee33e27ab5951909d397173a77b7b17ace78b6eb08f1271b0ec3"
  name = "github.com/vincent-petithory/dataurl"
  packages = ["."]
  pruneopts = "NUT"
  revision = "d1553a71de50473073e188aa79cebf7f993f20fe"

[[projects]]
  digest = "1:e3b1a9a30daf6e9088bb2aeda3cc5806b7c361c062b10079d7ed4246e85de144"
  name = "github.com/vmihailenco/msgpack"
  packages = [
    ".",
    "codes",
  ]
  pruneopts = "NUT"
  revision = "cd92a145e6d2ce09e792f838dc0b669b680aea29"
  version = "v4.1.1"

[[projects]]
  digest = "1:33664cc0ef6c6539d84f299593b451a43f4ae62d5cf08b998de35f3537069903"
  name = "github.com/vmihailenco/tagparser"
  packages = [
    ".",
    "internal",
    "internal/parser",
  ]
  pruneopts = "NUT"
  revision = "e4b6c8cf4f3d7bb572551d5a531a9f2068b2fd6e"
  version = "v0.1.1"

[[projects]]
  digest = "1:32ee888927a9a43dee5dcf5a8c57a3e5fa393105f8023b5853531487b459a87a"
  name = "github.com/zclconf/go-cty"
  packages = [
    "cty",
    "cty/convert",
    "cty/function",
    "cty/function/stdlib",
    "cty/gocty",
    "cty/json",
    "cty/msgpack",
    "cty/set",
  ]
  pruneopts = "NUT"
  revision = "3fa637ec257c448f1a9d5d4f5496eb6253478758"
  version = "v1.2.0"

[[projects]]
  digest = "1:5d9f365c4be0f02ad29f31b0cf9269de56586f92c86459c6e4e09a1dc9ad4cc6"
  name = "github.com/zclconf/go-cty-yaml"
  packages = ["."]
  pruneopts = "NUT"
  revision = "bc34c981dadb5ed30af852693e3aba8fb6546f42"
  version = "v1.0.1"

[[projects]]
  digest = "1:58f2854b50ff8862eb6a347f20dedaac83e1166f4040472e17bc37736841a12f"
  name = "go.opencensus.io"
  packages = [
    ".",
    "internal",
    "internal/tagencoding",
    "metric/metricdata",
    "metric/metricproducer",
    "plugin/ocgrpc",
    "plugin/ochttp",
    "plugin/ochttp/propagation/b3",
    "plugin/ochttp/propagation/tracecontext",
    "resource",
    "stats",
    "stats/internal",
    "stats/view",
    "tag",
    "trace",
    "trace/internal",
    "trace/propagation",
    "trace/tracestate",
  ]
  pruneopts = "NUT"
  revision = "43463a80402d8447b7fce0d2c58edf1687ff0b58"
  version = "v0.19.3"

[[projects]]
  branch = "master"
  digest = "1:8a26b1b8a2c43b58e23bb90876623733a98f28144d005bf2bf70a536661979d0"
  name = "golang.org/x/crypto"
  packages = [
    "bcrypt",
    "blowfish",
    "cast5",
    "openpgp",
    "openpgp/armor",
    "openpgp/elgamal",
    "openpgp/errors",
    "openpgp/packet",
    "openpgp/s2k",
    "pkcs12",
    "pkcs12/internal/rc2",
  ]
  pruneopts = "NUT"
  revision = "becbf705a91575484002d598f87d74f0002801e7"

[[projects]]
  branch = "master"
  digest = "1:7b726e4be970ebfbdfd32a7b079cf4d53049e95b1b33ccd222af0d2dbef38617"
  name = "golang.org/x/exp"
  packages = [
    "apidiff",
    "cmd/apidiff",
  ]
  pruneopts = "NUT"
  revision = "1fea468a75e944dc88afb929b46fe9e7fa95f7e3"

[[projects]]
  branch = "master"
  digest = "1:5b8b10c6c3a2c1b4131a1e05de506f8a544ff4ede7cd26cdfcdef4fc2a5b1510"
  name = "golang.org/x/lint"
  packages = [
    ".",
    "golint",
  ]
  pruneopts = "NUT"
  revision = "fdd1cda4f05fd1fd86124f0ef9ce31a0b72c8448"

[[projects]]
  branch = "master"
  digest = "1:b16c67a209af9d3ecf1e09d1ccee69ae6a04a6d07763819cab2b7001e8ac21de"
  name = "golang.org/x/oauth2"
  packages = [
    ".",
    "google",
    "internal",
    "jws",
    "jwt",
  ]
  pruneopts = "NUT"
  revision = "858c2ad4c8b6c5d10852cb89079f6ca1c7309787"

[[projects]]
  branch = "master"
  digest = "1:382bb5a7fb4034db3b6a2d19e5a4a6bcf52f4750530603c01ca18a172fa3089b"
  name = "golang.org/x/sync"
  packages = ["semaphore"]
  pruneopts = "NUT"
  revision = "cd5d95a43a6e21273425c7ae415d3df9ea832eeb"

[[projects]]
  branch = "master"
  digest = "1:bf56d1df618e1d7e2b4e3340df554f9c6b2013a9e109a94b818dcfac400cf17c"
  name = "golang.org/x/sys"
  packages = [
    "unix",
    "windows",
  ]
  pruneopts = "NUT"
  revision = "c709ea063b76879dc9915358f55d4d77c16ab6d5"

[[projects]]
  digest = "1:7830f78a424682bbb7f73001fc5f2200465d940678f36b6b1f73ceffec91ceec"
  name = "golang.org/x/text"
  packages = [
    "encoding",
    "encoding/charmap",
    "encoding/internal",
    "encoding/internal/identifier",
    "internal/gen",
    "internal/triegen",
    "internal/ucd",
    "transform",
    "unicode/cldr",
    "unicode/norm",
  ]
  pruneopts = "NUT"
  revision = "342b2e1fbaa52c93f31447ad2c6abc048c63e475"
  version = "v0.3.2"

[[projects]]
  branch = "master"
  digest = "1:55a68cc594dd799a153639d71b67b03dac513f7b9e97a4cd00cd68aec5bb645c"
  name = "golang.org/x/tools"
  packages = [
    "cmd/goimports",
    "go/analysis",
    "go/analysis/passes/inspect",
    "go/ast/astutil",
    "go/ast/inspector",
    "go/buildutil",
    "go/gcexportdata",
    "go/internal/gcimporter",
    "go/internal/packagesdriver",
    "go/packages",
    "go/types/objectpath",
    "go/types/typeutil",
    "internal/fastwalk",
    "internal/gopathwalk",
    "internal/imports",
    "internal/module",
    "internal/semver",
  ]
  pruneopts = "NUT"
  revision = "dd894d0a8a40d8722c8776bc704cde618915ac73"

[[projects]]
  digest = "1:6d31851b4ec2389ce720ed103756d2a2d884322f8fc805752924912552eafa40"
  name = "google.golang.org/api"
  packages = [
    "appengine/v1",
    "bigquery/v2",
    "cloudbilling/v1",
    "cloudbuild/v1",
    "cloudfunctions/v1",
    "cloudiot/v1",
    "cloudkms/v1",
    "cloudresourcemanager/v1",
    "cloudresourcemanager/v2beta1",
    "composer/v1beta1",
    "compute/v0.beta",
    "compute/v1",
    "container/v1",
    "container/v1beta1",
    "dataflow/v1b3",
    "dataproc/v1",
    "dns/v1",
    "dns/v1beta2",
    "file/v1beta1",
    "googleapi",
    "googleapi/transport",
    "iam/v1",
    "iamcredentials/v1",
    "internal",
    "internal/gensupport",
    "internal/third_party/uritemplates",
    "iterator",
    "logging/v2",
    "option",
    "pubsub/v1",
    "runtimeconfig/v1beta1",
    "servicemanagement/v1",
    "serviceusage/v1",
    "sourcerepo/v1",
    "spanner/v1",
    "sqladmin/v1beta4",
    "storage/v1",
    "storagetransfer/v1",
    "support/bundler",
    "transport",
    "transport/grpc",
    "transport/http",
    "transport/http/internal/propagation",
  ]
  pruneopts = "NUT"
  revision = "aa5d4e47691e7ae1aebb5221ff8e4beea23fad72"
  version = "v0.15.0"

[[projects]]
  digest = "1:9b4a2276a51d8c44e100b1e8b28e1e3f4bddab79098214b17d4c7d80cfccd5ab"
  name = "google.golang.org/appengine"
  packages = [
    ".",
    "datastore",
    "datastore/internal/cloudkey",
    "datastore/internal/cloudpb",
    "internal",
    "internal/app_identity",
    "internal/base",
    "internal/datastore",
    "internal/log",
    "internal/modules",
    "internal/remote_api",
    "internal/socket",
    "internal/urlfetch",
    "socket",
    "urlfetch",
  ]
  pruneopts = "NUT"
  revision = "971852bfffca25b069c31162ae8f247a3dba083b"
  version = "v1.6.5"

[[projects]]
  branch = "master"
  digest = "1:67ab6d8063ea14c3e02399d51e677da2be3cd9e433796e7e53af0e0fce407c52"
  name = "google.golang.org/genproto"
  packages = [
    "googleapis/api/annotations",
    "googleapis/api/httpbody",
    "googleapis/bigtable/admin/v2",
    "googleapis/bigtable/v2",
    "googleapis/iam/v1",
    "googleapis/longrunning",
    "googleapis/rpc/code",
    "googleapis/rpc/status",
    "googleapis/type/expr",
    "protobuf/field_mask",
  ]
  pruneopts = "NUT"
  revision = "3caeed10a8bf5b67c6007d5b0a7016f367cedbad"

[[projects]]
  digest = "1:81fc76a3a29cafb597e19c2016c278f0ffa44c98893de090ec0c924643c68918"
  name = "google.golang.org/grpc"
  packages = [
    ".",
    "attributes",
    "backoff",
    "balancer",
    "balancer/base",
    "balancer/grpclb",
    "balancer/grpclb/grpc_lb_v1",
    "balancer/roundrobin",
    "binarylog/grpc_binarylog_v1",
    "codes",
    "connectivity",
    "credentials",
    "credentials/alts",
    "credentials/alts/internal",
    "credentials/alts/internal/authinfo",
    "credentials/alts/internal/conn",
    "credentials/alts/internal/handshaker",
    "credentials/alts/internal/handshaker/service",
    "credentials/alts/internal/proto/grpc_gcp",
    "credentials/google",
    "credentials/internal",
    "credentials/oauth",
    "encoding",
    "encoding/proto",
    "grpclog",
    "internal",
    "internal/backoff",
    "internal/balancerload",
    "internal/binarylog",
    "internal/buffer",
    "internal/channelz",
    "internal/envconfig",
    "internal/grpcrand",
    "internal/grpcsync",
    "internal/resolver/dns",
    "internal/resolver/passthrough",
    "internal/syscall",
    "internal/transport",
    "keepalive",
    "metadata",
    "naming",
    "peer",
    "resolver",
    "serviceconfig",
    "stats",
    "status",
    "tap",
  ]
  pruneopts = "NUT"
  revision = "f5b0812e6fe574d90da76b205e9eb51f6ddb1919"
  version = "v1.26.0"

[[projects]]
  digest = "1:2d1fbdc6777e5408cabeb02bf336305e724b925ff4546ded0fa8715a7267922a"
  name = "gopkg.in/inf.v0"
  packages = ["."]
  pruneopts = "NUT"
  revision = "d2d2541c53f18d2a059457998ce2876cc8e67cbf"
  version = "v0.9.1"

[[projects]]
  digest = "1:1532269ea4c7a7fcb29639a46318dd00c0f99c2f308a2a2860acf5b5354b8acc"
  name = "gopkg.in/yaml.v2"
  packages = ["."]
  pruneopts = "NUT"
  revision = "1f64d6156d11335c3f22d9330b0ad14fc1e789ce"
  version = "v2.2.7"

[[projects]]
  digest = "1:41dcca9245f5ee3e71365b39b1eed7f4c8d8d50a4c5397cd3ac21a3c7a8866ef"
  name = "honnef.co/go/tools"
  packages = [
    "arg",
    "cmd/staticcheck",
    "config",
    "deprecated",
    "facts",
    "functions",
    "go/types/typeutil",
    "internal/cache",
    "internal/passes/buildssa",
    "internal/renameio",
    "internal/sharedcheck",
    "lint",
    "lint/lintdsl",
    "lint/lintutil",
    "lint/lintutil/format",
    "loader",
    "printf",
    "simple",
    "ssa",
    "ssautil",
    "staticcheck",
    "staticcheck/vrp",
    "stylecheck",
    "unused",
    "version",
  ]
  pruneopts = "NUT"
  revision = "afd67930eec2a9ed3e9b19f684d17a062285f16a"
  version = "2019.2.3"

[[projects]]
  digest = "1:ef546fe665854f269cf3b25d018d175079cdecbeead2898766155f0b874ff1c8"
  name = "k8s.io/apimachinery"
  packages = [
    "pkg/api/resource",
    "pkg/apis/meta/v1",
    "pkg/conversion",
    "pkg/conversion/queryparams",
    "pkg/fields",
    "pkg/labels",
    "pkg/runtime",
    "pkg/runtime/schema",
    "pkg/selection",
    "pkg/types",
    "pkg/util/errors",
    "pkg/util/intstr",
    "pkg/util/json",
    "pkg/util/naming",
    "pkg/util/net",
    "pkg/util/runtime",
    "pkg/util/sets",
    "pkg/util/validation",
    "pkg/util/validation/field",
    "pkg/watch",
    "third_party/forked/golang/reflect",
  ]
  pruneopts = "NUT"
  revision = "79c2a76c473a20cdc4ce59cae4b72529b5d9d16b"
  version = "v0.17.0"

[[projects]]
  digest = "1:3a01c8d5db659f0adc6bdcb5b7087609c4318e2ac9160a73c7f173e2c232b2d4"
  name = "k8s.io/client-go"
  packages = [
    "pkg/apis/clientauthentication",
    "pkg/apis/clientauthentication/v1alpha1",
  ]
  pruneopts = "NUT"
  revision = "78d2af792babf2dd937ba2e2a8d99c753a5eda89"
  version = "v12.0.0"

[[projects]]
  digest = "1:c0693cb981f43d82a767a3217b7640a4bdb341731d3814b38602f4e5dc4f01b3"
  name = "k8s.io/klog"
  packages = ["."]
  pruneopts = "NUT"
  revision = "2ca9ad30301bf30a8a6e0fa2110db6b8df699a91"
  version = "v1.0.0"

[solve-meta]
  analyzer-name = "dep"
  analyzer-version = 1
  input-imports = [
    "github.com/Azure/azure-sdk-for-go/services/privatedns/mgmt/2018-09-01/privatedns",
    "github.com/Azure/go-autorest/autorest",
    "github.com/Azure/go-autorest/autorest/adal",
    "github.com/Azure/go-autorest/autorest/azure",
    "github.com/dmacvicar/terraform-provider-libvirt/libvirt",
    "github.com/hashicorp/go-azure-helpers/authentication",
    "github.com/openshift-metal3/terraform-provider-ironic/ironic",
    "github.com/terraform-providers/terraform-provider-aws/aws",
    "github.com/terraform-providers/terraform-provider-azurerm/azurerm",
    "github.com/terraform-providers/terraform-provider-azurerm/azurerm/helpers/azure",
    "github.com/terraform-providers/terraform-provider-azurerm/azurerm/helpers/response",
    "github.com/terraform-providers/terraform-provider-azurerm/azurerm/helpers/suppress",
    "github.com/terraform-providers/terraform-provider-azurerm/azurerm/helpers/validate",
    "github.com/terraform-providers/terraform-provider-azurerm/azurerm/utils",
    "github.com/terraform-providers/terraform-provider-azurerm/version",
    "github.com/terraform-providers/terraform-provider-google/google",
    "github.com/terraform-providers/terraform-provider-ignition/ignition",
    "github.com/terraform-providers/terraform-provider-local/local",
    "github.com/terraform-providers/terraform-provider-openstack/openstack",
    "github.com/terraform-providers/terraform-provider-random/random",
  ]
  solver-name = "gps-cdcl"
  solver-version = 1
